// !$*UTF8*$!
{
	archiveVersion = 1;
	classes = {
	};
	objectVersion = 46;
	objects = {

/* Begin PBXAggregateTarget section */
		3BA32D246AFB1FF756B155F0 /* ConvolutionReverb - All */ = {
			isa = PBXAggregateTarget;
			buildConfigurationList = 99082696977CB6EE88097FEC /* Build configuration list for PBXAggregateTarget "ConvolutionReverb - All" */;
			buildPhases = (
			);
			dependencies = (
				0D9274A84C2CB603B303DBCB /* PBXTargetDependency */,
				8B15D1003A1CD39BD3151596 /* PBXTargetDependency */,
				BE12A0D0D0C318376767D5BE /* PBXTargetDependency */,
				EF1DF4CC4316E88944038920 /* PBXTargetDependency */,
				2DE97858D90F56565E7A79B5 /* PBXTargetDependency */,
				511601DD93CCD78D8814FC0B /* PBXTargetDependency */,
			);
			name = "ConvolutionReverb - All";
			productName = ConvolutionReverb;
		};
/* End PBXAggregateTarget section */

/* Begin PBXBuildFile section */
		032B681517A4D59577672344 /* include_juce_video.mm in Sources */ = {isa = PBXBuildFile; fileRef = B5380CA4C634E8875046ECA3 /* include_juce_video.mm */; };
		05191B846424C6DC5924645E /* include_juce_data_structures.mm in Sources */ = {isa = PBXBuildFile; fileRef = DB9D24896BDD6080B9434FC8 /* include_juce_data_structures.mm */; };
		15AC3E4D01DCCAFE4509A418 /* OpenGL.framework in Frameworks */ = {isa = PBXBuildFile; fileRef = B3BCE48C8FA77800A87F8F8B /* OpenGL.framework */; };
		19FDF445208272B600B7D57C /* RecentFilesMenuTemplate.nib in Resources */ = {isa = PBXBuildFile; fileRef = 62CF9A96B19D8A963D854431 /* RecentFilesMenuTemplate.nib */; };
		19FDF446208272B600B7D57C /* Accelerate.framework in Frameworks */ = {isa = PBXBuildFile; fileRef = 7EB2E91C3D037DE560CB52B9 /* Accelerate.framework */; };
		19FDF447208272B600B7D57C /* AudioToolbox.framework in Frameworks */ = {isa = PBXBuildFile; fileRef = 7AF43D6E41E1BA76E7371E65 /* AudioToolbox.framework */; };
		19FDF448208272B600B7D57C /* AVFoundation.framework in Frameworks */ = {isa = PBXBuildFile; fileRef = F92C2497EB11C130C619EDDA /* AVFoundation.framework */; };
		19FDF449208272B600B7D57C /* AVKit.framework in Frameworks */ = {isa = PBXBuildFile; fileRef = 8B71235F6353A40B5D1639F9 /* AVKit.framework */; };
		19FDF44A208272B600B7D57C /* Carbon.framework in Frameworks */ = {isa = PBXBuildFile; fileRef = A668D034F5BC6B34A1295A6A /* Carbon.framework */; };
		19FDF44B208272B600B7D57C /* Cocoa.framework in Frameworks */ = {isa = PBXBuildFile; fileRef = 685902122DEACB8AE985AF18 /* Cocoa.framework */; };
		19FDF44C208272B600B7D57C /* CoreAudio.framework in Frameworks */ = {isa = PBXBuildFile; fileRef = F322A6C9F26D237785B71A46 /* CoreAudio.framework */; };
		19FDF44D208272B600B7D57C /* CoreMedia.framework in Frameworks */ = {isa = PBXBuildFile; fileRef = A9494D490ACF701A2E1DA6E0 /* CoreMedia.framework */; };
		19FDF44E208272B600B7D57C /* CoreMIDI.framework in Frameworks */ = {isa = PBXBuildFile; fileRef = 2DD361A8D9A5232B6F68C4D6 /* CoreMIDI.framework */; };
		19FDF44F208272B600B7D57C /* DiscRecording.framework in Frameworks */ = {isa = PBXBuildFile; fileRef = 431A6BB75E92FEDEC25C4E52 /* DiscRecording.framework */; };
		19FDF450208272B600B7D57C /* IOKit.framework in Frameworks */ = {isa = PBXBuildFile; fileRef = F1BE1D6D4DC168CA0C58BE07 /* IOKit.framework */; };
		19FDF451208272B600B7D57C /* OpenGL.framework in Frameworks */ = {isa = PBXBuildFile; fileRef = B3BCE48C8FA77800A87F8F8B /* OpenGL.framework */; };
		19FDF452208272B600B7D57C /* QuartzCore.framework in Frameworks */ = {isa = PBXBuildFile; fileRef = 3FFA49CC29AD53B4D6B623AF /* QuartzCore.framework */; };
		19FDF453208272B600B7D57C /* WebKit.framework in Frameworks */ = {isa = PBXBuildFile; fileRef = 6D43CF0B0CBE04CA3880D4D5 /* WebKit.framework */; };
		19FDF454208272B600B7D57C /* RecentFilesMenuTemplate.nib in Resources */ = {isa = PBXBuildFile; fileRef = 62CF9A96B19D8A963D854431 /* RecentFilesMenuTemplate.nib */; };
		19FDF455208272B600B7D57C /* Accelerate.framework in Frameworks */ = {isa = PBXBuildFile; fileRef = 7EB2E91C3D037DE560CB52B9 /* Accelerate.framework */; };
		19FDF456208272B600B7D57C /* AudioToolbox.framework in Frameworks */ = {isa = PBXBuildFile; fileRef = 7AF43D6E41E1BA76E7371E65 /* AudioToolbox.framework */; };
		19FDF457208272B600B7D57C /* AVFoundation.framework in Frameworks */ = {isa = PBXBuildFile; fileRef = F92C2497EB11C130C619EDDA /* AVFoundation.framework */; };
		19FDF458208272B600B7D57C /* AVKit.framework in Frameworks */ = {isa = PBXBuildFile; fileRef = 8B71235F6353A40B5D1639F9 /* AVKit.framework */; };
		19FDF459208272B600B7D57C /* Carbon.framework in Frameworks */ = {isa = PBXBuildFile; fileRef = A668D034F5BC6B34A1295A6A /* Carbon.framework */; };
		19FDF45A208272B600B7D57C /* Cocoa.framework in Frameworks */ = {isa = PBXBuildFile; fileRef = 685902122DEACB8AE985AF18 /* Cocoa.framework */; };
		19FDF45B208272B600B7D57C /* CoreAudio.framework in Frameworks */ = {isa = PBXBuildFile; fileRef = F322A6C9F26D237785B71A46 /* CoreAudio.framework */; };
		19FDF45C208272B600B7D57C /* CoreMedia.framework in Frameworks */ = {isa = PBXBuildFile; fileRef = A9494D490ACF701A2E1DA6E0 /* CoreMedia.framework */; };
		19FDF45D208272B600B7D57C /* CoreMIDI.framework in Frameworks */ = {isa = PBXBuildFile; fileRef = 2DD361A8D9A5232B6F68C4D6 /* CoreMIDI.framework */; };
		19FDF45E208272B600B7D57C /* DiscRecording.framework in Frameworks */ = {isa = PBXBuildFile; fileRef = 431A6BB75E92FEDEC25C4E52 /* DiscRecording.framework */; };
		19FDF45F208272B600B7D57C /* IOKit.framework in Frameworks */ = {isa = PBXBuildFile; fileRef = F1BE1D6D4DC168CA0C58BE07 /* IOKit.framework */; };
		19FDF460208272B600B7D57C /* OpenGL.framework in Frameworks */ = {isa = PBXBuildFile; fileRef = B3BCE48C8FA77800A87F8F8B /* OpenGL.framework */; };
		19FDF461208272B600B7D57C /* QuartzCore.framework in Frameworks */ = {isa = PBXBuildFile; fileRef = 3FFA49CC29AD53B4D6B623AF /* QuartzCore.framework */; };
		19FDF462208272B600B7D57C /* WebKit.framework in Frameworks */ = {isa = PBXBuildFile; fileRef = 6D43CF0B0CBE04CA3880D4D5 /* WebKit.framework */; };
		19FDF463208272B600B7D57C /* RecentFilesMenuTemplate.nib in Resources */ = {isa = PBXBuildFile; fileRef = 62CF9A96B19D8A963D854431 /* RecentFilesMenuTemplate.nib */; };
		19FDF464208272B600B7D57C /* Accelerate.framework in Frameworks */ = {isa = PBXBuildFile; fileRef = 7EB2E91C3D037DE560CB52B9 /* Accelerate.framework */; };
		19FDF465208272B600B7D57C /* AudioToolbox.framework in Frameworks */ = {isa = PBXBuildFile; fileRef = 7AF43D6E41E1BA76E7371E65 /* AudioToolbox.framework */; };
		19FDF466208272B600B7D57C /* AVFoundation.framework in Frameworks */ = {isa = PBXBuildFile; fileRef = F92C2497EB11C130C619EDDA /* AVFoundation.framework */; };
		19FDF467208272B600B7D57C /* AVKit.framework in Frameworks */ = {isa = PBXBuildFile; fileRef = 8B71235F6353A40B5D1639F9 /* AVKit.framework */; };
		19FDF468208272B600B7D57C /* Carbon.framework in Frameworks */ = {isa = PBXBuildFile; fileRef = A668D034F5BC6B34A1295A6A /* Carbon.framework */; };
		19FDF469208272B600B7D57C /* Cocoa.framework in Frameworks */ = {isa = PBXBuildFile; fileRef = 685902122DEACB8AE985AF18 /* Cocoa.framework */; };
		19FDF46A208272B600B7D57C /* CoreAudio.framework in Frameworks */ = {isa = PBXBuildFile; fileRef = F322A6C9F26D237785B71A46 /* CoreAudio.framework */; };
		19FDF46B208272B600B7D57C /* CoreMedia.framework in Frameworks */ = {isa = PBXBuildFile; fileRef = A9494D490ACF701A2E1DA6E0 /* CoreMedia.framework */; };
		19FDF46C208272B600B7D57C /* CoreMIDI.framework in Frameworks */ = {isa = PBXBuildFile; fileRef = 2DD361A8D9A5232B6F68C4D6 /* CoreMIDI.framework */; };
		19FDF46D208272B600B7D57C /* DiscRecording.framework in Frameworks */ = {isa = PBXBuildFile; fileRef = 431A6BB75E92FEDEC25C4E52 /* DiscRecording.framework */; };
		19FDF46E208272B600B7D57C /* IOKit.framework in Frameworks */ = {isa = PBXBuildFile; fileRef = F1BE1D6D4DC168CA0C58BE07 /* IOKit.framework */; };
		19FDF46F208272B600B7D57C /* OpenGL.framework in Frameworks */ = {isa = PBXBuildFile; fileRef = B3BCE48C8FA77800A87F8F8B /* OpenGL.framework */; };
		19FDF470208272B600B7D57C /* QuartzCore.framework in Frameworks */ = {isa = PBXBuildFile; fileRef = 3FFA49CC29AD53B4D6B623AF /* QuartzCore.framework */; };
		19FDF471208272B600B7D57C /* WebKit.framework in Frameworks */ = {isa = PBXBuildFile; fileRef = 6D43CF0B0CBE04CA3880D4D5 /* WebKit.framework */; };
		19FDF472208272B600B7D57C /* RecentFilesMenuTemplate.nib in Resources */ = {isa = PBXBuildFile; fileRef = 62CF9A96B19D8A963D854431 /* RecentFilesMenuTemplate.nib */; };
		19FDF473208272B600B7D57C /* Accelerate.framework in Frameworks */ = {isa = PBXBuildFile; fileRef = 7EB2E91C3D037DE560CB52B9 /* Accelerate.framework */; };
		19FDF474208272B600B7D57C /* AudioToolbox.framework in Frameworks */ = {isa = PBXBuildFile; fileRef = 7AF43D6E41E1BA76E7371E65 /* AudioToolbox.framework */; };
		19FDF475208272B600B7D57C /* AVFoundation.framework in Frameworks */ = {isa = PBXBuildFile; fileRef = F92C2497EB11C130C619EDDA /* AVFoundation.framework */; };
		19FDF476208272B600B7D57C /* AVKit.framework in Frameworks */ = {isa = PBXBuildFile; fileRef = 8B71235F6353A40B5D1639F9 /* AVKit.framework */; };
		19FDF477208272B600B7D57C /* Carbon.framework in Frameworks */ = {isa = PBXBuildFile; fileRef = A668D034F5BC6B34A1295A6A /* Carbon.framework */; };
		19FDF478208272B600B7D57C /* Cocoa.framework in Frameworks */ = {isa = PBXBuildFile; fileRef = 685902122DEACB8AE985AF18 /* Cocoa.framework */; };
		19FDF479208272B600B7D57C /* CoreAudio.framework in Frameworks */ = {isa = PBXBuildFile; fileRef = F322A6C9F26D237785B71A46 /* CoreAudio.framework */; };
		19FDF47A208272B600B7D57C /* CoreMedia.framework in Frameworks */ = {isa = PBXBuildFile; fileRef = A9494D490ACF701A2E1DA6E0 /* CoreMedia.framework */; };
		19FDF47B208272B600B7D57C /* CoreMIDI.framework in Frameworks */ = {isa = PBXBuildFile; fileRef = 2DD361A8D9A5232B6F68C4D6 /* CoreMIDI.framework */; };
		19FDF47C208272B600B7D57C /* DiscRecording.framework in Frameworks */ = {isa = PBXBuildFile; fileRef = 431A6BB75E92FEDEC25C4E52 /* DiscRecording.framework */; };
		19FDF47D208272B600B7D57C /* IOKit.framework in Frameworks */ = {isa = PBXBuildFile; fileRef = F1BE1D6D4DC168CA0C58BE07 /* IOKit.framework */; };
		19FDF47E208272B600B7D57C /* OpenGL.framework in Frameworks */ = {isa = PBXBuildFile; fileRef = B3BCE48C8FA77800A87F8F8B /* OpenGL.framework */; };
		19FDF47F208272B600B7D57C /* QuartzCore.framework in Frameworks */ = {isa = PBXBuildFile; fileRef = 3FFA49CC29AD53B4D6B623AF /* QuartzCore.framework */; };
		19FDF480208272B600B7D57C /* WebKit.framework in Frameworks */ = {isa = PBXBuildFile; fileRef = 6D43CF0B0CBE04CA3880D4D5 /* WebKit.framework */; };
		19FDF4882082778E00B7D57C /* libfftw3f.a in Frameworks */ = {isa = PBXBuildFile; fileRef = 19FDF4872082778E00B7D57C /* libfftw3f.a */; };
		19FDF48A2082779C00B7D57C /* libfftw3.a in Frameworks */ = {isa = PBXBuildFile; fileRef = 19FDF4892082779C00B7D57C /* libfftw3.a */; };
		19FDF48B2082B1AA00B7D57C /* libfftw3.a in Frameworks */ = {isa = PBXBuildFile; fileRef = 19FDF4892082779C00B7D57C /* libfftw3.a */; };
		19FDF48C2082B1B800B7D57C /* libfftw3f.a in Frameworks */ = {isa = PBXBuildFile; fileRef = 19FDF4872082778E00B7D57C /* libfftw3f.a */; };
		19FDF48D2082B1C500B7D57C /* libfftw3.a in Frameworks */ = {isa = PBXBuildFile; fileRef = 19FDF4892082779C00B7D57C /* libfftw3.a */; };
		19FDF48E2082B1D300B7D57C /* libfftw3f.a in Frameworks */ = {isa = PBXBuildFile; fileRef = 19FDF4872082778E00B7D57C /* libfftw3f.a */; };
		19FDF48F2082B22000B7D57C /* libfftw3.a in Frameworks */ = {isa = PBXBuildFile; fileRef = 19FDF4892082779C00B7D57C /* libfftw3.a */; };
		19FDF4902082B22900B7D57C /* libfftw3f.a in Frameworks */ = {isa = PBXBuildFile; fileRef = 19FDF4872082778E00B7D57C /* libfftw3f.a */; };
		1BD3A393A441751D8657624C /* include_juce_audio_plugin_client_AU_2.mm in Sources */ = {isa = PBXBuildFile; fileRef = 5D4E78839F81AE4B2094C624 /* include_juce_audio_plugin_client_AU_2.mm */; };
		21D16C6642F2621B4083DBC9 /* include_juce_audio_plugin_client_utils.cpp in Sources */ = {isa = PBXBuildFile; fileRef = F2F7865DC5745429D6A9F527 /* include_juce_audio_plugin_client_utils.cpp */; };
		247BA63427B9E21CF361F819 /* PluginProcessor.cpp in Sources */ = {isa = PBXBuildFile; fileRef = 3E6B1C3D119C2CB08BA29E12 /* PluginProcessor.cpp */; };
		26A666F661AA28CCE3C06F10 /* CoreMedia.framework in Frameworks */ = {isa = PBXBuildFile; fileRef = A9494D490ACF701A2E1DA6E0 /* CoreMedia.framework */; };
		2BBB09570C8BCA1AC46957E9 /* QuartzCore.framework in Frameworks */ = {isa = PBXBuildFile; fileRef = 3FFA49CC29AD53B4D6B623AF /* QuartzCore.framework */; };
		2D06DD62F42BC6B06AA1A801 /* CoreMIDI.framework in Frameworks */ = {isa = PBXBuildFile; fileRef = 2DD361A8D9A5232B6F68C4D6 /* CoreMIDI.framework */; };
		345B25B4593F72C91ED4EB40 /* RecentFilesMenuTemplate.nib in Resources */ = {isa = PBXBuildFile; fileRef = 62CF9A96B19D8A963D854431 /* RecentFilesMenuTemplate.nib */; };
		38394881C743C2D909EB07EC /* include_juce_audio_plugin_client_AAX.mm in Sources */ = {isa = PBXBuildFile; fileRef = 528EFAB790AFDBB31F2E6815 /* include_juce_audio_plugin_client_AAX.mm */; };
		3CD0E0D8356C6C60EF6AD40D /* include_juce_audio_plugin_client_VST3.cpp in Sources */ = {isa = PBXBuildFile; fileRef = 093C2F59496E7DE5EF6CC5E3 /* include_juce_audio_plugin_client_VST3.cpp */; };
		41C96F1CF2055495149F9694 /* AVKit.framework in Frameworks */ = {isa = PBXBuildFile; fileRef = 8B71235F6353A40B5D1639F9 /* AVKit.framework */; };
		52FC49511F07B155405CB3C3 /* PluginEditor.cpp in Sources */ = {isa = PBXBuildFile; fileRef = F92ED9E06122C68310BD3338 /* PluginEditor.cpp */; };
		59F26C399FDF3B6C02404B42 /* include_juce_audio_plugin_client_VST_utils.mm in Sources */ = {isa = PBXBuildFile; fileRef = 988D5B3218F0EB183DC28023 /* include_juce_audio_plugin_client_VST_utils.mm */; };
		5A5E63E3B32720EA965228C8 /* include_juce_audio_plugin_client_Standalone.cpp in Sources */ = {isa = PBXBuildFile; fileRef = 221E9EFE8747A0DA892C1AFA /* include_juce_audio_plugin_client_Standalone.cpp */; };
		5C50EB6E5E12E3E803A3187F /* include_juce_opengl.mm in Sources */ = {isa = PBXBuildFile; fileRef = 9F85991AB7F839CD8EA0175C /* include_juce_opengl.mm */; };
		6373C990325437926773B9F1 /* Carbon.framework in Frameworks */ = {isa = PBXBuildFile; fileRef = A668D034F5BC6B34A1295A6A /* Carbon.framework */; };
		682D65A5717F46250ADEB859 /* include_juce_audio_basics.mm in Sources */ = {isa = PBXBuildFile; fileRef = 28000CDDB7F70D0A0B938DDB /* include_juce_audio_basics.mm */; };
		6972DF6460264555F13B0F0A /* include_juce_audio_plugin_client_VST2.cpp in Sources */ = {isa = PBXBuildFile; fileRef = 31E33796F47B2E4070FAF0A6 /* include_juce_audio_plugin_client_VST2.cpp */; };
		6BB9A9C85CD4B65CE3BC47B8 /* Accelerate.framework in Frameworks */ = {isa = PBXBuildFile; fileRef = 7EB2E91C3D037DE560CB52B9 /* Accelerate.framework */; };
		6FFF13F5933B3DC7F0288074 /* CoreAudioKit.framework in Frameworks */ = {isa = PBXBuildFile; fileRef = F8A506EBFF6D13C59222DD54 /* CoreAudioKit.framework */; };
		768E6594BA57A090558C5DF8 /* include_juce_audio_devices.mm in Sources */ = {isa = PBXBuildFile; fileRef = 74A121AE4C2986E68C361310 /* include_juce_audio_devices.mm */; };
		7A12227F40DC6B2ECB7FD24C /* include_juce_cryptography.mm in Sources */ = {isa = PBXBuildFile; fileRef = 0361CD702F64541AB6931B31 /* include_juce_cryptography.mm */; };
		9E1090F1B335911648031AD4 /* AudioUnit.framework in Frameworks */ = {isa = PBXBuildFile; fileRef = C244EC67DB49E014D8038311 /* AudioUnit.framework */; };
		9F32AB551BB53645BF5F6821 /* AudioToolbox.framework in Frameworks */ = {isa = PBXBuildFile; fileRef = 7AF43D6E41E1BA76E7371E65 /* AudioToolbox.framework */; };
		9F6DF8699C455F04F0CDB7BE /* include_juce_core.mm in Sources */ = {isa = PBXBuildFile; fileRef = 782CA7155D727009CBDD10DF /* include_juce_core.mm */; };
		AC15EDF183CA7CCA122B396F /* include_juce_gui_extra.mm in Sources */ = {isa = PBXBuildFile; fileRef = 5342538E0CF2751733DCABC5 /* include_juce_gui_extra.mm */; };
		B6FA92C4B70B63C70E999407 /* include_juce_graphics.mm in Sources */ = {isa = PBXBuildFile; fileRef = 2EBDE20C4F8021AEDE8C0EB5 /* include_juce_graphics.mm */; };
		B9BA50729AFE05C905516319 /* include_juce_gui_basics.mm in Sources */ = {isa = PBXBuildFile; fileRef = 83E937BF1428C96389EE12CA /* include_juce_gui_basics.mm */; };
		BDF1B36D506F5780C599DA40 /* include_juce_audio_processors.mm in Sources */ = {isa = PBXBuildFile; fileRef = 61DD41DF6CD4C4FACC4677ED /* include_juce_audio_processors.mm */; };
		CCDA6B2B1D74468443DB1E42 /* include_juce_audio_formats.mm in Sources */ = {isa = PBXBuildFile; fileRef = 6F36F53F97877BFAAFB7C460 /* include_juce_audio_formats.mm */; };
		D6D58DBDE745FEB54132234D /* DiscRecording.framework in Frameworks */ = {isa = PBXBuildFile; fileRef = 431A6BB75E92FEDEC25C4E52 /* DiscRecording.framework */; };
		D6F7A78C4A0A32386687A7CD /* AVFoundation.framework in Frameworks */ = {isa = PBXBuildFile; fileRef = F92C2497EB11C130C619EDDA /* AVFoundation.framework */; };
		DE286E4759906B1FEF273C18 /* IOKit.framework in Frameworks */ = {isa = PBXBuildFile; fileRef = F1BE1D6D4DC168CA0C58BE07 /* IOKit.framework */; };
		DFE247CCA84D476DD96B9C96 /* include_juce_audio_utils.mm in Sources */ = {isa = PBXBuildFile; fileRef = 66358615F208F6A4FB776250 /* include_juce_audio_utils.mm */; };
		E1A78F143E323A1300100DAF /* Cocoa.framework in Frameworks */ = {isa = PBXBuildFile; fileRef = 685902122DEACB8AE985AF18 /* Cocoa.framework */; };
		E54CE124AEB153B3E212B5F5 /* WebKit.framework in Frameworks */ = {isa = PBXBuildFile; fileRef = 6D43CF0B0CBE04CA3880D4D5 /* WebKit.framework */; };
		E9D94AA79BFC1DC3614D8E49 /* include_juce_audio_plugin_client_AU_1.mm in Sources */ = {isa = PBXBuildFile; fileRef = B4FE561594C2EFA82D995F9D /* include_juce_audio_plugin_client_AU_1.mm */; };
		F5CCB6F29593269CA691525F /* CoreAudio.framework in Frameworks */ = {isa = PBXBuildFile; fileRef = F322A6C9F26D237785B71A46 /* CoreAudio.framework */; };
		F85E3D9B6BC650CA746EA2AB /* include_juce_audio_plugin_client_AU.r in Rez */ = {isa = PBXBuildFile; fileRef = 76E759903180E48622B50335 /* include_juce_audio_plugin_client_AU.r */; };
		FA453B5A25F4AF96DC3F656F /* include_juce_events.mm in Sources */ = {isa = PBXBuildFile; fileRef = 41B26A95A240EDEA6E3DB269 /* include_juce_events.mm */; };
/* End PBXBuildFile section */

/* Begin PBXContainerItemProxy section */
		19FDF481208272B600B7D57C /* PBXContainerItemProxy */ = {
			isa = PBXContainerItemProxy;
			containerPortal = EC8AD3C2A3C7AA0C4103E08A /* Project object */;
			proxyType = 1;
			remoteGlobalIDString = 9F407691CDDBCB1A068BA847;
			remoteInfo = "ConvolutionReverb - VST";
		};
		19FDF482208272B600B7D57C /* PBXContainerItemProxy */ = {
			isa = PBXContainerItemProxy;
			containerPortal = EC8AD3C2A3C7AA0C4103E08A /* Project object */;
			proxyType = 1;
			remoteGlobalIDString = B3C5EF414C26BC740EE3D89A;
			remoteInfo = "ConvolutionReverb - Shared Code";
		};
		19FDF483208272B600B7D57C /* PBXContainerItemProxy */ = {
			isa = PBXContainerItemProxy;
			containerPortal = EC8AD3C2A3C7AA0C4103E08A /* Project object */;
			proxyType = 1;
			remoteGlobalIDString = A96BA10E64119534B8C7BBB1;
			remoteInfo = "ConvolutionReverb - VST3";
		};
		19FDF484208272B600B7D57C /* PBXContainerItemProxy */ = {
			isa = PBXContainerItemProxy;
			containerPortal = EC8AD3C2A3C7AA0C4103E08A /* Project object */;
			proxyType = 1;
			remoteGlobalIDString = 11DDEA7B54726AB0B1D2D6A3;
			remoteInfo = "ConvolutionReverb - AAX";
		};
		19FDF485208272B600B7D57C /* PBXContainerItemProxy */ = {
			isa = PBXContainerItemProxy;
			containerPortal = EC8AD3C2A3C7AA0C4103E08A /* Project object */;
			proxyType = 1;
			remoteGlobalIDString = EA25F25BF9F369292ABB752B;
			remoteInfo = "ConvolutionReverb - AU";
		};
		19FDF486208272B600B7D57C /* PBXContainerItemProxy */ = {
			isa = PBXContainerItemProxy;
			containerPortal = EC8AD3C2A3C7AA0C4103E08A /* Project object */;
			proxyType = 1;
			remoteGlobalIDString = CD0B8D8E821AE7E248509271;
			remoteInfo = "ConvolutionReverb - Standalone Plugin";
		};
/* End PBXContainerItemProxy section */

/* Begin PBXFileReference section */
		0361CD702F64541AB6931B31 /* include_juce_cryptography.mm */ = {isa = PBXFileReference; lastKnownFileType = sourcecode.cpp.objcpp; name = include_juce_cryptography.mm; path = ../../JuceLibraryCode/include_juce_cryptography.mm; sourceTree = SOURCE_ROOT; };
		093C2F59496E7DE5EF6CC5E3 /* include_juce_audio_plugin_client_VST3.cpp */ = {isa = PBXFileReference; lastKnownFileType = sourcecode.cpp.cpp; name = include_juce_audio_plugin_client_VST3.cpp; path = ../../JuceLibraryCode/include_juce_audio_plugin_client_VST3.cpp; sourceTree = SOURCE_ROOT; };
		0C153FB70E90E81A17F41E7A /* juce_audio_basics */ = {isa = PBXFileReference; lastKnownFileType = text; name = juce_audio_basics; path = "~/JUCE/modules/juce_audio_basics"; sourceTree = "<absolute>"; };
		15D8D155218E51D50A637276 /* AppConfig.h */ = {isa = PBXFileReference; lastKnownFileType = sourcecode.c.h; name = AppConfig.h; path = ../../JuceLibraryCode/AppConfig.h; sourceTree = SOURCE_ROOT; };
		16A61A4AE9F6F21B27E9E473 /* TextFormattedSlider.h */ = {isa = PBXFileReference; lastKnownFileType = sourcecode.c.h; name = TextFormattedSlider.h; path = ../../Source/TextFormattedSlider.h; sourceTree = SOURCE_ROOT; };
		17DB9836B5788D88F3AE2074 /* juce_events */ = {isa = PBXFileReference; lastKnownFileType = text; name = juce_events; path = "~/JUCE/modules/juce_events"; sourceTree = "<absolute>"; };
		18DB2F26AFDB6E2C792FD7BD /* ConvolutionReverb.aaxplugin */ = {isa = PBXFileReference; explicitFileType = wrapper.cfbundle; includeInIndex = 0; path = ConvolutionReverb.aaxplugin; sourceTree = BUILT_PRODUCTS_DIR; };
		19FDF4872082778E00B7D57C /* libfftw3f.a */ = {isa = PBXFileReference; lastKnownFileType = archive.ar; name = libfftw3f.a; path = ../../../../../../usr/local/lib/libfftw3f.a; sourceTree = "<group>"; };
		19FDF4892082779C00B7D57C /* libfftw3.a */ = {isa = PBXFileReference; lastKnownFileType = archive.ar; name = libfftw3.a; path = ../../../../../../usr/local/Cellar/fftw/3.3.7_1/lib/libfftw3.a; sourceTree = "<group>"; };
		1FD920D659A7090492780F73 /* libConvolutionReverb.a */ = {isa = PBXFileReference; explicitFileType = archive.ar; includeInIndex = 0; path = libConvolutionReverb.a; sourceTree = BUILT_PRODUCTS_DIR; };
		221E9EFE8747A0DA892C1AFA /* include_juce_audio_plugin_client_Standalone.cpp */ = {isa = PBXFileReference; lastKnownFileType = sourcecode.cpp.cpp; name = include_juce_audio_plugin_client_Standalone.cpp; path = ../../JuceLibraryCode/include_juce_audio_plugin_client_Standalone.cpp; sourceTree = SOURCE_ROOT; };
		235562D3542B04FA5B4D1943 /* juce_audio_formats */ = {isa = PBXFileReference; lastKnownFileType = text; name = juce_audio_formats; path = "~/JUCE/modules/juce_audio_formats"; sourceTree = "<absolute>"; };
		28000CDDB7F70D0A0B938DDB /* include_juce_audio_basics.mm */ = {isa = PBXFileReference; lastKnownFileType = sourcecode.cpp.objcpp; name = include_juce_audio_basics.mm; path = ../../JuceLibraryCode/include_juce_audio_basics.mm; sourceTree = SOURCE_ROOT; };
		288AC60DD1140516BF561166 /* PluginEditor.h */ = {isa = PBXFileReference; lastKnownFileType = sourcecode.c.h; name = PluginEditor.h; path = ../../Source/PluginEditor.h; sourceTree = SOURCE_ROOT; };
		2C692CF1F179EA6F099D9B2D /* juce_gui_extra */ = {isa = PBXFileReference; lastKnownFileType = text; name = juce_gui_extra; path = "~/JUCE/modules/juce_gui_extra"; sourceTree = "<absolute>"; };
		2DD361A8D9A5232B6F68C4D6 /* CoreMIDI.framework */ = {isa = PBXFileReference; lastKnownFileType = wrapper.framework; name = CoreMIDI.framework; path = System/Library/Frameworks/CoreMIDI.framework; sourceTree = SDKROOT; };
		2EBDE20C4F8021AEDE8C0EB5 /* include_juce_graphics.mm */ = {isa = PBXFileReference; lastKnownFileType = sourcecode.cpp.objcpp; name = include_juce_graphics.mm; path = ../../JuceLibraryCode/include_juce_graphics.mm; sourceTree = SOURCE_ROOT; };
		2F933072BD360A24B008AB93 /* juce_audio_processors */ = {isa = PBXFileReference; lastKnownFileType = text; name = juce_audio_processors; path = "~/JUCE/modules/juce_audio_processors"; sourceTree = "<absolute>"; };
		31E33796F47B2E4070FAF0A6 /* include_juce_audio_plugin_client_VST2.cpp */ = {isa = PBXFileReference; lastKnownFileType = sourcecode.cpp.cpp; name = include_juce_audio_plugin_client_VST2.cpp; path = ../../JuceLibraryCode/include_juce_audio_plugin_client_VST2.cpp; sourceTree = SOURCE_ROOT; };
		334D6F246F247C6CB4C6484E /* juce_video */ = {isa = PBXFileReference; lastKnownFileType = text; name = juce_video; path = "~/JUCE/modules/juce_video"; sourceTree = "<absolute>"; };
		38FAC9B92A980F4DC660A59A /* juce_opengl */ = {isa = PBXFileReference; lastKnownFileType = text; name = juce_opengl; path = "~/JUCE/modules/juce_opengl"; sourceTree = "<absolute>"; };
		3C3BA68C6EAC2CAD2F66D1FF /* ConvolutionReverb.component */ = {isa = PBXFileReference; explicitFileType = wrapper.cfbundle; includeInIndex = 0; path = ConvolutionReverb.component; sourceTree = BUILT_PRODUCTS_DIR; };
		3E6B1C3D119C2CB08BA29E12 /* PluginProcessor.cpp */ = {isa = PBXFileReference; lastKnownFileType = sourcecode.cpp.cpp; name = PluginProcessor.cpp; path = ../../Source/PluginProcessor.cpp; sourceTree = SOURCE_ROOT; };
		3E9F35A9CD63E82444F46DD8 /* PluginProcessor.h */ = {isa = PBXFileReference; lastKnownFileType = sourcecode.c.h; name = PluginProcessor.h; path = ../../Source/PluginProcessor.h; sourceTree = SOURCE_ROOT; };
		3FFA49CC29AD53B4D6B623AF /* QuartzCore.framework */ = {isa = PBXFileReference; lastKnownFileType = wrapper.framework; name = QuartzCore.framework; path = System/Library/Frameworks/QuartzCore.framework; sourceTree = SDKROOT; };
		41B26A95A240EDEA6E3DB269 /* include_juce_events.mm */ = {isa = PBXFileReference; lastKnownFileType = sourcecode.cpp.objcpp; name = include_juce_events.mm; path = ../../JuceLibraryCode/include_juce_events.mm; sourceTree = SOURCE_ROOT; };
		422131C020139F42B6D512EB /* Info-VST3.plist */ = {isa = PBXFileReference; lastKnownFileType = text.plist.xml; path = "Info-VST3.plist"; sourceTree = SOURCE_ROOT; };
		431A6BB75E92FEDEC25C4E52 /* DiscRecording.framework */ = {isa = PBXFileReference; lastKnownFileType = wrapper.framework; name = DiscRecording.framework; path = System/Library/Frameworks/DiscRecording.framework; sourceTree = SDKROOT; };
		528EFAB790AFDBB31F2E6815 /* include_juce_audio_plugin_client_AAX.mm */ = {isa = PBXFileReference; lastKnownFileType = sourcecode.cpp.objcpp; name = include_juce_audio_plugin_client_AAX.mm; path = ../../JuceLibraryCode/include_juce_audio_plugin_client_AAX.mm; sourceTree = SOURCE_ROOT; };
		5342538E0CF2751733DCABC5 /* include_juce_gui_extra.mm */ = {isa = PBXFileReference; lastKnownFileType = sourcecode.cpp.objcpp; name = include_juce_gui_extra.mm; path = ../../JuceLibraryCode/include_juce_gui_extra.mm; sourceTree = SOURCE_ROOT; };
		57A29B5F844E2EF09159C3C2 /* ReverbProcessor.h */ = {isa = PBXFileReference; lastKnownFileType = sourcecode.c.h; name = ReverbProcessor.h; path = ../../Source/ReverbProcessor.h; sourceTree = SOURCE_ROOT; };
		5AD8EF85DB259440EF8FD5BF /* FileBuffer.h */ = {isa = PBXFileReference; lastKnownFileType = sourcecode.c.h; name = FileBuffer.h; path = ../../Source/FileBuffer.h; sourceTree = SOURCE_ROOT; };
		5B72F13BA78F5A4CA1A5C324 /* Info-Standalone_Plugin.plist */ = {isa = PBXFileReference; lastKnownFileType = text.plist.xml; path = "Info-Standalone_Plugin.plist"; sourceTree = SOURCE_ROOT; };
		5D4E78839F81AE4B2094C624 /* include_juce_audio_plugin_client_AU_2.mm */ = {isa = PBXFileReference; lastKnownFileType = sourcecode.cpp.objcpp; name = include_juce_audio_plugin_client_AU_2.mm; path = ../../JuceLibraryCode/include_juce_audio_plugin_client_AU_2.mm; sourceTree = SOURCE_ROOT; };
		61DD41DF6CD4C4FACC4677ED /* include_juce_audio_processors.mm */ = {isa = PBXFileReference; lastKnownFileType = sourcecode.cpp.objcpp; name = include_juce_audio_processors.mm; path = ../../JuceLibraryCode/include_juce_audio_processors.mm; sourceTree = SOURCE_ROOT; };
		62CF9A96B19D8A963D854431 /* RecentFilesMenuTemplate.nib */ = {isa = PBXFileReference; lastKnownFileType = file.nib; path = RecentFilesMenuTemplate.nib; sourceTree = SOURCE_ROOT; };
		66358615F208F6A4FB776250 /* include_juce_audio_utils.mm */ = {isa = PBXFileReference; lastKnownFileType = sourcecode.cpp.objcpp; name = include_juce_audio_utils.mm; path = ../../JuceLibraryCode/include_juce_audio_utils.mm; sourceTree = SOURCE_ROOT; };
		685902122DEACB8AE985AF18 /* Cocoa.framework */ = {isa = PBXFileReference; lastKnownFileType = wrapper.framework; name = Cocoa.framework; path = System/Library/Frameworks/Cocoa.framework; sourceTree = SDKROOT; };
		69BB169DF6B28766081344DF /* juce_cryptography */ = {isa = PBXFileReference; lastKnownFileType = text; name = juce_cryptography; path = "~/JUCE/modules/juce_cryptography"; sourceTree = "<absolute>"; };
		6BC9C1D904DCE5DFD243FD1A /* Info-AU.plist */ = {isa = PBXFileReference; lastKnownFileType = text.plist.xml; path = "Info-AU.plist"; sourceTree = SOURCE_ROOT; };
		6D43CF0B0CBE04CA3880D4D5 /* WebKit.framework */ = {isa = PBXFileReference; lastKnownFileType = wrapper.framework; name = WebKit.framework; path = System/Library/Frameworks/WebKit.framework; sourceTree = SDKROOT; };
		6F36F53F97877BFAAFB7C460 /* include_juce_audio_formats.mm */ = {isa = PBXFileReference; lastKnownFileType = sourcecode.cpp.objcpp; name = include_juce_audio_formats.mm; path = ../../JuceLibraryCode/include_juce_audio_formats.mm; sourceTree = SOURCE_ROOT; };
		72E64BBAEE1C03F2AA09291C /* juce_audio_plugin_client */ = {isa = PBXFileReference; lastKnownFileType = text; name = juce_audio_plugin_client; path = "~/JUCE/modules/juce_audio_plugin_client"; sourceTree = "<absolute>"; };
		74A121AE4C2986E68C361310 /* include_juce_audio_devices.mm */ = {isa = PBXFileReference; lastKnownFileType = sourcecode.cpp.objcpp; name = include_juce_audio_devices.mm; path = ../../JuceLibraryCode/include_juce_audio_devices.mm; sourceTree = SOURCE_ROOT; };
		76E759903180E48622B50335 /* include_juce_audio_plugin_client_AU.r */ = {isa = PBXFileReference; lastKnownFileType = file.r; name = include_juce_audio_plugin_client_AU.r; path = ../../JuceLibraryCode/include_juce_audio_plugin_client_AU.r; sourceTree = SOURCE_ROOT; };
		782CA7155D727009CBDD10DF /* include_juce_core.mm */ = {isa = PBXFileReference; lastKnownFileType = sourcecode.cpp.objcpp; name = include_juce_core.mm; path = ../../JuceLibraryCode/include_juce_core.mm; sourceTree = SOURCE_ROOT; };
		7AF43D6E41E1BA76E7371E65 /* AudioToolbox.framework */ = {isa = PBXFileReference; lastKnownFileType = wrapper.framework; name = AudioToolbox.framework; path = System/Library/Frameworks/AudioToolbox.framework; sourceTree = SDKROOT; };
		7B417915281566DE2723EDCA /* juce_data_structures */ = {isa = PBXFileReference; lastKnownFileType = text; name = juce_data_structures; path = "~/JUCE/modules/juce_data_structures"; sourceTree = "<absolute>"; };
		7D3A22F1FB998AE906DA4E26 /* ConvolutionReverb.app */ = {isa = PBXFileReference; explicitFileType = wrapper.application; includeInIndex = 0; path = ConvolutionReverb.app; sourceTree = BUILT_PRODUCTS_DIR; };
		7EB2E91C3D037DE560CB52B9 /* Accelerate.framework */ = {isa = PBXFileReference; lastKnownFileType = wrapper.framework; name = Accelerate.framework; path = System/Library/Frameworks/Accelerate.framework; sourceTree = SDKROOT; };
		83E937BF1428C96389EE12CA /* include_juce_gui_basics.mm */ = {isa = PBXFileReference; lastKnownFileType = sourcecode.cpp.objcpp; name = include_juce_gui_basics.mm; path = ../../JuceLibraryCode/include_juce_gui_basics.mm; sourceTree = SOURCE_ROOT; };
		8B71235F6353A40B5D1639F9 /* AVKit.framework */ = {isa = PBXFileReference; lastKnownFileType = wrapper.framework; name = AVKit.framework; path = System/Library/Frameworks/AVKit.framework; sourceTree = SDKROOT; };
		988D5B3218F0EB183DC28023 /* include_juce_audio_plugin_client_VST_utils.mm */ = {isa = PBXFileReference; lastKnownFileType = sourcecode.cpp.objcpp; name = include_juce_audio_plugin_client_VST_utils.mm; path = ../../JuceLibraryCode/include_juce_audio_plugin_client_VST_utils.mm; sourceTree = SOURCE_ROOT; };
		9F85991AB7F839CD8EA0175C /* include_juce_opengl.mm */ = {isa = PBXFileReference; lastKnownFileType = sourcecode.cpp.objcpp; name = include_juce_opengl.mm; path = ../../JuceLibraryCode/include_juce_opengl.mm; sourceTree = SOURCE_ROOT; };
		A31BB184573CEB952D3C5956 /* ConvolutionReverb.entitlements */ = {isa = PBXFileReference; lastKnownFileType = text.plist.xml; path = ConvolutionReverb.entitlements; sourceTree = SOURCE_ROOT; };
		A668D034F5BC6B34A1295A6A /* Carbon.framework */ = {isa = PBXFileReference; lastKnownFileType = wrapper.framework; name = Carbon.framework; path = System/Library/Frameworks/Carbon.framework; sourceTree = SDKROOT; };
		A69541241BBE9C0106B837ED /* ConvolutionReverb.vst3 */ = {isa = PBXFileReference; explicitFileType = wrapper.cfbundle; includeInIndex = 0; path = ConvolutionReverb.vst3; sourceTree = BUILT_PRODUCTS_DIR; };
		A9494D490ACF701A2E1DA6E0 /* CoreMedia.framework */ = {isa = PBXFileReference; lastKnownFileType = wrapper.framework; name = CoreMedia.framework; path = System/Library/Frameworks/CoreMedia.framework; sourceTree = SDKROOT; };
		A969AF8F36A96D7E3D5C124E /* juce_audio_utils */ = {isa = PBXFileReference; lastKnownFileType = text; name = juce_audio_utils; path = "~/JUCE/modules/juce_audio_utils"; sourceTree = "<absolute>"; };
		AD288DA2A73361B293B39E55 /* ConvolutionReverb.vst */ = {isa = PBXFileReference; explicitFileType = wrapper.cfbundle; includeInIndex = 0; path = ConvolutionReverb.vst; sourceTree = BUILT_PRODUCTS_DIR; };
		B3BCE48C8FA77800A87F8F8B /* OpenGL.framework */ = {isa = PBXFileReference; lastKnownFileType = wrapper.framework; name = OpenGL.framework; path = System/Library/Frameworks/OpenGL.framework; sourceTree = SDKROOT; };
		B4FE561594C2EFA82D995F9D /* include_juce_audio_plugin_client_AU_1.mm */ = {isa = PBXFileReference; lastKnownFileType = sourcecode.cpp.objcpp; name = include_juce_audio_plugin_client_AU_1.mm; path = ../../JuceLibraryCode/include_juce_audio_plugin_client_AU_1.mm; sourceTree = SOURCE_ROOT; };
		B5380CA4C634E8875046ECA3 /* include_juce_video.mm */ = {isa = PBXFileReference; lastKnownFileType = sourcecode.cpp.objcpp; name = include_juce_video.mm; path = ../../JuceLibraryCode/include_juce_video.mm; sourceTree = SOURCE_ROOT; };
		B9390B371B5CD65F6741670A /* juce_graphics */ = {isa = PBXFileReference; lastKnownFileType = text; name = juce_graphics; path = "~/JUCE/modules/juce_graphics"; sourceTree = "<absolute>"; };
		C244EC67DB49E014D8038311 /* AudioUnit.framework */ = {isa = PBXFileReference; lastKnownFileType = wrapper.framework; name = AudioUnit.framework; path = System/Library/Frameworks/AudioUnit.framework; sourceTree = SDKROOT; };
		C3F55DACE53A143B667F6E50 /* JuceHeader.h */ = {isa = PBXFileReference; lastKnownFileType = sourcecode.c.h; name = JuceHeader.h; path = ../../JuceLibraryCode/JuceHeader.h; sourceTree = SOURCE_ROOT; };
		D37AFA7EE3A4DF41C3A813BF /* juce_gui_basics */ = {isa = PBXFileReference; lastKnownFileType = text; name = juce_gui_basics; path = "~/JUCE/modules/juce_gui_basics"; sourceTree = "<absolute>"; };
		D807505619C2181552BA3647 /* Info-AAX.plist */ = {isa = PBXFileReference; lastKnownFileType = text.plist.xml; path = "Info-AAX.plist"; sourceTree = SOURCE_ROOT; };
		D9FB4CB1B324A253116B1261 /* juce_audio_devices */ = {isa = PBXFileReference; lastKnownFileType = text; name = juce_audio_devices; path = "~/JUCE/modules/juce_audio_devices"; sourceTree = "<absolute>"; };
		DB9D24896BDD6080B9434FC8 /* include_juce_data_structures.mm */ = {isa = PBXFileReference; lastKnownFileType = sourcecode.cpp.objcpp; name = include_juce_data_structures.mm; path = ../../JuceLibraryCode/include_juce_data_structures.mm; sourceTree = SOURCE_ROOT; };
		F036043B80F4905535B25892 /* Info-VST.plist */ = {isa = PBXFileReference; lastKnownFileType = text.plist.xml; path = "Info-VST.plist"; sourceTree = SOURCE_ROOT; };
		F1BE1D6D4DC168CA0C58BE07 /* IOKit.framework */ = {isa = PBXFileReference; lastKnownFileType = wrapper.framework; name = IOKit.framework; path = System/Library/Frameworks/IOKit.framework; sourceTree = SDKROOT; };
		F2F7865DC5745429D6A9F527 /* include_juce_audio_plugin_client_utils.cpp */ = {isa = PBXFileReference; lastKnownFileType = sourcecode.cpp.cpp; name = include_juce_audio_plugin_client_utils.cpp; path = ../../JuceLibraryCode/include_juce_audio_plugin_client_utils.cpp; sourceTree = SOURCE_ROOT; };
		F322A6C9F26D237785B71A46 /* CoreAudio.framework */ = {isa = PBXFileReference; lastKnownFileType = wrapper.framework; name = CoreAudio.framework; path = System/Library/Frameworks/CoreAudio.framework; sourceTree = SDKROOT; };
		F8A506EBFF6D13C59222DD54 /* CoreAudioKit.framework */ = {isa = PBXFileReference; lastKnownFileType = wrapper.framework; name = CoreAudioKit.framework; path = System/Library/Frameworks/CoreAudioKit.framework; sourceTree = SDKROOT; };
		F92C2497EB11C130C619EDDA /* AVFoundation.framework */ = {isa = PBXFileReference; lastKnownFileType = wrapper.framework; name = AVFoundation.framework; path = System/Library/Frameworks/AVFoundation.framework; sourceTree = SDKROOT; };
		F92ED9E06122C68310BD3338 /* PluginEditor.cpp */ = {isa = PBXFileReference; lastKnownFileType = sourcecode.cpp.cpp; name = PluginEditor.cpp; path = ../../Source/PluginEditor.cpp; sourceTree = SOURCE_ROOT; };
		FB45F8553A50C35250EC8A0D /* juce_core */ = {isa = PBXFileReference; lastKnownFileType = text; name = juce_core; path = "~/JUCE/modules/juce_core"; sourceTree = "<absolute>"; };
/* End PBXFileReference section */

/* Begin PBXFrameworksBuildPhase section */
		15DA16B1E68AAE7C12DED3FA /* Frameworks */ = {
			isa = PBXFrameworksBuildPhase;
			buildActionMask = 2147483647;
			files = (
				19FDF464208272B600B7D57C /* Accelerate.framework in Frameworks */,
				19FDF465208272B600B7D57C /* AudioToolbox.framework in Frameworks */,
				9E1090F1B335911648031AD4 /* AudioUnit.framework in Frameworks */,
				19FDF466208272B600B7D57C /* AVFoundation.framework in Frameworks */,
				19FDF467208272B600B7D57C /* AVKit.framework in Frameworks */,
				19FDF468208272B600B7D57C /* Carbon.framework in Frameworks */,
				19FDF469208272B600B7D57C /* Cocoa.framework in Frameworks */,
				19FDF46A208272B600B7D57C /* CoreAudio.framework in Frameworks */,
				6FFF13F5933B3DC7F0288074 /* CoreAudioKit.framework in Frameworks */,
				19FDF46B208272B600B7D57C /* CoreMedia.framework in Frameworks */,
				19FDF46C208272B600B7D57C /* CoreMIDI.framework in Frameworks */,
				19FDF46D208272B600B7D57C /* DiscRecording.framework in Frameworks */,
				19FDF46E208272B600B7D57C /* IOKit.framework in Frameworks */,
				19FDF46F208272B600B7D57C /* OpenGL.framework in Frameworks */,
				19FDF470208272B600B7D57C /* QuartzCore.framework in Frameworks */,
				19FDF471208272B600B7D57C /* WebKit.framework in Frameworks */,
			);
			runOnlyForDeploymentPostprocessing = 0;
		};
		1A969646A2122F4E04D77927 /* Frameworks */ = {
			isa = PBXFrameworksBuildPhase;
			buildActionMask = 2147483647;
			files = (
				19FDF48C2082B1B800B7D57C /* libfftw3f.a in Frameworks */,
				19FDF48B2082B1AA00B7D57C /* libfftw3.a in Frameworks */,
				19FDF446208272B600B7D57C /* Accelerate.framework in Frameworks */,
				19FDF447208272B600B7D57C /* AudioToolbox.framework in Frameworks */,
				19FDF448208272B600B7D57C /* AVFoundation.framework in Frameworks */,
				19FDF449208272B600B7D57C /* AVKit.framework in Frameworks */,
				19FDF44A208272B600B7D57C /* Carbon.framework in Frameworks */,
				19FDF44B208272B600B7D57C /* Cocoa.framework in Frameworks */,
				19FDF44C208272B600B7D57C /* CoreAudio.framework in Frameworks */,
				19FDF44D208272B600B7D57C /* CoreMedia.framework in Frameworks */,
				19FDF44E208272B600B7D57C /* CoreMIDI.framework in Frameworks */,
				19FDF44F208272B600B7D57C /* DiscRecording.framework in Frameworks */,
				19FDF450208272B600B7D57C /* IOKit.framework in Frameworks */,
				19FDF451208272B600B7D57C /* OpenGL.framework in Frameworks */,
				19FDF452208272B600B7D57C /* QuartzCore.framework in Frameworks */,
				19FDF453208272B600B7D57C /* WebKit.framework in Frameworks */,
			);
			runOnlyForDeploymentPostprocessing = 0;
		};
		4A923D7D6A99A10EEED1123F /* Frameworks */ = {
			isa = PBXFrameworksBuildPhase;
			buildActionMask = 2147483647;
			files = (
				19FDF48E2082B1D300B7D57C /* libfftw3f.a in Frameworks */,
				19FDF48D2082B1C500B7D57C /* libfftw3.a in Frameworks */,
				19FDF455208272B600B7D57C /* Accelerate.framework in Frameworks */,
				19FDF456208272B600B7D57C /* AudioToolbox.framework in Frameworks */,
				19FDF457208272B600B7D57C /* AVFoundation.framework in Frameworks */,
				19FDF458208272B600B7D57C /* AVKit.framework in Frameworks */,
				19FDF459208272B600B7D57C /* Carbon.framework in Frameworks */,
				19FDF45A208272B600B7D57C /* Cocoa.framework in Frameworks */,
				19FDF45B208272B600B7D57C /* CoreAudio.framework in Frameworks */,
				19FDF45C208272B600B7D57C /* CoreMedia.framework in Frameworks */,
				19FDF45D208272B600B7D57C /* CoreMIDI.framework in Frameworks */,
				19FDF45E208272B600B7D57C /* DiscRecording.framework in Frameworks */,
				19FDF45F208272B600B7D57C /* IOKit.framework in Frameworks */,
				19FDF460208272B600B7D57C /* OpenGL.framework in Frameworks */,
				19FDF461208272B600B7D57C /* QuartzCore.framework in Frameworks */,
				19FDF462208272B600B7D57C /* WebKit.framework in Frameworks */,
			);
			runOnlyForDeploymentPostprocessing = 0;
		};
		BA55C5BF20D05D46EA215564 /* Frameworks */ = {
			isa = PBXFrameworksBuildPhase;
			buildActionMask = 2147483647;
			files = (
				19FDF4902082B22900B7D57C /* libfftw3f.a in Frameworks */,
				19FDF48F2082B22000B7D57C /* libfftw3.a in Frameworks */,
				19FDF473208272B600B7D57C /* Accelerate.framework in Frameworks */,
				19FDF474208272B600B7D57C /* AudioToolbox.framework in Frameworks */,
				19FDF475208272B600B7D57C /* AVFoundation.framework in Frameworks */,
				19FDF476208272B600B7D57C /* AVKit.framework in Frameworks */,
				19FDF477208272B600B7D57C /* Carbon.framework in Frameworks */,
				19FDF478208272B600B7D57C /* Cocoa.framework in Frameworks */,
				19FDF479208272B600B7D57C /* CoreAudio.framework in Frameworks */,
				19FDF47A208272B600B7D57C /* CoreMedia.framework in Frameworks */,
				19FDF47B208272B600B7D57C /* CoreMIDI.framework in Frameworks */,
				19FDF47C208272B600B7D57C /* DiscRecording.framework in Frameworks */,
				19FDF47D208272B600B7D57C /* IOKit.framework in Frameworks */,
				19FDF47E208272B600B7D57C /* OpenGL.framework in Frameworks */,
				19FDF47F208272B600B7D57C /* QuartzCore.framework in Frameworks */,
				19FDF480208272B600B7D57C /* WebKit.framework in Frameworks */,
			);
			runOnlyForDeploymentPostprocessing = 0;
		};
		D3770BEF9CE901205C07583E /* Frameworks */ = {
			isa = PBXFrameworksBuildPhase;
			buildActionMask = 2147483647;
			files = (
				19FDF48A2082779C00B7D57C /* libfftw3.a in Frameworks */,
				19FDF4882082778E00B7D57C /* libfftw3f.a in Frameworks */,
				6BB9A9C85CD4B65CE3BC47B8 /* Accelerate.framework in Frameworks */,
				9F32AB551BB53645BF5F6821 /* AudioToolbox.framework in Frameworks */,
				D6F7A78C4A0A32386687A7CD /* AVFoundation.framework in Frameworks */,
				41C96F1CF2055495149F9694 /* AVKit.framework in Frameworks */,
				6373C990325437926773B9F1 /* Carbon.framework in Frameworks */,
				E1A78F143E323A1300100DAF /* Cocoa.framework in Frameworks */,
				F5CCB6F29593269CA691525F /* CoreAudio.framework in Frameworks */,
				26A666F661AA28CCE3C06F10 /* CoreMedia.framework in Frameworks */,
				2D06DD62F42BC6B06AA1A801 /* CoreMIDI.framework in Frameworks */,
				D6D58DBDE745FEB54132234D /* DiscRecording.framework in Frameworks */,
				DE286E4759906B1FEF273C18 /* IOKit.framework in Frameworks */,
				15AC3E4D01DCCAFE4509A418 /* OpenGL.framework in Frameworks */,
				2BBB09570C8BCA1AC46957E9 /* QuartzCore.framework in Frameworks */,
				E54CE124AEB153B3E212B5F5 /* WebKit.framework in Frameworks */,
			);
			runOnlyForDeploymentPostprocessing = 0;
		};
/* End PBXFrameworksBuildPhase section */

/* Begin PBXGroup section */
		00D65E4E45B95E069ABA920F /* Frameworks */ = {
			isa = PBXGroup;
			children = (
				19FDF4892082779C00B7D57C /* libfftw3.a */,
				19FDF4872082778E00B7D57C /* libfftw3f.a */,
				7EB2E91C3D037DE560CB52B9 /* Accelerate.framework */,
				7AF43D6E41E1BA76E7371E65 /* AudioToolbox.framework */,
				C244EC67DB49E014D8038311 /* AudioUnit.framework */,
				F92C2497EB11C130C619EDDA /* AVFoundation.framework */,
				8B71235F6353A40B5D1639F9 /* AVKit.framework */,
				A668D034F5BC6B34A1295A6A /* Carbon.framework */,
				685902122DEACB8AE985AF18 /* Cocoa.framework */,
				F322A6C9F26D237785B71A46 /* CoreAudio.framework */,
				F8A506EBFF6D13C59222DD54 /* CoreAudioKit.framework */,
				A9494D490ACF701A2E1DA6E0 /* CoreMedia.framework */,
				2DD361A8D9A5232B6F68C4D6 /* CoreMIDI.framework */,
				431A6BB75E92FEDEC25C4E52 /* DiscRecording.framework */,
				F1BE1D6D4DC168CA0C58BE07 /* IOKit.framework */,
				B3BCE48C8FA77800A87F8F8B /* OpenGL.framework */,
				3FFA49CC29AD53B4D6B623AF /* QuartzCore.framework */,
				6D43CF0B0CBE04CA3880D4D5 /* WebKit.framework */,
			);
			name = Frameworks;
			sourceTree = "<group>";
		};
		309E36C55D78E1A6C781BC75 /* JUCE Library Code */ = {
			isa = PBXGroup;
			children = (
				15D8D155218E51D50A637276 /* AppConfig.h */,
				28000CDDB7F70D0A0B938DDB /* include_juce_audio_basics.mm */,
				74A121AE4C2986E68C361310 /* include_juce_audio_devices.mm */,
				6F36F53F97877BFAAFB7C460 /* include_juce_audio_formats.mm */,
				528EFAB790AFDBB31F2E6815 /* include_juce_audio_plugin_client_AAX.mm */,
				76E759903180E48622B50335 /* include_juce_audio_plugin_client_AU.r */,
				B4FE561594C2EFA82D995F9D /* include_juce_audio_plugin_client_AU_1.mm */,
				5D4E78839F81AE4B2094C624 /* include_juce_audio_plugin_client_AU_2.mm */,
				221E9EFE8747A0DA892C1AFA /* include_juce_audio_plugin_client_Standalone.cpp */,
				F2F7865DC5745429D6A9F527 /* include_juce_audio_plugin_client_utils.cpp */,
				988D5B3218F0EB183DC28023 /* include_juce_audio_plugin_client_VST_utils.mm */,
				31E33796F47B2E4070FAF0A6 /* include_juce_audio_plugin_client_VST2.cpp */,
				093C2F59496E7DE5EF6CC5E3 /* include_juce_audio_plugin_client_VST3.cpp */,
				61DD41DF6CD4C4FACC4677ED /* include_juce_audio_processors.mm */,
				66358615F208F6A4FB776250 /* include_juce_audio_utils.mm */,
				782CA7155D727009CBDD10DF /* include_juce_core.mm */,
				0361CD702F64541AB6931B31 /* include_juce_cryptography.mm */,
				DB9D24896BDD6080B9434FC8 /* include_juce_data_structures.mm */,
				41B26A95A240EDEA6E3DB269 /* include_juce_events.mm */,
				2EBDE20C4F8021AEDE8C0EB5 /* include_juce_graphics.mm */,
				83E937BF1428C96389EE12CA /* include_juce_gui_basics.mm */,
				5342538E0CF2751733DCABC5 /* include_juce_gui_extra.mm */,
				9F85991AB7F839CD8EA0175C /* include_juce_opengl.mm */,
				B5380CA4C634E8875046ECA3 /* include_juce_video.mm */,
				C3F55DACE53A143B667F6E50 /* JuceHeader.h */,
			);
			name = "JUCE Library Code";
			sourceTree = "<group>";
		};
		663E263B50010265623E24F6 /* ConvolutionReverb */ = {
			isa = PBXGroup;
			children = (
				F5A9FACF654712363793ECA2 /* Source */,
			);
			name = ConvolutionReverb;
			sourceTree = "<group>";
		};
		A475B437F4A1686E204D5480 /* JUCE Modules */ = {
			isa = PBXGroup;
			children = (
				0C153FB70E90E81A17F41E7A /* juce_audio_basics */,
				D9FB4CB1B324A253116B1261 /* juce_audio_devices */,
				235562D3542B04FA5B4D1943 /* juce_audio_formats */,
				72E64BBAEE1C03F2AA09291C /* juce_audio_plugin_client */,
				2F933072BD360A24B008AB93 /* juce_audio_processors */,
				A969AF8F36A96D7E3D5C124E /* juce_audio_utils */,
				FB45F8553A50C35250EC8A0D /* juce_core */,
				69BB169DF6B28766081344DF /* juce_cryptography */,
				7B417915281566DE2723EDCA /* juce_data_structures */,
				17DB9836B5788D88F3AE2074 /* juce_events */,
				B9390B371B5CD65F6741670A /* juce_graphics */,
				D37AFA7EE3A4DF41C3A813BF /* juce_gui_basics */,
				2C692CF1F179EA6F099D9B2D /* juce_gui_extra */,
				38FAC9B92A980F4DC660A59A /* juce_opengl */,
				334D6F246F247C6CB4C6484E /* juce_video */,
			);
			name = "JUCE Modules";
			sourceTree = "<group>";
		};
		A4A5B46297E43A55198286B5 /* Products */ = {
			isa = PBXGroup;
			children = (
				AD288DA2A73361B293B39E55 /* ConvolutionReverb.vst */,
				A69541241BBE9C0106B837ED /* ConvolutionReverb.vst3 */,
				18DB2F26AFDB6E2C792FD7BD /* ConvolutionReverb.aaxplugin */,
				3C3BA68C6EAC2CAD2F66D1FF /* ConvolutionReverb.component */,
				7D3A22F1FB998AE906DA4E26 /* ConvolutionReverb.app */,
				1FD920D659A7090492780F73 /* libConvolutionReverb.a */,
			);
			name = Products;
			sourceTree = "<group>";
		};
		CE75FA3E4309E30F53615CBA /* Source */ = {
			isa = PBXGroup;
			children = (
				A31BB184573CEB952D3C5956 /* ConvolutionReverb.entitlements */,
				663E263B50010265623E24F6 /* ConvolutionReverb */,
				A475B437F4A1686E204D5480 /* JUCE Modules */,
				309E36C55D78E1A6C781BC75 /* JUCE Library Code */,
				D5D3E9E4EA935595FE4E2933 /* Resources */,
				00D65E4E45B95E069ABA920F /* Frameworks */,
				A4A5B46297E43A55198286B5 /* Products */,
			);
			name = Source;
			sourceTree = "<group>";
		};
		D5D3E9E4EA935595FE4E2933 /* Resources */ = {
			isa = PBXGroup;
			children = (
				F036043B80F4905535B25892 /* Info-VST.plist */,
				422131C020139F42B6D512EB /* Info-VST3.plist */,
				D807505619C2181552BA3647 /* Info-AAX.plist */,
				6BC9C1D904DCE5DFD243FD1A /* Info-AU.plist */,
				5B72F13BA78F5A4CA1A5C324 /* Info-Standalone_Plugin.plist */,
				62CF9A96B19D8A963D854431 /* RecentFilesMenuTemplate.nib */,
			);
			name = Resources;
			sourceTree = "<group>";
		};
		F5A9FACF654712363793ECA2 /* Source */ = {
			isa = PBXGroup;
			children = (
				5AD8EF85DB259440EF8FD5BF /* FileBuffer.h */,
				57A29B5F844E2EF09159C3C2 /* ReverbProcessor.h */,
				16A61A4AE9F6F21B27E9E473 /* TextFormattedSlider.h */,
				3E6B1C3D119C2CB08BA29E12 /* PluginProcessor.cpp */,
				3E9F35A9CD63E82444F46DD8 /* PluginProcessor.h */,
				F92ED9E06122C68310BD3338 /* PluginEditor.cpp */,
				288AC60DD1140516BF561166 /* PluginEditor.h */,
			);
			name = Source;
			sourceTree = "<group>";
		};
/* End PBXGroup section */

/* Begin PBXNativeTarget section */
		11DDEA7B54726AB0B1D2D6A3 /* ConvolutionReverb - AAX */ = {
			isa = PBXNativeTarget;
			buildConfigurationList = 5186C9693D75AC61B5F91F90 /* Build configuration list for PBXNativeTarget "ConvolutionReverb - AAX" */;
			buildPhases = (
				75E10314C78AE8DF8396A49A /* Resources */,
				1344E053299B6EA53E82473B /* Sources */,
				4A923D7D6A99A10EEED1123F /* Frameworks */,
			);
			buildRules = (
			);
			dependencies = (
				511601DD93CCD78D8814FC0B /* PBXTargetDependency */,
			);
			name = "ConvolutionReverb - AAX";
			productName = ConvolutionReverb;
			productReference = 18DB2F26AFDB6E2C792FD7BD /* ConvolutionReverb.aaxplugin */;
			productType = "com.apple.product-type.bundle";
		};
		9F407691CDDBCB1A068BA847 /* ConvolutionReverb - VST */ = {
			isa = PBXNativeTarget;
			buildConfigurationList = 5907D2DD4CD80B4D5064F8A6 /* Build configuration list for PBXNativeTarget "ConvolutionReverb - VST" */;
			buildPhases = (
				12E6EB1F8E792E8F93BD76E1 /* Resources */,
				FE44B56401D08E4AA13EAF88 /* Sources */,
				D3770BEF9CE901205C07583E /* Frameworks */,
			);
			buildRules = (
			);
			dependencies = (
				511601DD93CCD78D8814FC0B /* PBXTargetDependency */,
			);
			name = "ConvolutionReverb - VST";
			productName = ConvolutionReverb;
			productReference = AD288DA2A73361B293B39E55 /* ConvolutionReverb.vst */;
			productType = "com.apple.product-type.bundle";
		};
		A96BA10E64119534B8C7BBB1 /* ConvolutionReverb - VST3 */ = {
			isa = PBXNativeTarget;
			buildConfigurationList = F43532B88F69C29034989E9D /* Build configuration list for PBXNativeTarget "ConvolutionReverb - VST3" */;
			buildPhases = (
				E5A3D8A7E808C266CF33E780 /* Resources */,
				A13A8C5227C9C6ACB4875698 /* Sources */,
				1A969646A2122F4E04D77927 /* Frameworks */,
			);
			buildRules = (
			);
			dependencies = (
				511601DD93CCD78D8814FC0B /* PBXTargetDependency */,
			);
			name = "ConvolutionReverb - VST3";
			productName = ConvolutionReverb;
			productReference = A69541241BBE9C0106B837ED /* ConvolutionReverb.vst3 */;
			productType = "com.apple.product-type.bundle";
		};
		B3C5EF414C26BC740EE3D89A /* ConvolutionReverb - Shared Code */ = {
			isa = PBXNativeTarget;
			buildConfigurationList = A32EED110BA40893EE599D87 /* Build configuration list for PBXNativeTarget "ConvolutionReverb - Shared Code" */;
			buildPhases = (
				61D0B82855B918FE4B2F4A1C /* Sources */,
			);
			buildRules = (
			);
			dependencies = (
			);
			name = "ConvolutionReverb - Shared Code";
			productName = ConvolutionReverb;
			productReference = 1FD920D659A7090492780F73 /* libConvolutionReverb.a */;
			productType = "com.apple.product-type.library.static";
		};
		CD0B8D8E821AE7E248509271 /* ConvolutionReverb - Standalone Plugin */ = {
			isa = PBXNativeTarget;
			buildConfigurationList = F383BB0BADD8815082F5FA8C /* Build configuration list for PBXNativeTarget "ConvolutionReverb - Standalone Plugin" */;
			buildPhases = (
				F3B4A93CC72ABD4D8857A32D /* Resources */,
				BBC428382BEBA7EF8FE15E42 /* Sources */,
				BA55C5BF20D05D46EA215564 /* Frameworks */,
			);
			buildRules = (
			);
			dependencies = (
				511601DD93CCD78D8814FC0B /* PBXTargetDependency */,
			);
			name = "ConvolutionReverb - Standalone Plugin";
			productName = ConvolutionReverb;
			productReference = 7D3A22F1FB998AE906DA4E26 /* ConvolutionReverb.app */;
			productType = "com.apple.product-type.application";
		};
		EA25F25BF9F369292ABB752B /* ConvolutionReverb - AU */ = {
			isa = PBXNativeTarget;
			buildConfigurationList = E536F34CEAE284D9D4E90EB7 /* Build configuration list for PBXNativeTarget "ConvolutionReverb - AU" */;
			buildPhases = (
				DB1AFD82F047A77646087645 /* Resources */,
				0DEC04CB4ACB677B462BBA78 /* Rez */,
				27B9CBF57E20D8F48DAC5ED5 /* Sources */,
				15DA16B1E68AAE7C12DED3FA /* Frameworks */,
			);
			buildRules = (
			);
			dependencies = (
				511601DD93CCD78D8814FC0B /* PBXTargetDependency */,
			);
			name = "ConvolutionReverb - AU";
			productName = ConvolutionReverb;
			productReference = 3C3BA68C6EAC2CAD2F66D1FF /* ConvolutionReverb.component */;
			productType = "com.apple.product-type.bundle";
		};
/* End PBXNativeTarget section */

/* Begin PBXProject section */
		EC8AD3C2A3C7AA0C4103E08A /* Project object */ = {
			isa = PBXProject;
			attributes = {
				LastUpgradeCheck = 0830;
				ORGANIZATIONNAME = "";
				TargetAttributes = {
					11DDEA7B54726AB0B1D2D6A3 = {
						SystemCapabilities = {
							com.apple.ApplicationGroups.iOS = {
								enabled = 0;
							};
							com.apple.InAppPurchase = {
								enabled = 0;
							};
							com.apple.InterAppAudio = {
								enabled = 0;
							};
							com.apple.Push = {
								enabled = 0;
							};
							com.apple.Sandbox = {
								enabled = 0;
							};
						};
					};
					3BA32D246AFB1FF756B155F0 = {
						SystemCapabilities = {
							com.apple.ApplicationGroups.iOS = {
								enabled = 0;
							};
							com.apple.InAppPurchase = {
								enabled = 0;
							};
							com.apple.InterAppAudio = {
								enabled = 0;
							};
							com.apple.Push = {
								enabled = 0;
							};
							com.apple.Sandbox = {
								enabled = 0;
							};
						};
					};
					9F407691CDDBCB1A068BA847 = {
						SystemCapabilities = {
							com.apple.ApplicationGroups.iOS = {
								enabled = 0;
							};
							com.apple.InAppPurchase = {
								enabled = 0;
							};
							com.apple.InterAppAudio = {
								enabled = 0;
							};
							com.apple.Push = {
								enabled = 0;
							};
							com.apple.Sandbox = {
								enabled = 0;
							};
						};
					};
					A96BA10E64119534B8C7BBB1 = {
						SystemCapabilities = {
							com.apple.ApplicationGroups.iOS = {
								enabled = 0;
							};
							com.apple.InAppPurchase = {
								enabled = 0;
							};
							com.apple.InterAppAudio = {
								enabled = 0;
							};
							com.apple.Push = {
								enabled = 0;
							};
							com.apple.Sandbox = {
								enabled = 0;
							};
						};
					};
					B3C5EF414C26BC740EE3D89A = {
						SystemCapabilities = {
							com.apple.ApplicationGroups.iOS = {
								enabled = 0;
							};
							com.apple.InAppPurchase = {
								enabled = 0;
							};
							com.apple.InterAppAudio = {
								enabled = 0;
							};
							com.apple.Push = {
								enabled = 0;
							};
							com.apple.Sandbox = {
								enabled = 0;
							};
						};
					};
					CD0B8D8E821AE7E248509271 = {
						SystemCapabilities = {
							com.apple.ApplicationGroups.iOS = {
								enabled = 0;
							};
							com.apple.InAppPurchase = {
								enabled = 0;
							};
							com.apple.InterAppAudio = {
								enabled = 0;
							};
							com.apple.Push = {
								enabled = 0;
							};
							com.apple.Sandbox = {
								enabled = 0;
							};
						};
					};
					EA25F25BF9F369292ABB752B = {
						SystemCapabilities = {
							com.apple.ApplicationGroups.iOS = {
								enabled = 0;
							};
							com.apple.InAppPurchase = {
								enabled = 0;
							};
							com.apple.InterAppAudio = {
								enabled = 0;
							};
							com.apple.Push = {
								enabled = 0;
							};
							com.apple.Sandbox = {
								enabled = 0;
							};
						};
					};
				};
			};
			buildConfigurationList = A640C66DE432E457B6C8058E /* Build configuration list for PBXProject "ConvolutionReverb" */;
			compatibilityVersion = "Xcode 3.2";
			developmentRegion = en;
			hasScannedForEncodings = 0;
			knownRegions = (
				en,
			);
			mainGroup = CE75FA3E4309E30F53615CBA /* Source */;
			projectDirPath = "";
			projectRoot = "";
			targets = (
				3BA32D246AFB1FF756B155F0 /* ConvolutionReverb - All */,
				9F407691CDDBCB1A068BA847 /* ConvolutionReverb - VST */,
				A96BA10E64119534B8C7BBB1 /* ConvolutionReverb - VST3 */,
				11DDEA7B54726AB0B1D2D6A3 /* ConvolutionReverb - AAX */,
				EA25F25BF9F369292ABB752B /* ConvolutionReverb - AU */,
				CD0B8D8E821AE7E248509271 /* ConvolutionReverb - Standalone Plugin */,
				B3C5EF414C26BC740EE3D89A /* ConvolutionReverb - Shared Code */,
			);
		};
/* End PBXProject section */

/* Begin PBXResourcesBuildPhase section */
		12E6EB1F8E792E8F93BD76E1 /* Resources */ = {
			isa = PBXResourcesBuildPhase;
			buildActionMask = 2147483647;
			files = (
				345B25B4593F72C91ED4EB40 /* RecentFilesMenuTemplate.nib in Resources */,
			);
			runOnlyForDeploymentPostprocessing = 0;
		};
		75E10314C78AE8DF8396A49A /* Resources */ = {
			isa = PBXResourcesBuildPhase;
			buildActionMask = 2147483647;
			files = (
				19FDF454208272B600B7D57C /* RecentFilesMenuTemplate.nib in Resources */,
			);
			runOnlyForDeploymentPostprocessing = 0;
		};
		DB1AFD82F047A77646087645 /* Resources */ = {
			isa = PBXResourcesBuildPhase;
			buildActionMask = 2147483647;
			files = (
				19FDF463208272B600B7D57C /* RecentFilesMenuTemplate.nib in Resources */,
			);
			runOnlyForDeploymentPostprocessing = 0;
		};
		E5A3D8A7E808C266CF33E780 /* Resources */ = {
			isa = PBXResourcesBuildPhase;
			buildActionMask = 2147483647;
			files = (
				19FDF445208272B600B7D57C /* RecentFilesMenuTemplate.nib in Resources */,
			);
			runOnlyForDeploymentPostprocessing = 0;
		};
		F3B4A93CC72ABD4D8857A32D /* Resources */ = {
			isa = PBXResourcesBuildPhase;
			buildActionMask = 2147483647;
			files = (
				19FDF472208272B600B7D57C /* RecentFilesMenuTemplate.nib in Resources */,
			);
			runOnlyForDeploymentPostprocessing = 0;
		};
/* End PBXResourcesBuildPhase section */

/* Begin PBXRezBuildPhase section */
		0DEC04CB4ACB677B462BBA78 /* Rez */ = {
			isa = PBXRezBuildPhase;
			buildActionMask = 2147483647;
			files = (
				F85E3D9B6BC650CA746EA2AB /* include_juce_audio_plugin_client_AU.r in Rez */,
			);
			runOnlyForDeploymentPostprocessing = 0;
		};
/* End PBXRezBuildPhase section */

/* Begin PBXSourcesBuildPhase section */
		1344E053299B6EA53E82473B /* Sources */ = {
			isa = PBXSourcesBuildPhase;
			buildActionMask = 2147483647;
			files = (
				38394881C743C2D909EB07EC /* include_juce_audio_plugin_client_AAX.mm in Sources */,
			);
			runOnlyForDeploymentPostprocessing = 0;
		};
		27B9CBF57E20D8F48DAC5ED5 /* Sources */ = {
			isa = PBXSourcesBuildPhase;
			buildActionMask = 2147483647;
			files = (
				E9D94AA79BFC1DC3614D8E49 /* include_juce_audio_plugin_client_AU_1.mm in Sources */,
				1BD3A393A441751D8657624C /* include_juce_audio_plugin_client_AU_2.mm in Sources */,
			);
			runOnlyForDeploymentPostprocessing = 0;
		};
		61D0B82855B918FE4B2F4A1C /* Sources */ = {
			isa = PBXSourcesBuildPhase;
			buildActionMask = 2147483647;
			files = (
				247BA63427B9E21CF361F819 /* PluginProcessor.cpp in Sources */,
				52FC49511F07B155405CB3C3 /* PluginEditor.cpp in Sources */,
				682D65A5717F46250ADEB859 /* include_juce_audio_basics.mm in Sources */,
				768E6594BA57A090558C5DF8 /* include_juce_audio_devices.mm in Sources */,
				CCDA6B2B1D74468443DB1E42 /* include_juce_audio_formats.mm in Sources */,
				21D16C6642F2621B4083DBC9 /* include_juce_audio_plugin_client_utils.cpp in Sources */,
				59F26C399FDF3B6C02404B42 /* include_juce_audio_plugin_client_VST_utils.mm in Sources */,
				BDF1B36D506F5780C599DA40 /* include_juce_audio_processors.mm in Sources */,
				DFE247CCA84D476DD96B9C96 /* include_juce_audio_utils.mm in Sources */,
				9F6DF8699C455F04F0CDB7BE /* include_juce_core.mm in Sources */,
				7A12227F40DC6B2ECB7FD24C /* include_juce_cryptography.mm in Sources */,
				05191B846424C6DC5924645E /* include_juce_data_structures.mm in Sources */,
				FA453B5A25F4AF96DC3F656F /* include_juce_events.mm in Sources */,
				B6FA92C4B70B63C70E999407 /* include_juce_graphics.mm in Sources */,
				B9BA50729AFE05C905516319 /* include_juce_gui_basics.mm in Sources */,
				AC15EDF183CA7CCA122B396F /* include_juce_gui_extra.mm in Sources */,
				5C50EB6E5E12E3E803A3187F /* include_juce_opengl.mm in Sources */,
				032B681517A4D59577672344 /* include_juce_video.mm in Sources */,
			);
			runOnlyForDeploymentPostprocessing = 0;
		};
		A13A8C5227C9C6ACB4875698 /* Sources */ = {
			isa = PBXSourcesBuildPhase;
			buildActionMask = 2147483647;
			files = (
				3CD0E0D8356C6C60EF6AD40D /* include_juce_audio_plugin_client_VST3.cpp in Sources */,
			);
			runOnlyForDeploymentPostprocessing = 0;
		};
		BBC428382BEBA7EF8FE15E42 /* Sources */ = {
			isa = PBXSourcesBuildPhase;
			buildActionMask = 2147483647;
			files = (
				5A5E63E3B32720EA965228C8 /* include_juce_audio_plugin_client_Standalone.cpp in Sources */,
			);
			runOnlyForDeploymentPostprocessing = 0;
		};
		FE44B56401D08E4AA13EAF88 /* Sources */ = {
			isa = PBXSourcesBuildPhase;
			buildActionMask = 2147483647;
			files = (
				6972DF6460264555F13B0F0A /* include_juce_audio_plugin_client_VST2.cpp in Sources */,
			);
			runOnlyForDeploymentPostprocessing = 0;
		};
/* End PBXSourcesBuildPhase section */

/* Begin PBXTargetDependency section */
		0D9274A84C2CB603B303DBCB /* PBXTargetDependency */ = {
			isa = PBXTargetDependency;
			target = 9F407691CDDBCB1A068BA847 /* ConvolutionReverb - VST */;
			targetProxy = 19FDF481208272B600B7D57C /* PBXContainerItemProxy */;
		};
		2DE97858D90F56565E7A79B5 /* PBXTargetDependency */ = {
			isa = PBXTargetDependency;
			target = CD0B8D8E821AE7E248509271 /* ConvolutionReverb - Standalone Plugin */;
			targetProxy = 19FDF486208272B600B7D57C /* PBXContainerItemProxy */;
		};
		511601DD93CCD78D8814FC0B /* PBXTargetDependency */ = {
			isa = PBXTargetDependency;
			target = B3C5EF414C26BC740EE3D89A /* ConvolutionReverb - Shared Code */;
			targetProxy = 19FDF482208272B600B7D57C /* PBXContainerItemProxy */;
		};
		8B15D1003A1CD39BD3151596 /* PBXTargetDependency */ = {
			isa = PBXTargetDependency;
			target = A96BA10E64119534B8C7BBB1 /* ConvolutionReverb - VST3 */;
			targetProxy = 19FDF483208272B600B7D57C /* PBXContainerItemProxy */;
		};
		BE12A0D0D0C318376767D5BE /* PBXTargetDependency */ = {
			isa = PBXTargetDependency;
			target = 11DDEA7B54726AB0B1D2D6A3 /* ConvolutionReverb - AAX */;
			targetProxy = 19FDF484208272B600B7D57C /* PBXContainerItemProxy */;
		};
		EF1DF4CC4316E88944038920 /* PBXTargetDependency */ = {
			isa = PBXTargetDependency;
			target = EA25F25BF9F369292ABB752B /* ConvolutionReverb - AU */;
			targetProxy = 19FDF485208272B600B7D57C /* PBXContainerItemProxy */;
		};
/* End PBXTargetDependency section */

/* Begin XCBuildConfiguration section */
		1553513F87F9EF1958D4F1C7 /* Debug */ = {
			isa = XCBuildConfiguration;
			buildSettings = {
				CLANG_CXX_LANGUAGE_STANDARD = "c++14";
				CLANG_LINK_OBJC_RUNTIME = NO;
				COMBINE_HIDPI_IMAGES = YES;
				CONFIGURATION_BUILD_DIR = "$(PROJECT_DIR)/build/$(CONFIGURATION)";
				COPY_PHASE_STRIP = NO;
				GCC_DYNAMIC_NO_PIC = NO;
				GCC_OPTIMIZATION_LEVEL = 0;
				GCC_PREPROCESSOR_DEFINITIONS = (
					"_DEBUG=1",
					"DEBUG=1",
					"JUCER_XCODE_MAC_F6D2F4CF=1",
					"JUCE_APP_VERSION=1.0.0",
					"JUCE_APP_VERSION_HEX=0x10000",
					"JucePlugin_Build_VST=1",
					"JucePlugin_Build_VST3=1",
					"JucePlugin_Build_AU=1",
					"JucePlugin_Build_AUv3=0",
					"JucePlugin_Build_RTAS=0",
					"JucePlugin_Build_AAX=1",
					"JucePlugin_Build_Standalone=1",
					"JUCE_SHARED_CODE=1",
				);
				GCC_VERSION = com.apple.compilers.llvm.clang.1_0;
				HEADER_SEARCH_PATHS = (
					/usr/local/include,
					"~/SDKs/VST_SDK/VST3_SDK",
					../../JuceLibraryCode,
					"~/SDKs/AAX",
					"~/SDKs/AAX/Interfaces",
					"~/SDKs/AAX/Interfaces/ACF",
					"~/JUCE/modules",
					"~/JUCE/modules/juce_audio_plugin_client",
					"$(inherited)",
				);
				INSTALL_PATH = "@executable_path/../Frameworks";
				LIBRARY_SEARCH_PATHS = /usr/local/lib;
				MACOSX_DEPLOYMENT_TARGET = 10.11;
				MACOSX_DEPLOYMENT_TARGET_ppc = 10.4;
				PRODUCT_BUNDLE_IDENTIFIER = com.yourcompany.ConvolutionReverb;
				SDKROOT_ppc = macosx10.5;
				USE_HEADERMAP = NO;
			};
			name = Debug;
		};
		161FA2F1635E24182B45C82A /* Release */ = {
			isa = XCBuildConfiguration;
			buildSettings = {
				CLANG_CXX_LANGUAGE_STANDARD = "c++14";
				CLANG_LINK_OBJC_RUNTIME = NO;
				COMBINE_HIDPI_IMAGES = YES;
				CONFIGURATION_BUILD_DIR = "$(PROJECT_DIR)/build/$(CONFIGURATION)";
				DEAD_CODE_STRIPPING = YES;
				DEPLOYMENT_LOCATION = YES;
				DSTROOT = /;
				GCC_GENERATE_DEBUGGING_SYMBOLS = NO;
				GCC_OPTIMIZATION_LEVEL = 3;
				GCC_PREPROCESSOR_DEFINITIONS = (
					"_NDEBUG=1",
					"NDEBUG=1",
					"JUCER_XCODE_MAC_F6D2F4CF=1",
					"JUCE_APP_VERSION=1.0.0",
					"JUCE_APP_VERSION_HEX=0x10000",
					"JucePlugin_Build_VST=0",
					"JucePlugin_Build_VST3=0",
					"JucePlugin_Build_AU=1",
					"JucePlugin_Build_AUv3=0",
					"JucePlugin_Build_RTAS=0",
					"JucePlugin_Build_AAX=0",
					"JucePlugin_Build_Standalone=0",
				);
				GCC_SYMBOLS_PRIVATE_EXTERN = YES;
				GCC_VERSION = com.apple.compilers.llvm.clang.1_0;
				GENERATE_PKGINFO_FILE = YES;
				HEADER_SEARCH_PATHS = (
					/usr/local/include,
					"~/SDKs/VST_SDK/VST3_SDK",
					../../JuceLibraryCode,
					"~/SDKs/AAX",
					"~/SDKs/AAX/Interfaces",
					"~/SDKs/AAX/Interfaces/ACF",
					"~/JUCE/modules",
					"~/JUCE/modules/juce_audio_plugin_client",
					"$(inherited)",
				);
				INFOPLIST_FILE = "Info-AU.plist";
				INFOPLIST_PREPROCESS = NO;
				INSTALL_PATH = "$(HOME)/Library/Audio/Plug-Ins/Components/";
				LIBRARY_SEARCH_PATHS = /usr/local/lib;
				LIBRARY_STYLE = Bundle;
				LLVM_LTO = YES;
				MACOSX_DEPLOYMENT_TARGET = 10.11;
				MACOSX_DEPLOYMENT_TARGET_ppc = 10.4;
				OTHER_LDFLAGS = (
					"-bundle",
					"-lConvolutionReverb",
				);
				OTHER_REZFLAGS = "-d ppc_$ppc -d i386_$i386 -d ppc64_$ppc64 -d x86_64_$x86_64 -I /System/Library/Frameworks/CoreServices.framework/Frameworks/CarbonCore.framework/Versions/A/Headers -I \"$(DEVELOPER_DIR)/Extras/CoreAudio/AudioUnits/AUPublic/AUBase\"";
				PRODUCT_BUNDLE_IDENTIFIER = com.yourcompany.ConvolutionReverb;
				SDKROOT_ppc = macosx10.5;
				USE_HEADERMAP = NO;
				WRAPPER_EXTENSION = component;
			};
			name = Release;
		};
		1AEA732260280B4F03127AE3 /* Debug */ = {
			isa = XCBuildConfiguration;
			buildSettings = {
				CLANG_CXX_LANGUAGE_STANDARD = "c++14";
				CLANG_LINK_OBJC_RUNTIME = NO;
				COMBINE_HIDPI_IMAGES = YES;
				CONFIGURATION_BUILD_DIR = "$(PROJECT_DIR)/build/$(CONFIGURATION)";
				COPY_PHASE_STRIP = NO;
				DEPLOYMENT_LOCATION = YES;
				DSTROOT = /;
				GCC_DYNAMIC_NO_PIC = NO;
				GCC_OPTIMIZATION_LEVEL = 0;
				GCC_PREPROCESSOR_DEFINITIONS = (
					"_DEBUG=1",
					"DEBUG=1",
					"JUCER_XCODE_MAC_F6D2F4CF=1",
					"JUCE_APP_VERSION=1.0.0",
					"JUCE_APP_VERSION_HEX=0x10000",
					"JucePlugin_Build_VST=1",
					"JucePlugin_Build_VST3=0",
					"JucePlugin_Build_AU=0",
					"JucePlugin_Build_AUv3=0",
					"JucePlugin_Build_RTAS=0",
					"JucePlugin_Build_AAX=0",
					"JucePlugin_Build_Standalone=0",
				);
				GCC_VERSION = com.apple.compilers.llvm.clang.1_0;
				GENERATE_PKGINFO_FILE = YES;
				HEADER_SEARCH_PATHS = (
					"~/SDKs/VST_SDK/VST3_SDK",
					../../JuceLibraryCode,
					"~/SDKs/AAX",
					"~/SDKs/AAX/Interfaces",
					"~/SDKs/AAX/Interfaces/ACF",
					"~/JUCE/modules",
					"~/JUCE/modules/juce_audio_plugin_client",
					"$(inherited)",
					/usr/local/include,
				);
				INFOPLIST_FILE = "Info-VST.plist";
				INFOPLIST_PREPROCESS = NO;
				INSTALL_PATH = "$(HOME)/Library/Audio/Plug-Ins/VST/";
				LIBRARY_SEARCH_PATHS = (
					"$(inherited)",
					/usr/local/Cellar/fftw/3.3.7_1/lib,
					/usr/local/lib,
				);
				LIBRARY_STYLE = Bundle;
				MACOSX_DEPLOYMENT_TARGET = 10.11;
				MACOSX_DEPLOYMENT_TARGET_ppc = 10.4;
				OTHER_LDFLAGS = (
					"-bundle",
					"-lConvolutionReverb",
				);
				PRODUCT_BUNDLE_IDENTIFIER = com.yourcompany.ConvolutionReverb;
				SDKROOT_ppc = macosx10.5;
				USE_HEADERMAP = NO;
				WRAPPER_EXTENSION = vst;
			};
			name = Debug;
		};
		2BEB746056B52BAEA177C9CD /* Release */ = {
			isa = XCBuildConfiguration;
			buildSettings = {
				ALWAYS_SEARCH_USER_PATHS = NO;
				CLANG_WARN_BLOCK_CAPTURE_AUTORELEASING = YES;
				CLANG_WARN_BOOL_CONVERSION = YES;
				CLANG_WARN_COMMA = YES;
				CLANG_WARN_CONSTANT_CONVERSION = YES;
				CLANG_WARN_EMPTY_BODY = YES;
				CLANG_WARN_ENUM_CONVERSION = YES;
				CLANG_WARN_INFINITE_RECURSION = YES;
				CLANG_WARN_INT_CONVERSION = YES;
				CLANG_WARN_NON_LITERAL_NULL_CONVERSION = YES;
				CLANG_WARN_OBJC_LITERAL_CONVERSION = YES;
				CLANG_WARN_RANGE_LOOP_ANALYSIS = YES;
				CLANG_WARN_STRICT_PROTOTYPES = YES;
				CLANG_WARN_SUSPICIOUS_MOVE = YES;
				CLANG_WARN_UNREACHABLE_CODE = YES;
				CLANG_WARN__DUPLICATE_METHOD_MATCH = YES;
				DEBUG_INFORMATION_FORMAT = dwarf;
				ENABLE_STRICT_OBJC_MSGSEND = YES;
				GCC_C_LANGUAGE_STANDARD = c11;
				GCC_INLINES_ARE_PRIVATE_EXTERN = YES;
				GCC_MODEL_TUNING = G5;
				GCC_NO_COMMON_BLOCKS = YES;
				GCC_WARN_64_TO_32_BIT_CONVERSION = YES;
				GCC_WARN_ABOUT_RETURN_TYPE = YES;
				GCC_WARN_CHECK_SWITCH_STATEMENTS = YES;
				GCC_WARN_MISSING_PARENTHESES = YES;
				GCC_WARN_NON_VIRTUAL_DESTRUCTOR = YES;
				GCC_WARN_TYPECHECK_CALLS_TO_PRINTF = YES;
				GCC_WARN_UNDECLARED_SELECTOR = YES;
				GCC_WARN_UNINITIALIZED_AUTOS = YES;
				GCC_WARN_UNUSED_FUNCTION = YES;
				GCC_WARN_UNUSED_VARIABLE = YES;
				PRODUCT_NAME = ConvolutionReverb;
				WARNING_CFLAGS = "-Wreorder";
				ZERO_LINK = NO;
			};
			name = Release;
		};
		31B667E02F377755A639810D /* Debug */ = {
			isa = XCBuildConfiguration;
			buildSettings = {
				CLANG_CXX_LANGUAGE_STANDARD = "c++14";
				CLANG_LINK_OBJC_RUNTIME = NO;
				COMBINE_HIDPI_IMAGES = YES;
				CONFIGURATION_BUILD_DIR = "$(PROJECT_DIR)/build/$(CONFIGURATION)";
				COPY_PHASE_STRIP = NO;
				GCC_DYNAMIC_NO_PIC = NO;
				GCC_OPTIMIZATION_LEVEL = 0;
				GCC_PREPROCESSOR_DEFINITIONS = (
					"_DEBUG=1",
					"DEBUG=1",
					"JUCER_XCODE_MAC_F6D2F4CF=1",
					"JUCE_APP_VERSION=1.0.0",
					"JUCE_APP_VERSION_HEX=0x10000",
					"JucePlugin_Build_VST=0",
					"JucePlugin_Build_VST3=0",
					"JucePlugin_Build_AU=0",
					"JucePlugin_Build_AUv3=0",
					"JucePlugin_Build_RTAS=0",
					"JucePlugin_Build_AAX=0",
					"JucePlugin_Build_Standalone=1",
				);
				GCC_VERSION = com.apple.compilers.llvm.clang.1_0;
				HEADER_SEARCH_PATHS = (
					/usr/local/include,
					"~/SDKs/VST_SDK/VST3_SDK",
					../../JuceLibraryCode,
					"~/SDKs/AAX",
					"~/SDKs/AAX/Interfaces",
					"~/SDKs/AAX/Interfaces/ACF",
					"~/JUCE/modules",
					"~/JUCE/modules/juce_audio_plugin_client",
					"$(inherited)",
				);
				INFOPLIST_FILE = "Info-Standalone_Plugin.plist";
				INFOPLIST_PREPROCESS = NO;
				LIBRARY_SEARCH_PATHS = (
					/usr/local/lib,
					"$(inherited)",
					/usr/local/Cellar/fftw/3.3.7_1/lib,
				);
				MACOSX_DEPLOYMENT_TARGET = 10.11;
				MACOSX_DEPLOYMENT_TARGET_ppc = 10.4;
				OTHER_LDFLAGS = "-lConvolutionReverb";
				PRODUCT_BUNDLE_IDENTIFIER = com.yourcompany.ConvolutionReverb;
				SDKROOT_ppc = macosx10.5;
				USE_HEADERMAP = NO;
			};
			name = Debug;
		};
		4814FEAF2754CD4A65DAFE18 /* Debug */ = {
			isa = XCBuildConfiguration;
			buildSettings = {
				CLANG_CXX_LANGUAGE_STANDARD = "c++14";
				CLANG_LINK_OBJC_RUNTIME = NO;
				COMBINE_HIDPI_IMAGES = YES;
				CONFIGURATION_BUILD_DIR = "$(PROJECT_DIR)/build/$(CONFIGURATION)";
				COPY_PHASE_STRIP = NO;
				DEPLOYMENT_LOCATION = YES;
				DSTROOT = /;
				GCC_DYNAMIC_NO_PIC = NO;
				GCC_OPTIMIZATION_LEVEL = 0;
				GCC_PREPROCESSOR_DEFINITIONS = (
					"_DEBUG=1",
					"DEBUG=1",
					"JUCER_XCODE_MAC_F6D2F4CF=1",
					"JUCE_APP_VERSION=1.0.0",
					"JUCE_APP_VERSION_HEX=0x10000",
					"JucePlugin_Build_VST=0",
					"JucePlugin_Build_VST3=0",
					"JucePlugin_Build_AU=0",
					"JucePlugin_Build_AUv3=0",
					"JucePlugin_Build_RTAS=0",
					"JucePlugin_Build_AAX=1",
					"JucePlugin_Build_Standalone=0",
				);
				GCC_VERSION = com.apple.compilers.llvm.clang.1_0;
				GENERATE_PKGINFO_FILE = YES;
				HEADER_SEARCH_PATHS = (
					/usr/local/include,
					"~/SDKs/VST_SDK/VST3_SDK",
					../../JuceLibraryCode,
					"~/SDKs/AAX",
					"~/SDKs/AAX/Interfaces",
					"~/SDKs/AAX/Interfaces/ACF",
					"~/JUCE/modules",
					"~/JUCE/modules/juce_audio_plugin_client",
					"$(inherited)",
				);
				"HEADER_SEARCH_PATHS[arch=*]" = (
					/usr/local/include,
					"~/SDKs/VST_SDK/VST3_SDK",
					../../JuceLibraryCode,
					"~/SDKs/AAX",
					"~/SDKs/AAX/Interfaces",
					"~/SDKs/AAX/Interfaces/ACF",
					"~/JUCE/modules",
					"~/JUCE/modules/juce_audio_plugin_client",
					"$(inherited)",
				);
				INFOPLIST_FILE = "Info-AAX.plist";
				INFOPLIST_PREPROCESS = NO;
				INSTALL_PATH = "/Library/Application Support/Avid/Audio/Plug-Ins/";
				LIBRARY_SEARCH_PATHS = (
					/usr/local/lib,
					"$(inherited)",
					"\"$(HOME)/SDKs/AAX/Libs/Debug\"",
					/usr/local/Cellar/fftw/3.3.7_1/lib,
				);
				LIBRARY_STYLE = Bundle;
				MACOSX_DEPLOYMENT_TARGET = 10.11;
				MACOSX_DEPLOYMENT_TARGET_ppc = 10.4;
				OTHER_LDFLAGS = (
					"-bundle",
					"-lAAXLibrary_libcpp",
					"-lConvolutionReverb",
				);
				PRODUCT_BUNDLE_IDENTIFIER = com.yourcompany.ConvolutionReverb;
				SDKROOT_ppc = macosx10.5;
				USE_HEADERMAP = NO;
				WRAPPER_EXTENSION = aaxplugin;
			};
			name = Debug;
		};
		6C99DB5F5415D0A2EC3698E9 /* Release */ = {
			isa = XCBuildConfiguration;
			buildSettings = {
				CLANG_CXX_LANGUAGE_STANDARD = "c++14";
				CLANG_LINK_OBJC_RUNTIME = NO;
				COMBINE_HIDPI_IMAGES = YES;
				CONFIGURATION_BUILD_DIR = "$(PROJECT_DIR)/build/$(CONFIGURATION)";
				DEAD_CODE_STRIPPING = YES;
				GCC_GENERATE_DEBUGGING_SYMBOLS = NO;
				GCC_OPTIMIZATION_LEVEL = 3;
				GCC_PREPROCESSOR_DEFINITIONS = (
					"_NDEBUG=1",
					"NDEBUG=1",
					"JUCER_XCODE_MAC_F6D2F4CF=1",
					"JUCE_APP_VERSION=1.0.0",
					"JUCE_APP_VERSION_HEX=0x10000",
					"JucePlugin_Build_VST=0",
					"JucePlugin_Build_VST3=0",
					"JucePlugin_Build_AU=0",
					"JucePlugin_Build_AUv3=0",
					"JucePlugin_Build_RTAS=0",
					"JucePlugin_Build_AAX=0",
					"JucePlugin_Build_Standalone=1",
				);
				GCC_SYMBOLS_PRIVATE_EXTERN = YES;
				GCC_VERSION = com.apple.compilers.llvm.clang.1_0;
				HEADER_SEARCH_PATHS = (
					/usr/local/include,
					"~/SDKs/VST_SDK/VST3_SDK",
					../../JuceLibraryCode,
					"~/SDKs/AAX",
					"~/SDKs/AAX/Interfaces",
					"~/SDKs/AAX/Interfaces/ACF",
					"~/JUCE/modules",
					"~/JUCE/modules/juce_audio_plugin_client",
					"$(inherited)",
				);
				INFOPLIST_FILE = "Info-Standalone_Plugin.plist";
				INFOPLIST_PREPROCESS = NO;
				LIBRARY_SEARCH_PATHS = (
					/usr/local/lib,
					"$(inherited)",
					/usr/local/Cellar/fftw/3.3.7_1/lib,
				);
				LLVM_LTO = YES;
				MACOSX_DEPLOYMENT_TARGET = 10.11;
				MACOSX_DEPLOYMENT_TARGET_ppc = 10.4;
				OTHER_LDFLAGS = "-lConvolutionReverb";
				PRODUCT_BUNDLE_IDENTIFIER = com.yourcompany.ConvolutionReverb;
				SDKROOT_ppc = macosx10.5;
				USE_HEADERMAP = NO;
			};
			name = Release;
		};
		75DC305C8647B9FA5F774AC3 /* Release */ = {
			isa = XCBuildConfiguration;
			buildSettings = {
				CLANG_CXX_LANGUAGE_STANDARD = "c++14";
				CLANG_LINK_OBJC_RUNTIME = NO;
				COMBINE_HIDPI_IMAGES = YES;
				CONFIGURATION_BUILD_DIR = "$(PROJECT_DIR)/build/$(CONFIGURATION)";
				DEAD_CODE_STRIPPING = YES;
				DEPLOYMENT_LOCATION = YES;
				DSTROOT = /;
				GCC_GENERATE_DEBUGGING_SYMBOLS = NO;
				GCC_OPTIMIZATION_LEVEL = 3;
				GCC_PREPROCESSOR_DEFINITIONS = (
					"_NDEBUG=1",
					"NDEBUG=1",
					"JUCER_XCODE_MAC_F6D2F4CF=1",
					"JUCE_APP_VERSION=1.0.0",
					"JUCE_APP_VERSION_HEX=0x10000",
					"JucePlugin_Build_VST=0",
					"JucePlugin_Build_VST3=0",
					"JucePlugin_Build_AU=0",
					"JucePlugin_Build_AUv3=0",
					"JucePlugin_Build_RTAS=0",
					"JucePlugin_Build_AAX=1",
					"JucePlugin_Build_Standalone=0",
				);
				GCC_SYMBOLS_PRIVATE_EXTERN = YES;
				GCC_VERSION = com.apple.compilers.llvm.clang.1_0;
				GENERATE_PKGINFO_FILE = YES;
				HEADER_SEARCH_PATHS = (
					/usr/local/include,
					"~/SDKs/VST_SDK/VST3_SDK",
					../../JuceLibraryCode,
					"~/SDKs/AAX",
					"~/SDKs/AAX/Interfaces",
					"~/SDKs/AAX/Interfaces/ACF",
					"~/JUCE/modules",
					"~/JUCE/modules/juce_audio_plugin_client",
					"$(inherited)",
				);
				"HEADER_SEARCH_PATHS[arch=*]" = (
					/usr/local/include,
					"~/SDKs/VST_SDK/VST3_SDK",
					../../JuceLibraryCode,
					"~/SDKs/AAX",
					"~/SDKs/AAX/Interfaces",
					"~/SDKs/AAX/Interfaces/ACF",
					"~/JUCE/modules",
					"~/JUCE/modules/juce_audio_plugin_client",
					"$(inherited)",
				);
				INFOPLIST_FILE = "Info-AAX.plist";
				INFOPLIST_PREPROCESS = NO;
				INSTALL_PATH = "/Library/Application Support/Avid/Audio/Plug-Ins/";
				LIBRARY_SEARCH_PATHS = (
					/usr/local/lib,
					"$(inherited)",
					"\"$(HOME)/SDKs/AAX/Libs/Release\"",
					/usr/local/Cellar/fftw/3.3.7_1/lib,
				);
				LIBRARY_STYLE = Bundle;
				LLVM_LTO = YES;
				MACOSX_DEPLOYMENT_TARGET = 10.11;
				MACOSX_DEPLOYMENT_TARGET_ppc = 10.4;
				OTHER_LDFLAGS = (
					"-bundle",
					"-lAAXLibrary_libcpp",
					"-lConvolutionReverb",
				);
				PRODUCT_BUNDLE_IDENTIFIER = com.yourcompany.ConvolutionReverb;
				SDKROOT_ppc = macosx10.5;
				USE_HEADERMAP = NO;
				WRAPPER_EXTENSION = aaxplugin;
			};
			name = Release;
		};
		7A3810DC451164C0FBADE91A /* Release */ = {
			isa = XCBuildConfiguration;
			buildSettings = {
				HEADER_SEARCH_PATHS = /usr/local/include;
				"HEADER_SEARCH_PATHS[arch=*]" = /usr/local/include;
				LIBRARY_SEARCH_PATHS = /usr/local/lib;
				"LIBRARY_SEARCH_PATHS[arch=*]" = /usr/local/lib;
				MACOSX_DEPLOYMENT_TARGET = 10.11;
			};
			name = Release;
		};
		97BFF262D1B205EA398AF7DC /* Debug */ = {
			isa = XCBuildConfiguration;
			buildSettings = {
				ALWAYS_SEARCH_USER_PATHS = NO;
				CLANG_WARN_BLOCK_CAPTURE_AUTORELEASING = YES;
				CLANG_WARN_BOOL_CONVERSION = YES;
				CLANG_WARN_COMMA = YES;
				CLANG_WARN_CONSTANT_CONVERSION = YES;
				CLANG_WARN_EMPTY_BODY = YES;
				CLANG_WARN_ENUM_CONVERSION = YES;
				CLANG_WARN_INFINITE_RECURSION = YES;
				CLANG_WARN_INT_CONVERSION = YES;
				CLANG_WARN_NON_LITERAL_NULL_CONVERSION = YES;
				CLANG_WARN_OBJC_LITERAL_CONVERSION = YES;
				CLANG_WARN_RANGE_LOOP_ANALYSIS = YES;
				CLANG_WARN_STRICT_PROTOTYPES = YES;
				CLANG_WARN_SUSPICIOUS_MOVE = YES;
				CLANG_WARN_UNREACHABLE_CODE = YES;
				CLANG_WARN__DUPLICATE_METHOD_MATCH = YES;
				DEBUG_INFORMATION_FORMAT = dwarf;
				ENABLE_STRICT_OBJC_MSGSEND = YES;
				ENABLE_TESTABILITY = YES;
				GCC_C_LANGUAGE_STANDARD = c11;
				GCC_INLINES_ARE_PRIVATE_EXTERN = YES;
				GCC_MODEL_TUNING = G5;
				GCC_NO_COMMON_BLOCKS = YES;
				GCC_WARN_64_TO_32_BIT_CONVERSION = YES;
				GCC_WARN_ABOUT_RETURN_TYPE = YES;
				GCC_WARN_CHECK_SWITCH_STATEMENTS = YES;
				GCC_WARN_MISSING_PARENTHESES = YES;
				GCC_WARN_NON_VIRTUAL_DESTRUCTOR = YES;
				GCC_WARN_TYPECHECK_CALLS_TO_PRINTF = YES;
				GCC_WARN_UNDECLARED_SELECTOR = YES;
				GCC_WARN_UNINITIALIZED_AUTOS = YES;
				GCC_WARN_UNUSED_FUNCTION = YES;
				GCC_WARN_UNUSED_VARIABLE = YES;
				ONLY_ACTIVE_ARCH = YES;
				PRODUCT_NAME = ConvolutionReverb;
				WARNING_CFLAGS = "-Wreorder";
				ZERO_LINK = NO;
			};
			name = Debug;
		};
		A22D5086C197AEA62F254F46 /* Release */ = {
			isa = XCBuildConfiguration;
			buildSettings = {
				CLANG_CXX_LANGUAGE_STANDARD = "c++14";
				CLANG_LINK_OBJC_RUNTIME = NO;
				COMBINE_HIDPI_IMAGES = YES;
				CONFIGURATION_BUILD_DIR = "$(PROJECT_DIR)/build/$(CONFIGURATION)";
				DEAD_CODE_STRIPPING = YES;
				DEPLOYMENT_LOCATION = YES;
				DSTROOT = /;
				GCC_GENERATE_DEBUGGING_SYMBOLS = NO;
				GCC_OPTIMIZATION_LEVEL = 3;
				GCC_PREPROCESSOR_DEFINITIONS = (
					"_NDEBUG=1",
					"NDEBUG=1",
					"JUCER_XCODE_MAC_F6D2F4CF=1",
					"JUCE_APP_VERSION=1.0.0",
					"JUCE_APP_VERSION_HEX=0x10000",
					"JucePlugin_Build_VST=1",
					"JucePlugin_Build_VST3=0",
					"JucePlugin_Build_AU=0",
					"JucePlugin_Build_AUv3=0",
					"JucePlugin_Build_RTAS=0",
					"JucePlugin_Build_AAX=0",
					"JucePlugin_Build_Standalone=0",
				);
				GCC_SYMBOLS_PRIVATE_EXTERN = YES;
				GCC_VERSION = com.apple.compilers.llvm.clang.1_0;
				GENERATE_PKGINFO_FILE = YES;
				HEADER_SEARCH_PATHS = (
					"~/SDKs/VST_SDK/VST3_SDK",
					../../JuceLibraryCode,
					"~/SDKs/AAX",
					"~/SDKs/AAX/Interfaces",
					"~/SDKs/AAX/Interfaces/ACF",
					"~/JUCE/modules",
					"~/JUCE/modules/juce_audio_plugin_client",
					"$(inherited)",
					/usr/local/include,
				);
				INFOPLIST_FILE = "Info-VST.plist";
				INFOPLIST_PREPROCESS = NO;
				INSTALL_PATH = "$(HOME)/Library/Audio/Plug-Ins/VST/";
				LIBRARY_SEARCH_PATHS = (
					"$(inherited)",
					/usr/local/Cellar/fftw/3.3.7_1/lib,
					/usr/local/lib,
				);
				LIBRARY_STYLE = Bundle;
				LLVM_LTO = YES;
				MACOSX_DEPLOYMENT_TARGET = 10.11;
				MACOSX_DEPLOYMENT_TARGET_ppc = 10.4;
				OTHER_LDFLAGS = (
					"-bundle",
					"-lConvolutionReverb",
				);
				PRODUCT_BUNDLE_IDENTIFIER = com.yourcompany.ConvolutionReverb;
				SDKROOT_ppc = macosx10.5;
				USE_HEADERMAP = NO;
				WRAPPER_EXTENSION = vst;
			};
			name = Release;
		};
		AB08D25A9C46667A084FFA8E /* Debug */ = {
			isa = XCBuildConfiguration;
			buildSettings = {
				CLANG_CXX_LANGUAGE_STANDARD = "c++14";
				CLANG_LINK_OBJC_RUNTIME = NO;
				COMBINE_HIDPI_IMAGES = YES;
				CONFIGURATION_BUILD_DIR = "$(PROJECT_DIR)/build/$(CONFIGURATION)";
				COPY_PHASE_STRIP = NO;
				DEPLOYMENT_LOCATION = YES;
				DSTROOT = /;
				GCC_DYNAMIC_NO_PIC = NO;
				GCC_OPTIMIZATION_LEVEL = 0;
				GCC_PREPROCESSOR_DEFINITIONS = (
					"_DEBUG=1",
					"DEBUG=1",
					"JUCER_XCODE_MAC_F6D2F4CF=1",
					"JUCE_APP_VERSION=1.0.0",
					"JUCE_APP_VERSION_HEX=0x10000",
					"JucePlugin_Build_VST=0",
					"JucePlugin_Build_VST3=0",
					"JucePlugin_Build_AU=1",
					"JucePlugin_Build_AUv3=0",
					"JucePlugin_Build_RTAS=0",
					"JucePlugin_Build_AAX=0",
					"JucePlugin_Build_Standalone=0",
				);
				GCC_VERSION = com.apple.compilers.llvm.clang.1_0;
				GENERATE_PKGINFO_FILE = YES;
				HEADER_SEARCH_PATHS = (
					/usr/local/include,
					"~/SDKs/VST_SDK/VST3_SDK",
					../../JuceLibraryCode,
					"~/SDKs/AAX",
					"~/SDKs/AAX/Interfaces",
					"~/SDKs/AAX/Interfaces/ACF",
					"~/JUCE/modules",
					"~/JUCE/modules/juce_audio_plugin_client",
					"$(inherited)",
				);
				INFOPLIST_FILE = "Info-AU.plist";
				INFOPLIST_PREPROCESS = NO;
				INSTALL_PATH = "$(HOME)/Library/Audio/Plug-Ins/Components/";
				LIBRARY_SEARCH_PATHS = /usr/local/lib;
				LIBRARY_STYLE = Bundle;
				MACOSX_DEPLOYMENT_TARGET = 10.11;
				MACOSX_DEPLOYMENT_TARGET_ppc = 10.4;
				OTHER_LDFLAGS = (
					"-bundle",
					"-lConvolutionReverb",
				);
				OTHER_REZFLAGS = "-d ppc_$ppc -d i386_$i386 -d ppc64_$ppc64 -d x86_64_$x86_64 -I /System/Library/Frameworks/CoreServices.framework/Frameworks/CarbonCore.framework/Versions/A/Headers -I \"$(DEVELOPER_DIR)/Extras/CoreAudio/AudioUnits/AUPublic/AUBase\"";
				PRODUCT_BUNDLE_IDENTIFIER = com.yourcompany.ConvolutionReverb;
				SDKROOT_ppc = macosx10.5;
				USE_HEADERMAP = NO;
				WRAPPER_EXTENSION = component;
			};
			name = Debug;
		};
		BDEBDA687D33338F0BFF729A /* Release */ = {
			isa = XCBuildConfiguration;
			buildSettings = {
				CLANG_CXX_LANGUAGE_STANDARD = "c++14";
				CLANG_LINK_OBJC_RUNTIME = NO;
				COMBINE_HIDPI_IMAGES = YES;
				CONFIGURATION_BUILD_DIR = "$(PROJECT_DIR)/build/$(CONFIGURATION)";
				DEAD_CODE_STRIPPING = YES;
				GCC_GENERATE_DEBUGGING_SYMBOLS = NO;
				GCC_OPTIMIZATION_LEVEL = 3;
				GCC_PREPROCESSOR_DEFINITIONS = (
					"_NDEBUG=1",
					"NDEBUG=1",
					"JUCER_XCODE_MAC_F6D2F4CF=1",
					"JUCE_APP_VERSION=1.0.0",
					"JUCE_APP_VERSION_HEX=0x10000",
					"JucePlugin_Build_VST=1",
					"JucePlugin_Build_VST3=1",
					"JucePlugin_Build_AU=1",
					"JucePlugin_Build_AUv3=0",
					"JucePlugin_Build_RTAS=0",
					"JucePlugin_Build_AAX=1",
					"JucePlugin_Build_Standalone=1",
					"JUCE_SHARED_CODE=1",
				);
				GCC_SYMBOLS_PRIVATE_EXTERN = YES;
				GCC_VERSION = com.apple.compilers.llvm.clang.1_0;
				HEADER_SEARCH_PATHS = (
					/usr/local/include,
					"~/SDKs/VST_SDK/VST3_SDK",
					../../JuceLibraryCode,
					"~/SDKs/AAX",
					"~/SDKs/AAX/Interfaces",
					"~/SDKs/AAX/Interfaces/ACF",
					"~/JUCE/modules",
					"~/JUCE/modules/juce_audio_plugin_client",
					"$(inherited)",
				);
				INSTALL_PATH = "@executable_path/../Frameworks";
				LIBRARY_SEARCH_PATHS = /usr/local/lib;
				LLVM_LTO = YES;
				MACOSX_DEPLOYMENT_TARGET = 10.11;
				MACOSX_DEPLOYMENT_TARGET_ppc = 10.4;
				PRODUCT_BUNDLE_IDENTIFIER = com.yourcompany.ConvolutionReverb;
				SDKROOT_ppc = macosx10.5;
				USE_HEADERMAP = NO;
			};
			name = Release;
		};
		EE6FBD425E5779E32AABFB94 /* Release */ = {
			isa = XCBuildConfiguration;
			buildSettings = {
				CLANG_CXX_LANGUAGE_STANDARD = "c++14";
				CLANG_LINK_OBJC_RUNTIME = NO;
				COMBINE_HIDPI_IMAGES = YES;
				CONFIGURATION_BUILD_DIR = "$(PROJECT_DIR)/build/$(CONFIGURATION)";
				DEAD_CODE_STRIPPING = YES;
				DEPLOYMENT_LOCATION = YES;
				DSTROOT = /;
				GCC_GENERATE_DEBUGGING_SYMBOLS = NO;
				GCC_OPTIMIZATION_LEVEL = 3;
				GCC_PREPROCESSOR_DEFINITIONS = (
					"_NDEBUG=1",
					"NDEBUG=1",
					"JUCER_XCODE_MAC_F6D2F4CF=1",
					"JUCE_APP_VERSION=1.0.0",
					"JUCE_APP_VERSION_HEX=0x10000",
					"JucePlugin_Build_VST=0",
					"JucePlugin_Build_VST3=1",
					"JucePlugin_Build_AU=0",
					"JucePlugin_Build_AUv3=0",
					"JucePlugin_Build_RTAS=0",
					"JucePlugin_Build_AAX=0",
					"JucePlugin_Build_Standalone=0",
				);
				GCC_SYMBOLS_PRIVATE_EXTERN = YES;
				GCC_VERSION = com.apple.compilers.llvm.clang.1_0;
				GENERATE_PKGINFO_FILE = YES;
				HEADER_SEARCH_PATHS = (
					/usr/local/include,
					"~/SDKs/VST_SDK/VST3_SDK",
					../../JuceLibraryCode,
					"~/SDKs/AAX",
					"~/SDKs/AAX/Interfaces",
					"~/SDKs/AAX/Interfaces/ACF",
					"~/JUCE/modules",
					"~/JUCE/modules/juce_audio_plugin_client",
					"$(inherited)",
				);
				INFOPLIST_FILE = "Info-VST3.plist";
				INFOPLIST_PREPROCESS = NO;
				INSTALL_PATH = "$(HOME)/Library/Audio/Plug-Ins/VST3/";
				LIBRARY_SEARCH_PATHS = (
					/usr/local/lib,
					"$(inherited)",
					/usr/local/Cellar/fftw/3.3.7_1/lib,
				);
				LIBRARY_STYLE = Bundle;
				LLVM_LTO = YES;
				MACOSX_DEPLOYMENT_TARGET = 10.11;
				MACOSX_DEPLOYMENT_TARGET_ppc = 10.4;
				OTHER_LDFLAGS = (
					"-bundle",
					"-lConvolutionReverb",
				);
				PRODUCT_BUNDLE_IDENTIFIER = com.yourcompany.ConvolutionReverb;
				SDKROOT_ppc = macosx10.5;
				USE_HEADERMAP = NO;
				WRAPPER_EXTENSION = vst3;
			};
			name = Release;
		};
		EEBD302F507D215A9039C441 /* Debug */ = {
			isa = XCBuildConfiguration;
			buildSettings = {
				HEADER_SEARCH_PATHS = /usr/local/include;
				"HEADER_SEARCH_PATHS[arch=*]" = /usr/local/include;
				LIBRARY_SEARCH_PATHS = /usr/local/lib;
				"LIBRARY_SEARCH_PATHS[arch=*]" = /usr/local/lib;
				MACOSX_DEPLOYMENT_TARGET = 10.11;
			};
			name = Debug;
		};
		F267A4B4BD8DBA6C3046351D /* Debug */ = {
			isa = XCBuildConfiguration;
			buildSettings = {
				CLANG_CXX_LANGUAGE_STANDARD = "c++14";
				CLANG_LINK_OBJC_RUNTIME = NO;
				COMBINE_HIDPI_IMAGES = YES;
				CONFIGURATION_BUILD_DIR = "$(PROJECT_DIR)/build/$(CONFIGURATION)";
				COPY_PHASE_STRIP = NO;
				DEPLOYMENT_LOCATION = YES;
				DSTROOT = /;
				GCC_DYNAMIC_NO_PIC = NO;
				GCC_OPTIMIZATION_LEVEL = 0;
				GCC_PREPROCESSOR_DEFINITIONS = (
					"_DEBUG=1",
					"DEBUG=1",
					"JUCER_XCODE_MAC_F6D2F4CF=1",
					"JUCE_APP_VERSION=1.0.0",
					"JUCE_APP_VERSION_HEX=0x10000",
					"JucePlugin_Build_VST=0",
					"JucePlugin_Build_VST3=1",
					"JucePlugin_Build_AU=0",
					"JucePlugin_Build_AUv3=0",
					"JucePlugin_Build_RTAS=0",
					"JucePlugin_Build_AAX=0",
					"JucePlugin_Build_Standalone=0",
				);
				GCC_VERSION = com.apple.compilers.llvm.clang.1_0;
				GENERATE_PKGINFO_FILE = YES;
				HEADER_SEARCH_PATHS = (
					/usr/local/include,
					"~/SDKs/VST_SDK/VST3_SDK",
					../../JuceLibraryCode,
					"~/SDKs/AAX",
					"~/SDKs/AAX/Interfaces",
					"~/SDKs/AAX/Interfaces/ACF",
					"~/JUCE/modules",
					"~/JUCE/modules/juce_audio_plugin_client",
					"$(inherited)",
				);
				INFOPLIST_FILE = "Info-VST3.plist";
				INFOPLIST_PREPROCESS = NO;
				INSTALL_PATH = "$(HOME)/Library/Audio/Plug-Ins/VST3/";
				LIBRARY_SEARCH_PATHS = (
					/usr/local/lib,
					"$(inherited)",
					/usr/local/Cellar/fftw/3.3.7_1/lib,
				);
				LIBRARY_STYLE = Bundle;
				MACOSX_DEPLOYMENT_TARGET = 10.11;
				MACOSX_DEPLOYMENT_TARGET_ppc = 10.4;
				OTHER_LDFLAGS = (
					"-bundle",
					"-lConvolutionReverb",
				);
				PRODUCT_BUNDLE_IDENTIFIER = com.yourcompany.ConvolutionReverb;
				SDKROOT_ppc = macosx10.5;
				USE_HEADERMAP = NO;
				WRAPPER_EXTENSION = vst3;
			};
			name = Debug;
		};
/* End XCBuildConfiguration section */

/* Begin XCConfigurationList section */
		5186C9693D75AC61B5F91F90 /* Build configuration list for PBXNativeTarget "ConvolutionReverb - AAX" */ = {
			isa = XCConfigurationList;
			buildConfigurations = (
				4814FEAF2754CD4A65DAFE18 /* Debug */,
				75DC305C8647B9FA5F774AC3 /* Release */,
			);
			defaultConfigurationIsVisible = 0;
			defaultConfigurationName = Debug;
		};
		5907D2DD4CD80B4D5064F8A6 /* Build configuration list for PBXNativeTarget "ConvolutionReverb - VST" */ = {
			isa = XCConfigurationList;
			buildConfigurations = (
				1AEA732260280B4F03127AE3 /* Debug */,
				A22D5086C197AEA62F254F46 /* Release */,
			);
			defaultConfigurationIsVisible = 0;
			defaultConfigurationName = Debug;
		};
		99082696977CB6EE88097FEC /* Build configuration list for PBXAggregateTarget "ConvolutionReverb - All" */ = {
			isa = XCConfigurationList;
			buildConfigurations = (
				EEBD302F507D215A9039C441 /* Debug */,
				7A3810DC451164C0FBADE91A /* Release */,
			);
			defaultConfigurationIsVisible = 0;
			defaultConfigurationName = Debug;
		};
		A32EED110BA40893EE599D87 /* Build configuration list for PBXNativeTarget "ConvolutionReverb - Shared Code" */ = {
			isa = XCConfigurationList;
			buildConfigurations = (
				1553513F87F9EF1958D4F1C7 /* Debug */,
				BDEBDA687D33338F0BFF729A /* Release */,
			);
			defaultConfigurationIsVisible = 0;
			defaultConfigurationName = Debug;
		};
		A640C66DE432E457B6C8058E /* Build configuration list for PBXProject "ConvolutionReverb" */ = {
			isa = XCConfigurationList;
			buildConfigurations = (
				97BFF262D1B205EA398AF7DC /* Debug */,
				2BEB746056B52BAEA177C9CD /* Release */,
			);
			defaultConfigurationIsVisible = 0;
			defaultConfigurationName = Debug;
		};
		E536F34CEAE284D9D4E90EB7 /* Build configuration list for PBXNativeTarget "ConvolutionReverb - AU" */ = {
			isa = XCConfigurationList;
			buildConfigurations = (
				AB08D25A9C46667A084FFA8E /* Debug */,
				161FA2F1635E24182B45C82A /* Release */,
			);
			defaultConfigurationIsVisible = 0;
			defaultConfigurationName = Debug;
		};
		F383BB0BADD8815082F5FA8C /* Build configuration list for PBXNativeTarget "ConvolutionReverb - Standalone Plugin" */ = {
			isa = XCConfigurationList;
			buildConfigurations = (
				31B667E02F377755A639810D /* Debug */,
				6C99DB5F5415D0A2EC3698E9 /* Release */,
			);
			defaultConfigurationIsVisible = 0;
			defaultConfigurationName = Debug;
		};
		F43532B88F69C29034989E9D /* Build configuration list for PBXNativeTarget "ConvolutionReverb - VST3" */ = {
			isa = XCConfigurationList;
			buildConfigurations = (
				F267A4B4BD8DBA6C3046351D /* Debug */,
				EE6FBD425E5779E32AABFB94 /* Release */,
			);
			defaultConfigurationIsVisible = 0;
			defaultConfigurationName = Debug;
		};
/* End XCConfigurationList section */
	};
	rootObject = EC8AD3C2A3C7AA0C4103E08A /* Project object */;
}
