Microsoft Visual Studio Solution File, Format Version 11.00
# Visual Studio 2017

Project("{8BC9CEB8-8B4A-11D0-8D11-00A0C91BC942}") = "ConvolutionReverb - Standalone Plugin", "ConvolutionReverb_StandalonePlugin.vcxproj", "{0A2DE193-0814-C6DB-CF76-2DCCBA8AF1DE}"
	ProjectSection(ProjectDependencies) = postProject
		{D3976CEF-C2D1-A2DF-87BD-633117848CCC} = {D3976CEF-C2D1-A2DF-87BD-633117848CCC}
	EndProjectSection
EndProject
Project("{8BC9CEB8-8B4A-11D0-8D11-00A0C91BC942}") = "ConvolutionReverb - VST", "ConvolutionReverb_VST.vcxproj", "{95E1B023-ADAC-9906-98E8-5B68A0747170}"
	ProjectSection(ProjectDependencies) = postProject
		{D3976CEF-C2D1-A2DF-87BD-633117848CCC} = {D3976CEF-C2D1-A2DF-87BD-633117848CCC}
	EndProjectSection
EndProject
Project("{8BC9CEB8-8B4A-11D0-8D11-00A0C91BC942}") = "ConvolutionReverb - Shared Code", "ConvolutionReverb_SharedCode.vcxproj", "{D3976CEF-C2D1-A2DF-87BD-633117848CCC}"
EndProject
Global
	GlobalSection(SolutionConfigurationPlatforms) = preSolution
		Debug|x64 = Debug|x64
		Release|x64 = Release|x64
	EndGlobalSection
	GlobalSection(ProjectConfigurationPlatforms) = postSolution
		{95E1B023-ADAC-9906-98E8-5B68A0747170}.Debug|x64.ActiveCfg = Debug|x64
		{95E1B023-ADAC-9906-98E8-5B68A0747170}.Debug|x64.Build.0 = Debug|x64
		{95E1B023-ADAC-9906-98E8-5B68A0747170}.Release|x64.ActiveCfg = Release|x64
		{95E1B023-ADAC-9906-98E8-5B68A0747170}.Release|x64.Build.0 = Release|x64
		{0A2DE193-0814-C6DB-CF76-2DCCBA8AF1DE}.Debug|x64.ActiveCfg = Debug|x64
		{0A2DE193-0814-C6DB-CF76-2DCCBA8AF1DE}.Debug|x64.Build.0 = Debug|x64
		{0A2DE193-0814-C6DB-CF76-2DCCBA8AF1DE}.Release|x64.ActiveCfg = Release|x64
		{0A2DE193-0814-C6DB-CF76-2DCCBA8AF1DE}.Release|x64.Build.0 = Release|x64
		{D3976CEF-C2D1-A2DF-87BD-633117848CCC}.Debug|x64.ActiveCfg = Debug|x64
		{D3976CEF-C2D1-A2DF-87BD-633117848CCC}.Debug|x64.Build.0 = Debug|x64
		{D3976CEF-C2D1-A2DF-87BD-633117848CCC}.Release|x64.ActiveCfg = Release|x64
		{D3976CEF-C2D1-A2DF-87BD-633117848CCC}.Release|x64.Build.0 = Release|x64
	EndGlobalSection
	GlobalSection(SolutionProperties) = preSolution
		HideSolutionNode = FALSE
	EndGlobalSection
EndGlobal
