// !$*UTF8*$!
{
	archiveVersion = 1;
	classes = {
	};
	objectVersion = 46;
	objects = {

/* Begin PBXAggregateTarget section */
		7CF799DD191017695843AFEF /* AmericanUniversityCompressor - All */ = {
			isa = PBXAggregateTarget;
			buildConfigurationList = 40E623A75B89EBCBAAFE1C60 /* Build configuration list for PBXAggregateTarget "AmericanUniversityCompressor - All" */;
			buildPhases = (
			);
			dependencies = (
				9F75CCA4464D2EBCEB8BFC7E /* PBXTargetDependency */,
				F1B9C9E1A3DE3020D553E972 /* PBXTargetDependency */,
				AE28C2E5D0B906205D9DB888 /* PBXTargetDependency */,
				C8AB1E3E403A35B3DC2BA331 /* PBXTargetDependency */,
				C732CC58057C40B002F0AFAB /* PBXTargetDependency */,
				7D26789190DA6DCB59744402 /* PBXTargetDependency */,
			);
			name = "AmericanUniversityCompressor - All";
			productName = AmericanUniversityCompressor;
		};
/* End PBXAggregateTarget section */

/* Begin PBXBuildFile section */
		0C8235686674159256FC4527 /* AudioUnit.framework in Frameworks */ = {isa = PBXBuildFile; fileRef = 93BABC781B292A90B801103B /* AudioUnit.framework */; };
		0E5BF281C75643F929DE7DCC /* include_juce_audio_plugin_client_AU_2.mm in Sources */ = {isa = PBXBuildFile; fileRef = 7C8F998F7757009571FBD86C /* include_juce_audio_plugin_client_AU_2.mm */; };
		19842DEE20294190003439B2 /* RecentFilesMenuTemplate.nib in Resources */ = {isa = PBXBuildFile; fileRef = 34618F83DEB2E710B8F2F22B /* RecentFilesMenuTemplate.nib */; };
		19842DEF20294190003439B2 /* Accelerate.framework in Frameworks */ = {isa = PBXBuildFile; fileRef = C82459B07EE725CE91C557C5 /* Accelerate.framework */; };
		19842DF020294190003439B2 /* AudioToolbox.framework in Frameworks */ = {isa = PBXBuildFile; fileRef = 361D44E5247E14055C7E6845 /* AudioToolbox.framework */; };
		19842DF120294190003439B2 /* AVFoundation.framework in Frameworks */ = {isa = PBXBuildFile; fileRef = A048673E5F7D37F34A701067 /* AVFoundation.framework */; };
		19842DF220294190003439B2 /* AVKit.framework in Frameworks */ = {isa = PBXBuildFile; fileRef = 4F79B0BF172A0A1919CCA499 /* AVKit.framework */; };
		19842DF320294190003439B2 /* Carbon.framework in Frameworks */ = {isa = PBXBuildFile; fileRef = D4903A8878E82ED1DF10370D /* Carbon.framework */; };
		19842DF420294190003439B2 /* Cocoa.framework in Frameworks */ = {isa = PBXBuildFile; fileRef = C6F5EF2B411FE9E632CB6B57 /* Cocoa.framework */; };
		19842DF520294190003439B2 /* CoreAudio.framework in Frameworks */ = {isa = PBXBuildFile; fileRef = 429630420F0FC57E09E71C3C /* CoreAudio.framework */; };
		19842DF620294190003439B2 /* CoreMedia.framework in Frameworks */ = {isa = PBXBuildFile; fileRef = 0D60905B712161C584D4BE69 /* CoreMedia.framework */; };
		19842DF720294190003439B2 /* CoreMIDI.framework in Frameworks */ = {isa = PBXBuildFile; fileRef = 4CE3BC4A9EA469C6C2B403E4 /* CoreMIDI.framework */; };
		19842DF820294190003439B2 /* DiscRecording.framework in Frameworks */ = {isa = PBXBuildFile; fileRef = 721ED8A72506148FD480D789 /* DiscRecording.framework */; };
		19842DF920294190003439B2 /* IOKit.framework in Frameworks */ = {isa = PBXBuildFile; fileRef = 820E61580C54E363D78E3F58 /* IOKit.framework */; };
		19842DFA20294190003439B2 /* OpenGL.framework in Frameworks */ = {isa = PBXBuildFile; fileRef = B93D263755FC929E3EE78E60 /* OpenGL.framework */; };
		19842DFB20294190003439B2 /* QuartzCore.framework in Frameworks */ = {isa = PBXBuildFile; fileRef = F60AA7A99684175502451382 /* QuartzCore.framework */; };
		19842DFC20294190003439B2 /* WebKit.framework in Frameworks */ = {isa = PBXBuildFile; fileRef = 08448C0557E0AB81B7E1DFAB /* WebKit.framework */; };
		19842DFD20294190003439B2 /* RecentFilesMenuTemplate.nib in Resources */ = {isa = PBXBuildFile; fileRef = 34618F83DEB2E710B8F2F22B /* RecentFilesMenuTemplate.nib */; };
		19842DFE20294190003439B2 /* Accelerate.framework in Frameworks */ = {isa = PBXBuildFile; fileRef = C82459B07EE725CE91C557C5 /* Accelerate.framework */; };
		19842DFF20294190003439B2 /* AudioToolbox.framework in Frameworks */ = {isa = PBXBuildFile; fileRef = 361D44E5247E14055C7E6845 /* AudioToolbox.framework */; };
		19842E0020294190003439B2 /* AVFoundation.framework in Frameworks */ = {isa = PBXBuildFile; fileRef = A048673E5F7D37F34A701067 /* AVFoundation.framework */; };
		19842E0120294190003439B2 /* AVKit.framework in Frameworks */ = {isa = PBXBuildFile; fileRef = 4F79B0BF172A0A1919CCA499 /* AVKit.framework */; };
		19842E0220294190003439B2 /* Carbon.framework in Frameworks */ = {isa = PBXBuildFile; fileRef = D4903A8878E82ED1DF10370D /* Carbon.framework */; };
		19842E0320294190003439B2 /* Cocoa.framework in Frameworks */ = {isa = PBXBuildFile; fileRef = C6F5EF2B411FE9E632CB6B57 /* Cocoa.framework */; };
		19842E0420294190003439B2 /* CoreAudio.framework in Frameworks */ = {isa = PBXBuildFile; fileRef = 429630420F0FC57E09E71C3C /* CoreAudio.framework */; };
		19842E0520294190003439B2 /* CoreMedia.framework in Frameworks */ = {isa = PBXBuildFile; fileRef = 0D60905B712161C584D4BE69 /* CoreMedia.framework */; };
		19842E0620294190003439B2 /* CoreMIDI.framework in Frameworks */ = {isa = PBXBuildFile; fileRef = 4CE3BC4A9EA469C6C2B403E4 /* CoreMIDI.framework */; };
		19842E0720294190003439B2 /* DiscRecording.framework in Frameworks */ = {isa = PBXBuildFile; fileRef = 721ED8A72506148FD480D789 /* DiscRecording.framework */; };
		19842E0820294190003439B2 /* IOKit.framework in Frameworks */ = {isa = PBXBuildFile; fileRef = 820E61580C54E363D78E3F58 /* IOKit.framework */; };
		19842E0920294190003439B2 /* OpenGL.framework in Frameworks */ = {isa = PBXBuildFile; fileRef = B93D263755FC929E3EE78E60 /* OpenGL.framework */; };
		19842E0A20294190003439B2 /* QuartzCore.framework in Frameworks */ = {isa = PBXBuildFile; fileRef = F60AA7A99684175502451382 /* QuartzCore.framework */; };
		19842E0B20294190003439B2 /* WebKit.framework in Frameworks */ = {isa = PBXBuildFile; fileRef = 08448C0557E0AB81B7E1DFAB /* WebKit.framework */; };
		19842E0C20294190003439B2 /* RecentFilesMenuTemplate.nib in Resources */ = {isa = PBXBuildFile; fileRef = 34618F83DEB2E710B8F2F22B /* RecentFilesMenuTemplate.nib */; };
		19842E0D20294190003439B2 /* Accelerate.framework in Frameworks */ = {isa = PBXBuildFile; fileRef = C82459B07EE725CE91C557C5 /* Accelerate.framework */; };
		19842E0E20294190003439B2 /* AudioToolbox.framework in Frameworks */ = {isa = PBXBuildFile; fileRef = 361D44E5247E14055C7E6845 /* AudioToolbox.framework */; };
		19842E0F20294190003439B2 /* AVFoundation.framework in Frameworks */ = {isa = PBXBuildFile; fileRef = A048673E5F7D37F34A701067 /* AVFoundation.framework */; };
		19842E1020294190003439B2 /* AVKit.framework in Frameworks */ = {isa = PBXBuildFile; fileRef = 4F79B0BF172A0A1919CCA499 /* AVKit.framework */; };
		19842E1120294190003439B2 /* Carbon.framework in Frameworks */ = {isa = PBXBuildFile; fileRef = D4903A8878E82ED1DF10370D /* Carbon.framework */; };
		19842E1220294190003439B2 /* Cocoa.framework in Frameworks */ = {isa = PBXBuildFile; fileRef = C6F5EF2B411FE9E632CB6B57 /* Cocoa.framework */; };
		19842E1320294190003439B2 /* CoreAudio.framework in Frameworks */ = {isa = PBXBuildFile; fileRef = 429630420F0FC57E09E71C3C /* CoreAudio.framework */; };
		19842E1420294190003439B2 /* CoreMedia.framework in Frameworks */ = {isa = PBXBuildFile; fileRef = 0D60905B712161C584D4BE69 /* CoreMedia.framework */; };
		19842E1520294190003439B2 /* CoreMIDI.framework in Frameworks */ = {isa = PBXBuildFile; fileRef = 4CE3BC4A9EA469C6C2B403E4 /* CoreMIDI.framework */; };
		19842E1620294190003439B2 /* DiscRecording.framework in Frameworks */ = {isa = PBXBuildFile; fileRef = 721ED8A72506148FD480D789 /* DiscRecording.framework */; };
		19842E1720294190003439B2 /* IOKit.framework in Frameworks */ = {isa = PBXBuildFile; fileRef = 820E61580C54E363D78E3F58 /* IOKit.framework */; };
		19842E1820294190003439B2 /* OpenGL.framework in Frameworks */ = {isa = PBXBuildFile; fileRef = B93D263755FC929E3EE78E60 /* OpenGL.framework */; };
		19842E1920294190003439B2 /* QuartzCore.framework in Frameworks */ = {isa = PBXBuildFile; fileRef = F60AA7A99684175502451382 /* QuartzCore.framework */; };
		19842E1A20294190003439B2 /* WebKit.framework in Frameworks */ = {isa = PBXBuildFile; fileRef = 08448C0557E0AB81B7E1DFAB /* WebKit.framework */; };
		19842E1B20294190003439B2 /* RecentFilesMenuTemplate.nib in Resources */ = {isa = PBXBuildFile; fileRef = 34618F83DEB2E710B8F2F22B /* RecentFilesMenuTemplate.nib */; };
		19842E1C20294190003439B2 /* Accelerate.framework in Frameworks */ = {isa = PBXBuildFile; fileRef = C82459B07EE725CE91C557C5 /* Accelerate.framework */; };
		19842E1D20294190003439B2 /* AudioToolbox.framework in Frameworks */ = {isa = PBXBuildFile; fileRef = 361D44E5247E14055C7E6845 /* AudioToolbox.framework */; };
		19842E1E20294190003439B2 /* AVFoundation.framework in Frameworks */ = {isa = PBXBuildFile; fileRef = A048673E5F7D37F34A701067 /* AVFoundation.framework */; };
		19842E1F20294190003439B2 /* AVKit.framework in Frameworks */ = {isa = PBXBuildFile; fileRef = 4F79B0BF172A0A1919CCA499 /* AVKit.framework */; };
		19842E2020294190003439B2 /* Carbon.framework in Frameworks */ = {isa = PBXBuildFile; fileRef = D4903A8878E82ED1DF10370D /* Carbon.framework */; };
		19842E2120294190003439B2 /* Cocoa.framework in Frameworks */ = {isa = PBXBuildFile; fileRef = C6F5EF2B411FE9E632CB6B57 /* Cocoa.framework */; };
		19842E2220294190003439B2 /* CoreAudio.framework in Frameworks */ = {isa = PBXBuildFile; fileRef = 429630420F0FC57E09E71C3C /* CoreAudio.framework */; };
		19842E2320294190003439B2 /* CoreMedia.framework in Frameworks */ = {isa = PBXBuildFile; fileRef = 0D60905B712161C584D4BE69 /* CoreMedia.framework */; };
		19842E2420294190003439B2 /* CoreMIDI.framework in Frameworks */ = {isa = PBXBuildFile; fileRef = 4CE3BC4A9EA469C6C2B403E4 /* CoreMIDI.framework */; };
		19842E2520294190003439B2 /* DiscRecording.framework in Frameworks */ = {isa = PBXBuildFile; fileRef = 721ED8A72506148FD480D789 /* DiscRecording.framework */; };
		19842E2620294190003439B2 /* IOKit.framework in Frameworks */ = {isa = PBXBuildFile; fileRef = 820E61580C54E363D78E3F58 /* IOKit.framework */; };
		19842E2720294190003439B2 /* OpenGL.framework in Frameworks */ = {isa = PBXBuildFile; fileRef = B93D263755FC929E3EE78E60 /* OpenGL.framework */; };
		19842E2820294190003439B2 /* QuartzCore.framework in Frameworks */ = {isa = PBXBuildFile; fileRef = F60AA7A99684175502451382 /* QuartzCore.framework */; };
		19842E2920294190003439B2 /* WebKit.framework in Frameworks */ = {isa = PBXBuildFile; fileRef = 08448C0557E0AB81B7E1DFAB /* WebKit.framework */; };
		1B07AD5A9A1AB38BEDEE92A3 /* Cocoa.framework in Frameworks */ = {isa = PBXBuildFile; fileRef = C6F5EF2B411FE9E632CB6B57 /* Cocoa.framework */; };
		29323BE337262232508B0C14 /* include_juce_gui_extra.mm in Sources */ = {isa = PBXBuildFile; fileRef = A5C9A3F3C2FE19389096C8A2 /* include_juce_gui_extra.mm */; };
		2C1F1BD042AEC669D00E447B /* include_juce_audio_plugin_client_VST2.cpp in Sources */ = {isa = PBXBuildFile; fileRef = 53C50B628D15BFE028212663 /* include_juce_audio_plugin_client_VST2.cpp */; };
		38EA302E63C3B2C3AC22A01D /* CoreAudio.framework in Frameworks */ = {isa = PBXBuildFile; fileRef = 429630420F0FC57E09E71C3C /* CoreAudio.framework */; };
		390190294C2983F67FCFD79F /* include_juce_audio_plugin_client_VST_utils.mm in Sources */ = {isa = PBXBuildFile; fileRef = C8DE8E98D405F9B3932FA2CE /* include_juce_audio_plugin_client_VST_utils.mm */; };
		4003AA289716553810EFF18E /* include_juce_audio_plugin_client_VST3.cpp in Sources */ = {isa = PBXBuildFile; fileRef = BFC0C55757D70B7ADB2D1A27 /* include_juce_audio_plugin_client_VST3.cpp */; };
		4076C15D4DCE6164E3269767 /* include_juce_opengl.mm in Sources */ = {isa = PBXBuildFile; fileRef = 9B55E7D93081453D3EC72A08 /* include_juce_opengl.mm */; };
		43FD220FE7B3A0CF2E5BFF0A /* include_juce_graphics.mm in Sources */ = {isa = PBXBuildFile; fileRef = EE564FC34504C4B9A33DBCE9 /* include_juce_graphics.mm */; };
		456B0FDB455FB10247EC6648 /* PluginProcessor.cpp in Sources */ = {isa = PBXBuildFile; fileRef = 69DFD380B68C631709F0F907 /* PluginProcessor.cpp */; };
		46D871369A93D8CDA562A019 /* Carbon.framework in Frameworks */ = {isa = PBXBuildFile; fileRef = D4903A8878E82ED1DF10370D /* Carbon.framework */; };
		5692595050107CD8ACE71750 /* DiscRecording.framework in Frameworks */ = {isa = PBXBuildFile; fileRef = 721ED8A72506148FD480D789 /* DiscRecording.framework */; };
		57A0E1B35D186D36C975841B /* include_juce_data_structures.mm in Sources */ = {isa = PBXBuildFile; fileRef = A4A2F54A572ACF2B519930A6 /* include_juce_data_structures.mm */; };
		7C03B4D1E148C29C8DC30C3F /* CoreMIDI.framework in Frameworks */ = {isa = PBXBuildFile; fileRef = 4CE3BC4A9EA469C6C2B403E4 /* CoreMIDI.framework */; };
		85FF96A788501F30AEB6F21A /* include_juce_video.mm in Sources */ = {isa = PBXBuildFile; fileRef = E0B2B4AFF34E6E081B22CF91 /* include_juce_video.mm */; };
		860EAABEFD59AF894F916FB5 /* include_juce_audio_plugin_client_Standalone.cpp in Sources */ = {isa = PBXBuildFile; fileRef = 3E2888580CDB99171D6FAFE4 /* include_juce_audio_plugin_client_Standalone.cpp */; };
		887ACA584B1C916EE355832F /* include_juce_audio_formats.mm in Sources */ = {isa = PBXBuildFile; fileRef = A8AF052B4041C015C56D90A0 /* include_juce_audio_formats.mm */; };
		8DBBF2A25E938A06C7FAAD47 /* include_juce_events.mm in Sources */ = {isa = PBXBuildFile; fileRef = 44732B7BFA7B52C746682FCA /* include_juce_events.mm */; };
		90EA4EBA47731F18B2CCCB94 /* include_juce_audio_plugin_client_utils.cpp in Sources */ = {isa = PBXBuildFile; fileRef = 498180203599766D189C945E /* include_juce_audio_plugin_client_utils.cpp */; };
		91A677B23CC7D8434F6C07F7 /* include_juce_gui_basics.mm in Sources */ = {isa = PBXBuildFile; fileRef = 0FDAF45FFA6F36A2D9763139 /* include_juce_gui_basics.mm */; };
		96ABE1C02C5CDA9BEF5AC239 /* include_juce_audio_devices.mm in Sources */ = {isa = PBXBuildFile; fileRef = D827118925D7DCC82B489269 /* include_juce_audio_devices.mm */; };
		A6BDD9865066BFDA0251AC78 /* CoreAudioKit.framework in Frameworks */ = {isa = PBXBuildFile; fileRef = 956C5C91D708534D1293C1DF /* CoreAudioKit.framework */; };
		AC54A99167CE5D0F00C47F8C /* include_juce_audio_plugin_client_AU.r in Rez */ = {isa = PBXBuildFile; fileRef = 9A41FE632D7CB6D575DE172E /* include_juce_audio_plugin_client_AU.r */; };
		B0F1BBCA0053CD7730081758 /* PluginEditor.cpp in Sources */ = {isa = PBXBuildFile; fileRef = 6DFD671508074665D9B00326 /* PluginEditor.cpp */; };
		B27C72F35759372447CFD176 /* AVKit.framework in Frameworks */ = {isa = PBXBuildFile; fileRef = 4F79B0BF172A0A1919CCA499 /* AVKit.framework */; };
		B5BD0FF576E0F0EDD72BCBD0 /* AVFoundation.framework in Frameworks */ = {isa = PBXBuildFile; fileRef = A048673E5F7D37F34A701067 /* AVFoundation.framework */; };
		C2FB8207B9B0A803804FCAC4 /* OpenGL.framework in Frameworks */ = {isa = PBXBuildFile; fileRef = B93D263755FC929E3EE78E60 /* OpenGL.framework */; };
		C90223D058CFAF79432F28F2 /* include_juce_audio_processors.mm in Sources */ = {isa = PBXBuildFile; fileRef = 97F0BF39105CD1AF5A75E162 /* include_juce_audio_processors.mm */; };
		DC867A5B9F480A9DFB828F6B /* IOKit.framework in Frameworks */ = {isa = PBXBuildFile; fileRef = 820E61580C54E363D78E3F58 /* IOKit.framework */; };
		DEFCD0AE09CF62996871C470 /* CoreMedia.framework in Frameworks */ = {isa = PBXBuildFile; fileRef = 0D60905B712161C584D4BE69 /* CoreMedia.framework */; };
		DFF80851AFB0D66834AD7E0B /* include_juce_core.mm in Sources */ = {isa = PBXBuildFile; fileRef = 9BBBCCFF659E337EAA2D8A57 /* include_juce_core.mm */; };
		E033D4367DFB1D5100E40C9A /* RecentFilesMenuTemplate.nib in Resources */ = {isa = PBXBuildFile; fileRef = 34618F83DEB2E710B8F2F22B /* RecentFilesMenuTemplate.nib */; };
		E42EDA6D4C116AD551303811 /* include_juce_cryptography.mm in Sources */ = {isa = PBXBuildFile; fileRef = 0A0F2984C665A1F994FA96B8 /* include_juce_cryptography.mm */; };
		EB6E4E3A30CAD94466B3E1A1 /* include_juce_audio_utils.mm in Sources */ = {isa = PBXBuildFile; fileRef = 29B4EBD3251CD69581989F58 /* include_juce_audio_utils.mm */; };
		EC2FE33A129668DC32A6084E /* QuartzCore.framework in Frameworks */ = {isa = PBXBuildFile; fileRef = F60AA7A99684175502451382 /* QuartzCore.framework */; };
		EF75B4E837372FC3CC2F334F /* include_juce_audio_plugin_client_AAX.mm in Sources */ = {isa = PBXBuildFile; fileRef = 76A57C92C9F8F594C2263610 /* include_juce_audio_plugin_client_AAX.mm */; };
		F2300F7601513402DBE32A63 /* include_juce_audio_basics.mm in Sources */ = {isa = PBXBuildFile; fileRef = 7768D21553FE1D175913DCFE /* include_juce_audio_basics.mm */; };
		F519E9A44BE788432D3D00B5 /* WebKit.framework in Frameworks */ = {isa = PBXBuildFile; fileRef = 08448C0557E0AB81B7E1DFAB /* WebKit.framework */; };
		F53EB93CBFBD495A91252E9A /* AudioToolbox.framework in Frameworks */ = {isa = PBXBuildFile; fileRef = 361D44E5247E14055C7E6845 /* AudioToolbox.framework */; };
		F7FF46290D96C0FCE10E86AD /* include_juce_audio_plugin_client_AU_1.mm in Sources */ = {isa = PBXBuildFile; fileRef = D7F29A018A3F3E3597FBD6C7 /* include_juce_audio_plugin_client_AU_1.mm */; };
		FE7501CFFF6A3E988CEF9B10 /* Accelerate.framework in Frameworks */ = {isa = PBXBuildFile; fileRef = C82459B07EE725CE91C557C5 /* Accelerate.framework */; };
/* End PBXBuildFile section */

/* Begin PBXContainerItemProxy section */
		19842E2A20294194003439B2 /* PBXContainerItemProxy */ = {
			isa = PBXContainerItemProxy;
			containerPortal = CD20BA2BE34D9B5FF4E73E14 /* Project object */;
			proxyType = 1;
			remoteGlobalIDString = 393319443D735D1274042857;
			remoteInfo = "AmericanUniversityCompressor - VST";
		};
		19842E2B20294194003439B2 /* PBXContainerItemProxy */ = {
			isa = PBXContainerItemProxy;
			containerPortal = CD20BA2BE34D9B5FF4E73E14 /* Project object */;
			proxyType = 1;
			remoteGlobalIDString = E14253AD3E9B92B8EF4C512E;
			remoteInfo = "AmericanUniversityCompressor - Shared Code";
		};
		19842E2C20294194003439B2 /* PBXContainerItemProxy */ = {
			isa = PBXContainerItemProxy;
			containerPortal = CD20BA2BE34D9B5FF4E73E14 /* Project object */;
			proxyType = 1;
			remoteGlobalIDString = 21920AC1A4426DBCA8010826;
			remoteInfo = "AmericanUniversityCompressor - VST3";
		};
		19842E2D20294194003439B2 /* PBXContainerItemProxy */ = {
			isa = PBXContainerItemProxy;
			containerPortal = CD20BA2BE34D9B5FF4E73E14 /* Project object */;
			proxyType = 1;
			remoteGlobalIDString = 1399FCE3D2090D72F58C0E57;
			remoteInfo = "AmericanUniversityCompressor - AAX";
		};
		19842E2E20294194003439B2 /* PBXContainerItemProxy */ = {
			isa = PBXContainerItemProxy;
			containerPortal = CD20BA2BE34D9B5FF4E73E14 /* Project object */;
			proxyType = 1;
			remoteGlobalIDString = 798ADFCB99ED31C3B59FD9C5;
			remoteInfo = "AmericanUniversityCompressor - AU";
		};
		19842E2F20294194003439B2 /* PBXContainerItemProxy */ = {
			isa = PBXContainerItemProxy;
			containerPortal = CD20BA2BE34D9B5FF4E73E14 /* Project object */;
			proxyType = 1;
			remoteGlobalIDString = 9E3C348FDFD2B23B3F9CF98E;
			remoteInfo = "AmericanUniversityCompressor - Standalone Plugin";
		};
/* End PBXContainerItemProxy section */

/* Begin PBXFileReference section */
		0077B056B3493D30E0F55224 /* AmericanUniversityCompressor.entitlements */ = {isa = PBXFileReference; lastKnownFileType = text.plist.xml; path = AmericanUniversityCompressor.entitlements; sourceTree = SOURCE_ROOT; };
		0468B80D31DE63581CA90BE5 /* CompressorProcessor.h */ = {isa = PBXFileReference; lastKnownFileType = sourcecode.c.h; name = CompressorProcessor.h; path = ../../Source/CompressorProcessor.h; sourceTree = SOURCE_ROOT; };
		08448C0557E0AB81B7E1DFAB /* WebKit.framework */ = {isa = PBXFileReference; lastKnownFileType = wrapper.framework; name = WebKit.framework; path = System/Library/Frameworks/WebKit.framework; sourceTree = SDKROOT; };
		0A0F2984C665A1F994FA96B8 /* include_juce_cryptography.mm */ = {isa = PBXFileReference; lastKnownFileType = sourcecode.cpp.objcpp; name = include_juce_cryptography.mm; path = ../../JuceLibraryCode/include_juce_cryptography.mm; sourceTree = SOURCE_ROOT; };
		0B518B053B4C6E4E5670BC28 /* Info-VST3.plist */ = {isa = PBXFileReference; lastKnownFileType = text.plist.xml; path = "Info-VST3.plist"; sourceTree = SOURCE_ROOT; };
		0D60905B712161C584D4BE69 /* CoreMedia.framework */ = {isa = PBXFileReference; lastKnownFileType = wrapper.framework; name = CoreMedia.framework; path = System/Library/Frameworks/CoreMedia.framework; sourceTree = SDKROOT; };
		0D8D60E18967DABAE8989854 /* juce_gui_extra */ = {isa = PBXFileReference; lastKnownFileType = text; name = juce_gui_extra; path = "~/JUCE/modules/juce_gui_extra"; sourceTree = "<absolute>"; };
		0FDAF45FFA6F36A2D9763139 /* include_juce_gui_basics.mm */ = {isa = PBXFileReference; lastKnownFileType = sourcecode.cpp.objcpp; name = include_juce_gui_basics.mm; path = ../../JuceLibraryCode/include_juce_gui_basics.mm; sourceTree = SOURCE_ROOT; };
		15286C2E643B46C085FC932B /* juce_audio_formats */ = {isa = PBXFileReference; lastKnownFileType = text; name = juce_audio_formats; path = "~/JUCE/modules/juce_audio_formats"; sourceTree = "<absolute>"; };
		1E0A0A2A879B7ED1148B1F0E /* juce_audio_processors */ = {isa = PBXFileReference; lastKnownFileType = text; name = juce_audio_processors; path = "~/JUCE/modules/juce_audio_processors"; sourceTree = "<absolute>"; };
		1F4B9A5389B719D29D9C799F /* AmericanUniversityCompressor.app */ = {isa = PBXFileReference; explicitFileType = wrapper.application; includeInIndex = 0; path = AmericanUniversityCompressor.app; sourceTree = BUILT_PRODUCTS_DIR; };
		2351AEE4B149C7ABCCC52870 /* JuceHeader.h */ = {isa = PBXFileReference; lastKnownFileType = sourcecode.c.h; name = JuceHeader.h; path = ../../JuceLibraryCode/JuceHeader.h; sourceTree = SOURCE_ROOT; };
		2429F3161777164CB1EE17EB /* PluginEditor.h */ = {isa = PBXFileReference; lastKnownFileType = sourcecode.c.h; name = PluginEditor.h; path = ../../Source/PluginEditor.h; sourceTree = SOURCE_ROOT; };
		29B4EBD3251CD69581989F58 /* include_juce_audio_utils.mm */ = {isa = PBXFileReference; lastKnownFileType = sourcecode.cpp.objcpp; name = include_juce_audio_utils.mm; path = ../../JuceLibraryCode/include_juce_audio_utils.mm; sourceTree = SOURCE_ROOT; };
		2C3EA72F2B95EED4E4B5BAA2 /* juce_graphics */ = {isa = PBXFileReference; lastKnownFileType = text; name = juce_graphics; path = "~/JUCE/modules/juce_graphics"; sourceTree = "<absolute>"; };
		2E36F5DA6611EA64763E83DF /* Info-VST.plist */ = {isa = PBXFileReference; lastKnownFileType = text.plist.xml; path = "Info-VST.plist"; sourceTree = SOURCE_ROOT; };
		34618F83DEB2E710B8F2F22B /* RecentFilesMenuTemplate.nib */ = {isa = PBXFileReference; lastKnownFileType = file.nib; path = RecentFilesMenuTemplate.nib; sourceTree = SOURCE_ROOT; };
		361D44E5247E14055C7E6845 /* AudioToolbox.framework */ = {isa = PBXFileReference; lastKnownFileType = wrapper.framework; name = AudioToolbox.framework; path = System/Library/Frameworks/AudioToolbox.framework; sourceTree = SDKROOT; };
		3B9C8B304790402CE07663E4 /* Info-AAX.plist */ = {isa = PBXFileReference; lastKnownFileType = text.plist.xml; path = "Info-AAX.plist"; sourceTree = SOURCE_ROOT; };
		3E2888580CDB99171D6FAFE4 /* include_juce_audio_plugin_client_Standalone.cpp */ = {isa = PBXFileReference; lastKnownFileType = sourcecode.cpp.cpp; name = include_juce_audio_plugin_client_Standalone.cpp; path = ../../JuceLibraryCode/include_juce_audio_plugin_client_Standalone.cpp; sourceTree = SOURCE_ROOT; };
		3F72AB08F4198A04DA05A05E /* AmericanUniversityCompressor.aaxplugin */ = {isa = PBXFileReference; explicitFileType = wrapper.cfbundle; includeInIndex = 0; path = AmericanUniversityCompressor.aaxplugin; sourceTree = BUILT_PRODUCTS_DIR; };
		429630420F0FC57E09E71C3C /* CoreAudio.framework */ = {isa = PBXFileReference; lastKnownFileType = wrapper.framework; name = CoreAudio.framework; path = System/Library/Frameworks/CoreAudio.framework; sourceTree = SDKROOT; };
		44732B7BFA7B52C746682FCA /* include_juce_events.mm */ = {isa = PBXFileReference; lastKnownFileType = sourcecode.cpp.objcpp; name = include_juce_events.mm; path = ../../JuceLibraryCode/include_juce_events.mm; sourceTree = SOURCE_ROOT; };
		498180203599766D189C945E /* include_juce_audio_plugin_client_utils.cpp */ = {isa = PBXFileReference; lastKnownFileType = sourcecode.cpp.cpp; name = include_juce_audio_plugin_client_utils.cpp; path = ../../JuceLibraryCode/include_juce_audio_plugin_client_utils.cpp; sourceTree = SOURCE_ROOT; };
		4CE3BC4A9EA469C6C2B403E4 /* CoreMIDI.framework */ = {isa = PBXFileReference; lastKnownFileType = wrapper.framework; name = CoreMIDI.framework; path = System/Library/Frameworks/CoreMIDI.framework; sourceTree = SDKROOT; };
		4F79B0BF172A0A1919CCA499 /* AVKit.framework */ = {isa = PBXFileReference; lastKnownFileType = wrapper.framework; name = AVKit.framework; path = System/Library/Frameworks/AVKit.framework; sourceTree = SDKROOT; };
		53C50B628D15BFE028212663 /* include_juce_audio_plugin_client_VST2.cpp */ = {isa = PBXFileReference; lastKnownFileType = sourcecode.cpp.cpp; name = include_juce_audio_plugin_client_VST2.cpp; path = ../../JuceLibraryCode/include_juce_audio_plugin_client_VST2.cpp; sourceTree = SOURCE_ROOT; };
		54BBBBC86A39F8EBEDE88E15 /* juce_core */ = {isa = PBXFileReference; lastKnownFileType = text; name = juce_core; path = "~/JUCE/modules/juce_core"; sourceTree = "<absolute>"; };
		5584763CBE4FF6A9686D5682 /* juce_gui_basics */ = {isa = PBXFileReference; lastKnownFileType = text; name = juce_gui_basics; path = "~/JUCE/modules/juce_gui_basics"; sourceTree = "<absolute>"; };
		5ADB9C28898738AC9FFA0A52 /* AmericanUniversityCompressor.vst3 */ = {isa = PBXFileReference; explicitFileType = wrapper.cfbundle; includeInIndex = 0; path = AmericanUniversityCompressor.vst3; sourceTree = BUILT_PRODUCTS_DIR; };
		62065F4EA49A1EA39C7DB9C2 /* juce_cryptography */ = {isa = PBXFileReference; lastKnownFileType = text; name = juce_cryptography; path = "~/JUCE/modules/juce_cryptography"; sourceTree = "<absolute>"; };
		69DFD380B68C631709F0F907 /* PluginProcessor.cpp */ = {isa = PBXFileReference; lastKnownFileType = sourcecode.cpp.cpp; name = PluginProcessor.cpp; path = ../../Source/PluginProcessor.cpp; sourceTree = SOURCE_ROOT; };
		6DFD671508074665D9B00326 /* PluginEditor.cpp */ = {isa = PBXFileReference; lastKnownFileType = sourcecode.cpp.cpp; name = PluginEditor.cpp; path = ../../Source/PluginEditor.cpp; sourceTree = SOURCE_ROOT; };
		721ED8A72506148FD480D789 /* DiscRecording.framework */ = {isa = PBXFileReference; lastKnownFileType = wrapper.framework; name = DiscRecording.framework; path = System/Library/Frameworks/DiscRecording.framework; sourceTree = SDKROOT; };
		76A57C92C9F8F594C2263610 /* include_juce_audio_plugin_client_AAX.mm */ = {isa = PBXFileReference; lastKnownFileType = sourcecode.cpp.objcpp; name = include_juce_audio_plugin_client_AAX.mm; path = ../../JuceLibraryCode/include_juce_audio_plugin_client_AAX.mm; sourceTree = SOURCE_ROOT; };
		77027691D60F8E29AF46C371 /* juce_video */ = {isa = PBXFileReference; lastKnownFileType = text; name = juce_video; path = "~/JUCE/modules/juce_video"; sourceTree = "<absolute>"; };
		7768D21553FE1D175913DCFE /* include_juce_audio_basics.mm */ = {isa = PBXFileReference; lastKnownFileType = sourcecode.cpp.objcpp; name = include_juce_audio_basics.mm; path = ../../JuceLibraryCode/include_juce_audio_basics.mm; sourceTree = SOURCE_ROOT; };
		7A7227B854D546EC193F0FC3 /* juce_audio_utils */ = {isa = PBXFileReference; lastKnownFileType = text; name = juce_audio_utils; path = "~/JUCE/modules/juce_audio_utils"; sourceTree = "<absolute>"; };
		7B658BBB5BCBF9F296234185 /* AppConfig.h */ = {isa = PBXFileReference; lastKnownFileType = sourcecode.c.h; name = AppConfig.h; path = ../../JuceLibraryCode/AppConfig.h; sourceTree = SOURCE_ROOT; };
		7B9EE2920DEA6CDB6C413E16 /* libAmericanUniversityCompressor.a */ = {isa = PBXFileReference; explicitFileType = archive.ar; includeInIndex = 0; path = libAmericanUniversityCompressor.a; sourceTree = BUILT_PRODUCTS_DIR; };
		7C8F998F7757009571FBD86C /* include_juce_audio_plugin_client_AU_2.mm */ = {isa = PBXFileReference; lastKnownFileType = sourcecode.cpp.objcpp; name = include_juce_audio_plugin_client_AU_2.mm; path = ../../JuceLibraryCode/include_juce_audio_plugin_client_AU_2.mm; sourceTree = SOURCE_ROOT; };
		7FDDE672C7E9CEE5CA9A3F23 /* AmericanUniversityCompressor.vst */ = {isa = PBXFileReference; explicitFileType = wrapper.cfbundle; includeInIndex = 0; path = AmericanUniversityCompressor.vst; sourceTree = BUILT_PRODUCTS_DIR; };
		820E61580C54E363D78E3F58 /* IOKit.framework */ = {isa = PBXFileReference; lastKnownFileType = wrapper.framework; name = IOKit.framework; path = System/Library/Frameworks/IOKit.framework; sourceTree = SDKROOT; };
		93BABC781B292A90B801103B /* AudioUnit.framework */ = {isa = PBXFileReference; lastKnownFileType = wrapper.framework; name = AudioUnit.framework; path = System/Library/Frameworks/AudioUnit.framework; sourceTree = SDKROOT; };
		94A8F9D7E870A0BBDA1DF671 /* juce_audio_plugin_client */ = {isa = PBXFileReference; lastKnownFileType = text; name = juce_audio_plugin_client; path = "~/JUCE/modules/juce_audio_plugin_client"; sourceTree = "<absolute>"; };
		956C5C91D708534D1293C1DF /* CoreAudioKit.framework */ = {isa = PBXFileReference; lastKnownFileType = wrapper.framework; name = CoreAudioKit.framework; path = System/Library/Frameworks/CoreAudioKit.framework; sourceTree = SDKROOT; };
		97F0BF39105CD1AF5A75E162 /* include_juce_audio_processors.mm */ = {isa = PBXFileReference; lastKnownFileType = sourcecode.cpp.objcpp; name = include_juce_audio_processors.mm; path = ../../JuceLibraryCode/include_juce_audio_processors.mm; sourceTree = SOURCE_ROOT; };
		9A41FE632D7CB6D575DE172E /* include_juce_audio_plugin_client_AU.r */ = {isa = PBXFileReference; lastKnownFileType = file.r; name = include_juce_audio_plugin_client_AU.r; path = ../../JuceLibraryCode/include_juce_audio_plugin_client_AU.r; sourceTree = SOURCE_ROOT; };
		9B55E7D93081453D3EC72A08 /* include_juce_opengl.mm */ = {isa = PBXFileReference; lastKnownFileType = sourcecode.cpp.objcpp; name = include_juce_opengl.mm; path = ../../JuceLibraryCode/include_juce_opengl.mm; sourceTree = SOURCE_ROOT; };
		9BBBCCFF659E337EAA2D8A57 /* include_juce_core.mm */ = {isa = PBXFileReference; lastKnownFileType = sourcecode.cpp.objcpp; name = include_juce_core.mm; path = ../../JuceLibraryCode/include_juce_core.mm; sourceTree = SOURCE_ROOT; };
		9E421BF4B96060365DC16884 /* AmericanUniversityCompressor.component */ = {isa = PBXFileReference; explicitFileType = wrapper.cfbundle; includeInIndex = 0; path = AmericanUniversityCompressor.component; sourceTree = BUILT_PRODUCTS_DIR; };
		A048673E5F7D37F34A701067 /* AVFoundation.framework */ = {isa = PBXFileReference; lastKnownFileType = wrapper.framework; name = AVFoundation.framework; path = System/Library/Frameworks/AVFoundation.framework; sourceTree = SDKROOT; };
		A16EB77835FDA842E17A438B /* juce_events */ = {isa = PBXFileReference; lastKnownFileType = text; name = juce_events; path = "~/JUCE/modules/juce_events"; sourceTree = "<absolute>"; };
		A4A2F54A572ACF2B519930A6 /* include_juce_data_structures.mm */ = {isa = PBXFileReference; lastKnownFileType = sourcecode.cpp.objcpp; name = include_juce_data_structures.mm; path = ../../JuceLibraryCode/include_juce_data_structures.mm; sourceTree = SOURCE_ROOT; };
		A5C9A3F3C2FE19389096C8A2 /* include_juce_gui_extra.mm */ = {isa = PBXFileReference; lastKnownFileType = sourcecode.cpp.objcpp; name = include_juce_gui_extra.mm; path = ../../JuceLibraryCode/include_juce_gui_extra.mm; sourceTree = SOURCE_ROOT; };
		A7E4AB724384DFE14BBC58B8 /* Info-AU.plist */ = {isa = PBXFileReference; lastKnownFileType = text.plist.xml; path = "Info-AU.plist"; sourceTree = SOURCE_ROOT; };
		A8AF052B4041C015C56D90A0 /* include_juce_audio_formats.mm */ = {isa = PBXFileReference; lastKnownFileType = sourcecode.cpp.objcpp; name = include_juce_audio_formats.mm; path = ../../JuceLibraryCode/include_juce_audio_formats.mm; sourceTree = SOURCE_ROOT; };
		B8C8F536B8E0EF245D7E7105 /* juce_opengl */ = {isa = PBXFileReference; lastKnownFileType = text; name = juce_opengl; path = "~/JUCE/modules/juce_opengl"; sourceTree = "<absolute>"; };
		B93D263755FC929E3EE78E60 /* OpenGL.framework */ = {isa = PBXFileReference; lastKnownFileType = wrapper.framework; name = OpenGL.framework; path = System/Library/Frameworks/OpenGL.framework; sourceTree = SDKROOT; };
		BFC0C55757D70B7ADB2D1A27 /* include_juce_audio_plugin_client_VST3.cpp */ = {isa = PBXFileReference; lastKnownFileType = sourcecode.cpp.cpp; name = include_juce_audio_plugin_client_VST3.cpp; path = ../../JuceLibraryCode/include_juce_audio_plugin_client_VST3.cpp; sourceTree = SOURCE_ROOT; };
		C320DCFB7180439DA32307D8 /* PluginProcessor.h */ = {isa = PBXFileReference; lastKnownFileType = sourcecode.c.h; name = PluginProcessor.h; path = ../../Source/PluginProcessor.h; sourceTree = SOURCE_ROOT; };
		C6F5EF2B411FE9E632CB6B57 /* Cocoa.framework */ = {isa = PBXFileReference; lastKnownFileType = wrapper.framework; name = Cocoa.framework; path = System/Library/Frameworks/Cocoa.framework; sourceTree = SDKROOT; };
		C82459B07EE725CE91C557C5 /* Accelerate.framework */ = {isa = PBXFileReference; lastKnownFileType = wrapper.framework; name = Accelerate.framework; path = System/Library/Frameworks/Accelerate.framework; sourceTree = SDKROOT; };
		C8DE8E98D405F9B3932FA2CE /* include_juce_audio_plugin_client_VST_utils.mm */ = {isa = PBXFileReference; lastKnownFileType = sourcecode.cpp.objcpp; name = include_juce_audio_plugin_client_VST_utils.mm; path = ../../JuceLibraryCode/include_juce_audio_plugin_client_VST_utils.mm; sourceTree = SOURCE_ROOT; };
		D4903A8878E82ED1DF10370D /* Carbon.framework */ = {isa = PBXFileReference; lastKnownFileType = wrapper.framework; name = Carbon.framework; path = System/Library/Frameworks/Carbon.framework; sourceTree = SDKROOT; };
		D6006F5A730B57A557CFD864 /* juce_audio_devices */ = {isa = PBXFileReference; lastKnownFileType = text; name = juce_audio_devices; path = "~/JUCE/modules/juce_audio_devices"; sourceTree = "<absolute>"; };
		D7F29A018A3F3E3597FBD6C7 /* include_juce_audio_plugin_client_AU_1.mm */ = {isa = PBXFileReference; lastKnownFileType = sourcecode.cpp.objcpp; name = include_juce_audio_plugin_client_AU_1.mm; path = ../../JuceLibraryCode/include_juce_audio_plugin_client_AU_1.mm; sourceTree = SOURCE_ROOT; };
		D827118925D7DCC82B489269 /* include_juce_audio_devices.mm */ = {isa = PBXFileReference; lastKnownFileType = sourcecode.cpp.objcpp; name = include_juce_audio_devices.mm; path = ../../JuceLibraryCode/include_juce_audio_devices.mm; sourceTree = SOURCE_ROOT; };
		D859C13DC0CF660F18B5A74B /* juce_audio_basics */ = {isa = PBXFileReference; lastKnownFileType = text; name = juce_audio_basics; path = "~/JUCE/modules/juce_audio_basics"; sourceTree = "<absolute>"; };
		DBAD3E446AE5D9C09945976D /* juce_data_structures */ = {isa = PBXFileReference; lastKnownFileType = text; name = juce_data_structures; path = "~/JUCE/modules/juce_data_structures"; sourceTree = "<absolute>"; };
		E0B2B4AFF34E6E081B22CF91 /* include_juce_video.mm */ = {isa = PBXFileReference; lastKnownFileType = sourcecode.cpp.objcpp; name = include_juce_video.mm; path = ../../JuceLibraryCode/include_juce_video.mm; sourceTree = SOURCE_ROOT; };
		E6174672AD28EF45B0AF2118 /* AudioMeter.h */ = {isa = PBXFileReference; lastKnownFileType = sourcecode.c.h; name = AudioMeter.h; path = ../../Source/AudioMeter.h; sourceTree = SOURCE_ROOT; };
		EE564FC34504C4B9A33DBCE9 /* include_juce_graphics.mm */ = {isa = PBXFileReference; lastKnownFileType = sourcecode.cpp.objcpp; name = include_juce_graphics.mm; path = ../../JuceLibraryCode/include_juce_graphics.mm; sourceTree = SOURCE_ROOT; };
		F2013FFBEF61A91BB899A659 /* Info-Standalone_Plugin.plist */ = {isa = PBXFileReference; lastKnownFileType = text.plist.xml; path = "Info-Standalone_Plugin.plist"; sourceTree = SOURCE_ROOT; };
		F60AA7A99684175502451382 /* QuartzCore.framework */ = {isa = PBXFileReference; lastKnownFileType = wrapper.framework; name = QuartzCore.framework; path = System/Library/Frameworks/QuartzCore.framework; sourceTree = SDKROOT; };
/* End PBXFileReference section */

/* Begin PBXFrameworksBuildPhase section */
		346FAFF5D4B832BBD3703862 /* Frameworks */ = {
			isa = PBXFrameworksBuildPhase;
			buildActionMask = 2147483647;
			files = (
				FE7501CFFF6A3E988CEF9B10 /* Accelerate.framework in Frameworks */,
				F53EB93CBFBD495A91252E9A /* AudioToolbox.framework in Frameworks */,
				B5BD0FF576E0F0EDD72BCBD0 /* AVFoundation.framework in Frameworks */,
				B27C72F35759372447CFD176 /* AVKit.framework in Frameworks */,
				46D871369A93D8CDA562A019 /* Carbon.framework in Frameworks */,
				1B07AD5A9A1AB38BEDEE92A3 /* Cocoa.framework in Frameworks */,
				38EA302E63C3B2C3AC22A01D /* CoreAudio.framework in Frameworks */,
				DEFCD0AE09CF62996871C470 /* CoreMedia.framework in Frameworks */,
				7C03B4D1E148C29C8DC30C3F /* CoreMIDI.framework in Frameworks */,
				5692595050107CD8ACE71750 /* DiscRecording.framework in Frameworks */,
				DC867A5B9F480A9DFB828F6B /* IOKit.framework in Frameworks */,
				C2FB8207B9B0A803804FCAC4 /* OpenGL.framework in Frameworks */,
				EC2FE33A129668DC32A6084E /* QuartzCore.framework in Frameworks */,
				F519E9A44BE788432D3D00B5 /* WebKit.framework in Frameworks */,
			);
			runOnlyForDeploymentPostprocessing = 0;
		};
		411EED833FC04A9A0EACDC12 /* Frameworks */ = {
			isa = PBXFrameworksBuildPhase;
			buildActionMask = 2147483647;
			files = (
				19842E0D20294190003439B2 /* Accelerate.framework in Frameworks */,
				19842E0E20294190003439B2 /* AudioToolbox.framework in Frameworks */,
				0C8235686674159256FC4527 /* AudioUnit.framework in Frameworks */,
				19842E0F20294190003439B2 /* AVFoundation.framework in Frameworks */,
				19842E1020294190003439B2 /* AVKit.framework in Frameworks */,
				19842E1120294190003439B2 /* Carbon.framework in Frameworks */,
				19842E1220294190003439B2 /* Cocoa.framework in Frameworks */,
				19842E1320294190003439B2 /* CoreAudio.framework in Frameworks */,
				A6BDD9865066BFDA0251AC78 /* CoreAudioKit.framework in Frameworks */,
				19842E1420294190003439B2 /* CoreMedia.framework in Frameworks */,
				19842E1520294190003439B2 /* CoreMIDI.framework in Frameworks */,
				19842E1620294190003439B2 /* DiscRecording.framework in Frameworks */,
				19842E1720294190003439B2 /* IOKit.framework in Frameworks */,
				19842E1820294190003439B2 /* OpenGL.framework in Frameworks */,
				19842E1920294190003439B2 /* QuartzCore.framework in Frameworks */,
				19842E1A20294190003439B2 /* WebKit.framework in Frameworks */,
			);
			runOnlyForDeploymentPostprocessing = 0;
		};
		9885A1AC85FBF258FBE919AC /* Frameworks */ = {
			isa = PBXFrameworksBuildPhase;
			buildActionMask = 2147483647;
			files = (
				19842DEF20294190003439B2 /* Accelerate.framework in Frameworks */,
				19842DF020294190003439B2 /* AudioToolbox.framework in Frameworks */,
				19842DF120294190003439B2 /* AVFoundation.framework in Frameworks */,
				19842DF220294190003439B2 /* AVKit.framework in Frameworks */,
				19842DF320294190003439B2 /* Carbon.framework in Frameworks */,
				19842DF420294190003439B2 /* Cocoa.framework in Frameworks */,
				19842DF520294190003439B2 /* CoreAudio.framework in Frameworks */,
				19842DF620294190003439B2 /* CoreMedia.framework in Frameworks */,
				19842DF720294190003439B2 /* CoreMIDI.framework in Frameworks */,
				19842DF820294190003439B2 /* DiscRecording.framework in Frameworks */,
				19842DF920294190003439B2 /* IOKit.framework in Frameworks */,
				19842DFA20294190003439B2 /* OpenGL.framework in Frameworks */,
				19842DFB20294190003439B2 /* QuartzCore.framework in Frameworks */,
				19842DFC20294190003439B2 /* WebKit.framework in Frameworks */,
			);
			runOnlyForDeploymentPostprocessing = 0;
		};
		B1851FD6C2BFA99F5EE85E0C /* Frameworks */ = {
			isa = PBXFrameworksBuildPhase;
			buildActionMask = 2147483647;
			files = (
				19842DFE20294190003439B2 /* Accelerate.framework in Frameworks */,
				19842DFF20294190003439B2 /* AudioToolbox.framework in Frameworks */,
				19842E0020294190003439B2 /* AVFoundation.framework in Frameworks */,
				19842E0120294190003439B2 /* AVKit.framework in Frameworks */,
				19842E0220294190003439B2 /* Carbon.framework in Frameworks */,
				19842E0320294190003439B2 /* Cocoa.framework in Frameworks */,
				19842E0420294190003439B2 /* CoreAudio.framework in Frameworks */,
				19842E0520294190003439B2 /* CoreMedia.framework in Frameworks */,
				19842E0620294190003439B2 /* CoreMIDI.framework in Frameworks */,
				19842E0720294190003439B2 /* DiscRecording.framework in Frameworks */,
				19842E0820294190003439B2 /* IOKit.framework in Frameworks */,
				19842E0920294190003439B2 /* OpenGL.framework in Frameworks */,
				19842E0A20294190003439B2 /* QuartzCore.framework in Frameworks */,
				19842E0B20294190003439B2 /* WebKit.framework in Frameworks */,
			);
			runOnlyForDeploymentPostprocessing = 0;
		};
		B85C6285101D5B7D7E52C02E /* Frameworks */ = {
			isa = PBXFrameworksBuildPhase;
			buildActionMask = 2147483647;
			files = (
				19842E1C20294190003439B2 /* Accelerate.framework in Frameworks */,
				19842E1D20294190003439B2 /* AudioToolbox.framework in Frameworks */,
				19842E1E20294190003439B2 /* AVFoundation.framework in Frameworks */,
				19842E1F20294190003439B2 /* AVKit.framework in Frameworks */,
				19842E2020294190003439B2 /* Carbon.framework in Frameworks */,
				19842E2120294190003439B2 /* Cocoa.framework in Frameworks */,
				19842E2220294190003439B2 /* CoreAudio.framework in Frameworks */,
				19842E2320294190003439B2 /* CoreMedia.framework in Frameworks */,
				19842E2420294190003439B2 /* CoreMIDI.framework in Frameworks */,
				19842E2520294190003439B2 /* DiscRecording.framework in Frameworks */,
				19842E2620294190003439B2 /* IOKit.framework in Frameworks */,
				19842E2720294190003439B2 /* OpenGL.framework in Frameworks */,
				19842E2820294190003439B2 /* QuartzCore.framework in Frameworks */,
				19842E2920294190003439B2 /* WebKit.framework in Frameworks */,
			);
			runOnlyForDeploymentPostprocessing = 0;
		};
/* End PBXFrameworksBuildPhase section */

/* Begin PBXGroup section */
		27BA7C80BDD3AE26696E7190 /* Source */ = {
			isa = PBXGroup;
			children = (
				0077B056B3493D30E0F55224 /* AmericanUniversityCompressor.entitlements */,
				73904E775ECA98BC7B916BB9 /* AmericanUniversityCompressor */,
				EB4A194EFEE125D6C50A90B1 /* Juce Modules */,
				7F7866D6C345C6BCF2FB41A1 /* Juce Library Code */,
				C57D9D88AE4680AF5C04A0B0 /* Resources */,
				51D8CC01E43F73802EC8896B /* Frameworks */,
				423E5312DDA2BB892B2CEE63 /* Products */,
			);
			name = Source;
			sourceTree = "<group>";
		};
		423E5312DDA2BB892B2CEE63 /* Products */ = {
			isa = PBXGroup;
			children = (
				7FDDE672C7E9CEE5CA9A3F23 /* AmericanUniversityCompressor.vst */,
				5ADB9C28898738AC9FFA0A52 /* AmericanUniversityCompressor.vst3 */,
				3F72AB08F4198A04DA05A05E /* AmericanUniversityCompressor.aaxplugin */,
				9E421BF4B96060365DC16884 /* AmericanUniversityCompressor.component */,
				1F4B9A5389B719D29D9C799F /* AmericanUniversityCompressor.app */,
				7B9EE2920DEA6CDB6C413E16 /* libAmericanUniversityCompressor.a */,
			);
			name = Products;
			sourceTree = "<group>";
		};
		51D8CC01E43F73802EC8896B /* Frameworks */ = {
			isa = PBXGroup;
			children = (
				C82459B07EE725CE91C557C5 /* Accelerate.framework */,
				361D44E5247E14055C7E6845 /* AudioToolbox.framework */,
				93BABC781B292A90B801103B /* AudioUnit.framework */,
				A048673E5F7D37F34A701067 /* AVFoundation.framework */,
				4F79B0BF172A0A1919CCA499 /* AVKit.framework */,
				D4903A8878E82ED1DF10370D /* Carbon.framework */,
				C6F5EF2B411FE9E632CB6B57 /* Cocoa.framework */,
				429630420F0FC57E09E71C3C /* CoreAudio.framework */,
				956C5C91D708534D1293C1DF /* CoreAudioKit.framework */,
				0D60905B712161C584D4BE69 /* CoreMedia.framework */,
				4CE3BC4A9EA469C6C2B403E4 /* CoreMIDI.framework */,
				721ED8A72506148FD480D789 /* DiscRecording.framework */,
				820E61580C54E363D78E3F58 /* IOKit.framework */,
				B93D263755FC929E3EE78E60 /* OpenGL.framework */,
				F60AA7A99684175502451382 /* QuartzCore.framework */,
				08448C0557E0AB81B7E1DFAB /* WebKit.framework */,
			);
			name = Frameworks;
			sourceTree = "<group>";
		};
		73904E775ECA98BC7B916BB9 /* AmericanUniversityCompressor */ = {
			isa = PBXGroup;
			children = (
				D9AB009435A517E5EBB49F37 /* Source */,
			);
			name = AmericanUniversityCompressor;
			sourceTree = "<group>";
		};
		7F7866D6C345C6BCF2FB41A1 /* Juce Library Code */ = {
			isa = PBXGroup;
			children = (
				7B658BBB5BCBF9F296234185 /* AppConfig.h */,
				7768D21553FE1D175913DCFE /* include_juce_audio_basics.mm */,
				D827118925D7DCC82B489269 /* include_juce_audio_devices.mm */,
				A8AF052B4041C015C56D90A0 /* include_juce_audio_formats.mm */,
				76A57C92C9F8F594C2263610 /* include_juce_audio_plugin_client_AAX.mm */,
				9A41FE632D7CB6D575DE172E /* include_juce_audio_plugin_client_AU.r */,
				D7F29A018A3F3E3597FBD6C7 /* include_juce_audio_plugin_client_AU_1.mm */,
				7C8F998F7757009571FBD86C /* include_juce_audio_plugin_client_AU_2.mm */,
				3E2888580CDB99171D6FAFE4 /* include_juce_audio_plugin_client_Standalone.cpp */,
				498180203599766D189C945E /* include_juce_audio_plugin_client_utils.cpp */,
				C8DE8E98D405F9B3932FA2CE /* include_juce_audio_plugin_client_VST_utils.mm */,
				53C50B628D15BFE028212663 /* include_juce_audio_plugin_client_VST2.cpp */,
				BFC0C55757D70B7ADB2D1A27 /* include_juce_audio_plugin_client_VST3.cpp */,
				97F0BF39105CD1AF5A75E162 /* include_juce_audio_processors.mm */,
				29B4EBD3251CD69581989F58 /* include_juce_audio_utils.mm */,
				9BBBCCFF659E337EAA2D8A57 /* include_juce_core.mm */,
				0A0F2984C665A1F994FA96B8 /* include_juce_cryptography.mm */,
				A4A2F54A572ACF2B519930A6 /* include_juce_data_structures.mm */,
				44732B7BFA7B52C746682FCA /* include_juce_events.mm */,
				EE564FC34504C4B9A33DBCE9 /* include_juce_graphics.mm */,
				0FDAF45FFA6F36A2D9763139 /* include_juce_gui_basics.mm */,
				A5C9A3F3C2FE19389096C8A2 /* include_juce_gui_extra.mm */,
				9B55E7D93081453D3EC72A08 /* include_juce_opengl.mm */,
				E0B2B4AFF34E6E081B22CF91 /* include_juce_video.mm */,
				2351AEE4B149C7ABCCC52870 /* JuceHeader.h */,
			);
			name = "Juce Library Code";
			sourceTree = "<group>";
		};
		C57D9D88AE4680AF5C04A0B0 /* Resources */ = {
			isa = PBXGroup;
			children = (
				2E36F5DA6611EA64763E83DF /* Info-VST.plist */,
				0B518B053B4C6E4E5670BC28 /* Info-VST3.plist */,
				3B9C8B304790402CE07663E4 /* Info-AAX.plist */,
				A7E4AB724384DFE14BBC58B8 /* Info-AU.plist */,
				F2013FFBEF61A91BB899A659 /* Info-Standalone_Plugin.plist */,
				34618F83DEB2E710B8F2F22B /* RecentFilesMenuTemplate.nib */,
			);
			name = Resources;
			sourceTree = "<group>";
		};
		D9AB009435A517E5EBB49F37 /* Source */ = {
			isa = PBXGroup;
			children = (
				69DFD380B68C631709F0F907 /* PluginProcessor.cpp */,
				C320DCFB7180439DA32307D8 /* PluginProcessor.h */,
				6DFD671508074665D9B00326 /* PluginEditor.cpp */,
				2429F3161777164CB1EE17EB /* PluginEditor.h */,
				E6174672AD28EF45B0AF2118 /* AudioMeter.h */,
				0468B80D31DE63581CA90BE5 /* CompressorProcessor.h */,
			);
			name = Source;
			sourceTree = "<group>";
		};
		EB4A194EFEE125D6C50A90B1 /* Juce Modules */ = {
			isa = PBXGroup;
			children = (
				D859C13DC0CF660F18B5A74B /* juce_audio_basics */,
				D6006F5A730B57A557CFD864 /* juce_audio_devices */,
				15286C2E643B46C085FC932B /* juce_audio_formats */,
				94A8F9D7E870A0BBDA1DF671 /* juce_audio_plugin_client */,
				1E0A0A2A879B7ED1148B1F0E /* juce_audio_processors */,
				7A7227B854D546EC193F0FC3 /* juce_audio_utils */,
				54BBBBC86A39F8EBEDE88E15 /* juce_core */,
				62065F4EA49A1EA39C7DB9C2 /* juce_cryptography */,
				DBAD3E446AE5D9C09945976D /* juce_data_structures */,
				A16EB77835FDA842E17A438B /* juce_events */,
				2C3EA72F2B95EED4E4B5BAA2 /* juce_graphics */,
				5584763CBE4FF6A9686D5682 /* juce_gui_basics */,
				0D8D60E18967DABAE8989854 /* juce_gui_extra */,
				B8C8F536B8E0EF245D7E7105 /* juce_opengl */,
				77027691D60F8E29AF46C371 /* juce_video */,
			);
			name = "Juce Modules";
			sourceTree = "<group>";
		};
/* End PBXGroup section */

/* Begin PBXNativeTarget section */
		1399FCE3D2090D72F58C0E57 /* AmericanUniversityCompressor - AAX */ = {
			isa = PBXNativeTarget;
			buildConfigurationList = 9034A4ACE5A376E5620474BB /* Build configuration list for PBXNativeTarget "AmericanUniversityCompressor - AAX" */;
			buildPhases = (
				CDD46770CD73D7DA1ECF1BCB /* Resources */,
				82C383EC9FC1F2154162A185 /* Sources */,
				B1851FD6C2BFA99F5EE85E0C /* Frameworks */,
			);
			buildRules = (
			);
			dependencies = (
				7D26789190DA6DCB59744402 /* PBXTargetDependency */,
			);
			name = "AmericanUniversityCompressor - AAX";
			productName = AmericanUniversityCompressor;
			productReference = 3F72AB08F4198A04DA05A05E /* AmericanUniversityCompressor.aaxplugin */;
			productType = "com.apple.product-type.bundle";
		};
		21920AC1A4426DBCA8010826 /* AmericanUniversityCompressor - VST3 */ = {
			isa = PBXNativeTarget;
			buildConfigurationList = 19118BC5276CD1022741A739 /* Build configuration list for PBXNativeTarget "AmericanUniversityCompressor - VST3" */;
			buildPhases = (
				24097FEC8AD74100EC618C2E /* Resources */,
				079242FD48A8291B4F8F55DD /* Sources */,
				9885A1AC85FBF258FBE919AC /* Frameworks */,
			);
			buildRules = (
			);
			dependencies = (
				7D26789190DA6DCB59744402 /* PBXTargetDependency */,
			);
			name = "AmericanUniversityCompressor - VST3";
			productName = AmericanUniversityCompressor;
			productReference = 5ADB9C28898738AC9FFA0A52 /* AmericanUniversityCompressor.vst3 */;
			productType = "com.apple.product-type.bundle";
		};
		393319443D735D1274042857 /* AmericanUniversityCompressor - VST */ = {
			isa = PBXNativeTarget;
			buildConfigurationList = 66D73A1827546AC20580E7E3 /* Build configuration list for PBXNativeTarget "AmericanUniversityCompressor - VST" */;
			buildPhases = (
				AE4DC91117EC09844B5A6510 /* Resources */,
				42C32CF0D1B11008BB0DBD34 /* Sources */,
				346FAFF5D4B832BBD3703862 /* Frameworks */,
			);
			buildRules = (
			);
			dependencies = (
				7D26789190DA6DCB59744402 /* PBXTargetDependency */,
			);
			name = "AmericanUniversityCompressor - VST";
			productName = AmericanUniversityCompressor;
			productReference = 7FDDE672C7E9CEE5CA9A3F23 /* AmericanUniversityCompressor.vst */;
			productType = "com.apple.product-type.bundle";
		};
		798ADFCB99ED31C3B59FD9C5 /* AmericanUniversityCompressor - AU */ = {
			isa = PBXNativeTarget;
			buildConfigurationList = 57C5DE4F2AC3F8F1E5D7C298 /* Build configuration list for PBXNativeTarget "AmericanUniversityCompressor - AU" */;
			buildPhases = (
				0BBA554372C6D8AFC5C16F03 /* Resources */,
				08BBBBE23FDA7FAC326CD463 /* Rez */,
				A821A20389A41BBDF1D2417A /* Sources */,
				411EED833FC04A9A0EACDC12 /* Frameworks */,
			);
			buildRules = (
			);
			dependencies = (
				7D26789190DA6DCB59744402 /* PBXTargetDependency */,
			);
			name = "AmericanUniversityCompressor - AU";
			productName = AmericanUniversityCompressor;
			productReference = 9E421BF4B96060365DC16884 /* AmericanUniversityCompressor.component */;
			productType = "com.apple.product-type.bundle";
		};
		9E3C348FDFD2B23B3F9CF98E /* AmericanUniversityCompressor - Standalone Plugin */ = {
			isa = PBXNativeTarget;
			buildConfigurationList = 805584C18F9C2D8BD3E99636 /* Build configuration list for PBXNativeTarget "AmericanUniversityCompressor - Standalone Plugin" */;
			buildPhases = (
				07F1D724962123A238681F7B /* Resources */,
				2736288518455A1B4EAF1D15 /* Sources */,
				B85C6285101D5B7D7E52C02E /* Frameworks */,
			);
			buildRules = (
			);
			dependencies = (
				7D26789190DA6DCB59744402 /* PBXTargetDependency */,
			);
			name = "AmericanUniversityCompressor - Standalone Plugin";
			productName = AmericanUniversityCompressor;
			productReference = 1F4B9A5389B719D29D9C799F /* AmericanUniversityCompressor.app */;
			productType = "com.apple.product-type.application";
		};
		E14253AD3E9B92B8EF4C512E /* AmericanUniversityCompressor - Shared Code */ = {
			isa = PBXNativeTarget;
			buildConfigurationList = 7770C88825771886617FBA87 /* Build configuration list for PBXNativeTarget "AmericanUniversityCompressor - Shared Code" */;
			buildPhases = (
				48ABCB0C9CAD04CBBF8CAB24 /* Sources */,
			);
			buildRules = (
			);
			dependencies = (
			);
			name = "AmericanUniversityCompressor - Shared Code";
			productName = AmericanUniversityCompressor;
			productReference = 7B9EE2920DEA6CDB6C413E16 /* libAmericanUniversityCompressor.a */;
			productType = "com.apple.product-type.library.static";
		};
/* End PBXNativeTarget section */

/* Begin PBXProject section */
		CD20BA2BE34D9B5FF4E73E14 /* Project object */ = {
			isa = PBXProject;
			attributes = {
				LastUpgradeCheck = 0830;
				TargetAttributes = {
					1399FCE3D2090D72F58C0E57 = {
						SystemCapabilities = {
							com.apple.ApplicationGroups.iOS = {
								enabled = 0;
							};
							com.apple.InAppPurchase = {
								enabled = 0;
							};
							com.apple.InterAppAudio = {
								enabled = 0;
							};
							com.apple.Push = {
								enabled = 0;
							};
							com.apple.Sandbox = {
								enabled = 0;
							};
						};
					};
					21920AC1A4426DBCA8010826 = {
						SystemCapabilities = {
							com.apple.ApplicationGroups.iOS = {
								enabled = 0;
							};
							com.apple.InAppPurchase = {
								enabled = 0;
							};
							com.apple.InterAppAudio = {
								enabled = 0;
							};
							com.apple.Push = {
								enabled = 0;
							};
							com.apple.Sandbox = {
								enabled = 0;
							};
						};
					};
					393319443D735D1274042857 = {
						SystemCapabilities = {
							com.apple.ApplicationGroups.iOS = {
								enabled = 0;
							};
							com.apple.InAppPurchase = {
								enabled = 0;
							};
							com.apple.InterAppAudio = {
								enabled = 0;
							};
							com.apple.Push = {
								enabled = 0;
							};
							com.apple.Sandbox = {
								enabled = 0;
							};
						};
					};
					798ADFCB99ED31C3B59FD9C5 = {
						SystemCapabilities = {
							com.apple.ApplicationGroups.iOS = {
								enabled = 0;
							};
							com.apple.InAppPurchase = {
								enabled = 0;
							};
							com.apple.InterAppAudio = {
								enabled = 0;
							};
							com.apple.Push = {
								enabled = 0;
							};
							com.apple.Sandbox = {
								enabled = 0;
							};
						};
					};
					7CF799DD191017695843AFEF = {
						SystemCapabilities = {
							com.apple.ApplicationGroups.iOS = {
								enabled = 0;
							};
							com.apple.InAppPurchase = {
								enabled = 0;
							};
							com.apple.InterAppAudio = {
								enabled = 0;
							};
							com.apple.Push = {
								enabled = 0;
							};
							com.apple.Sandbox = {
								enabled = 0;
							};
						};
					};
					9E3C348FDFD2B23B3F9CF98E = {
						SystemCapabilities = {
							com.apple.ApplicationGroups.iOS = {
								enabled = 0;
							};
							com.apple.InAppPurchase = {
								enabled = 0;
							};
							com.apple.InterAppAudio = {
								enabled = 0;
							};
							com.apple.Push = {
								enabled = 0;
							};
							com.apple.Sandbox = {
								enabled = 0;
							};
						};
					};
					E14253AD3E9B92B8EF4C512E = {
						SystemCapabilities = {
							com.apple.ApplicationGroups.iOS = {
								enabled = 0;
							};
							com.apple.InAppPurchase = {
								enabled = 0;
							};
							com.apple.InterAppAudio = {
								enabled = 0;
							};
							com.apple.Push = {
								enabled = 0;
							};
							com.apple.Sandbox = {
								enabled = 0;
							};
						};
					};
				};
			};
			buildConfigurationList = 874CD1872C50367E5BB9DA82 /* Build configuration list for PBXProject "AmericanUniversityCompressor" */;
			compatibilityVersion = "Xcode 3.2";
			developmentRegion = en;
			hasScannedForEncodings = 0;
			knownRegions = (
				en,
			);
			mainGroup = 27BA7C80BDD3AE26696E7190 /* Source */;
			projectDirPath = "";
			projectRoot = "";
			targets = (
				7CF799DD191017695843AFEF /* AmericanUniversityCompressor - All */,
				393319443D735D1274042857 /* AmericanUniversityCompressor - VST */,
				21920AC1A4426DBCA8010826 /* AmericanUniversityCompressor - VST3 */,
				1399FCE3D2090D72F58C0E57 /* AmericanUniversityCompressor - AAX */,
				798ADFCB99ED31C3B59FD9C5 /* AmericanUniversityCompressor - AU */,
				9E3C348FDFD2B23B3F9CF98E /* AmericanUniversityCompressor - Standalone Plugin */,
				E14253AD3E9B92B8EF4C512E /* AmericanUniversityCompressor - Shared Code */,
			);
		};
/* End PBXProject section */

/* Begin PBXResourcesBuildPhase section */
		07F1D724962123A238681F7B /* Resources */ = {
			isa = PBXResourcesBuildPhase;
			buildActionMask = 2147483647;
			files = (
				19842E1B20294190003439B2 /* RecentFilesMenuTemplate.nib in Resources */,
			);
			runOnlyForDeploymentPostprocessing = 0;
		};
		0BBA554372C6D8AFC5C16F03 /* Resources */ = {
			isa = PBXResourcesBuildPhase;
			buildActionMask = 2147483647;
			files = (
				19842E0C20294190003439B2 /* RecentFilesMenuTemplate.nib in Resources */,
			);
			runOnlyForDeploymentPostprocessing = 0;
		};
		24097FEC8AD74100EC618C2E /* Resources */ = {
			isa = PBXResourcesBuildPhase;
			buildActionMask = 2147483647;
			files = (
				19842DEE20294190003439B2 /* RecentFilesMenuTemplate.nib in Resources */,
			);
			runOnlyForDeploymentPostprocessing = 0;
		};
		AE4DC91117EC09844B5A6510 /* Resources */ = {
			isa = PBXResourcesBuildPhase;
			buildActionMask = 2147483647;
			files = (
				E033D4367DFB1D5100E40C9A /* RecentFilesMenuTemplate.nib in Resources */,
			);
			runOnlyForDeploymentPostprocessing = 0;
		};
		CDD46770CD73D7DA1ECF1BCB /* Resources */ = {
			isa = PBXResourcesBuildPhase;
			buildActionMask = 2147483647;
			files = (
				19842DFD20294190003439B2 /* RecentFilesMenuTemplate.nib in Resources */,
			);
			runOnlyForDeploymentPostprocessing = 0;
		};
/* End PBXResourcesBuildPhase section */

/* Begin PBXRezBuildPhase section */
		08BBBBE23FDA7FAC326CD463 /* Rez */ = {
			isa = PBXRezBuildPhase;
			buildActionMask = 2147483647;
			files = (
				AC54A99167CE5D0F00C47F8C /* include_juce_audio_plugin_client_AU.r in Rez */,
			);
			runOnlyForDeploymentPostprocessing = 0;
		};
/* End PBXRezBuildPhase section */

/* Begin PBXSourcesBuildPhase section */
		079242FD48A8291B4F8F55DD /* Sources */ = {
			isa = PBXSourcesBuildPhase;
			buildActionMask = 2147483647;
			files = (
				4003AA289716553810EFF18E /* include_juce_audio_plugin_client_VST3.cpp in Sources */,
			);
			runOnlyForDeploymentPostprocessing = 0;
		};
		2736288518455A1B4EAF1D15 /* Sources */ = {
			isa = PBXSourcesBuildPhase;
			buildActionMask = 2147483647;
			files = (
				860EAABEFD59AF894F916FB5 /* include_juce_audio_plugin_client_Standalone.cpp in Sources */,
			);
			runOnlyForDeploymentPostprocessing = 0;
		};
		42C32CF0D1B11008BB0DBD34 /* Sources */ = {
			isa = PBXSourcesBuildPhase;
			buildActionMask = 2147483647;
			files = (
				2C1F1BD042AEC669D00E447B /* include_juce_audio_plugin_client_VST2.cpp in Sources */,
			);
			runOnlyForDeploymentPostprocessing = 0;
		};
		48ABCB0C9CAD04CBBF8CAB24 /* Sources */ = {
			isa = PBXSourcesBuildPhase;
			buildActionMask = 2147483647;
			files = (
				456B0FDB455FB10247EC6648 /* PluginProcessor.cpp in Sources */,
				B0F1BBCA0053CD7730081758 /* PluginEditor.cpp in Sources */,
				F2300F7601513402DBE32A63 /* include_juce_audio_basics.mm in Sources */,
				96ABE1C02C5CDA9BEF5AC239 /* include_juce_audio_devices.mm in Sources */,
				887ACA584B1C916EE355832F /* include_juce_audio_formats.mm in Sources */,
				90EA4EBA47731F18B2CCCB94 /* include_juce_audio_plugin_client_utils.cpp in Sources */,
				390190294C2983F67FCFD79F /* include_juce_audio_plugin_client_VST_utils.mm in Sources */,
				C90223D058CFAF79432F28F2 /* include_juce_audio_processors.mm in Sources */,
				EB6E4E3A30CAD94466B3E1A1 /* include_juce_audio_utils.mm in Sources */,
				DFF80851AFB0D66834AD7E0B /* include_juce_core.mm in Sources */,
				E42EDA6D4C116AD551303811 /* include_juce_cryptography.mm in Sources */,
				57A0E1B35D186D36C975841B /* include_juce_data_structures.mm in Sources */,
				8DBBF2A25E938A06C7FAAD47 /* include_juce_events.mm in Sources */,
				43FD220FE7B3A0CF2E5BFF0A /* include_juce_graphics.mm in Sources */,
				91A677B23CC7D8434F6C07F7 /* include_juce_gui_basics.mm in Sources */,
				29323BE337262232508B0C14 /* include_juce_gui_extra.mm in Sources */,
				4076C15D4DCE6164E3269767 /* include_juce_opengl.mm in Sources */,
				85FF96A788501F30AEB6F21A /* include_juce_video.mm in Sources */,
			);
			runOnlyForDeploymentPostprocessing = 0;
		};
		82C383EC9FC1F2154162A185 /* Sources */ = {
			isa = PBXSourcesBuildPhase;
			buildActionMask = 2147483647;
			files = (
				EF75B4E837372FC3CC2F334F /* include_juce_audio_plugin_client_AAX.mm in Sources */,
			);
			runOnlyForDeploymentPostprocessing = 0;
		};
		A821A20389A41BBDF1D2417A /* Sources */ = {
			isa = PBXSourcesBuildPhase;
			buildActionMask = 2147483647;
			files = (
				F7FF46290D96C0FCE10E86AD /* include_juce_audio_plugin_client_AU_1.mm in Sources */,
				0E5BF281C75643F929DE7DCC /* include_juce_audio_plugin_client_AU_2.mm in Sources */,
			);
			runOnlyForDeploymentPostprocessing = 0;
		};
/* End PBXSourcesBuildPhase section */

/* Begin PBXTargetDependency section */
		7D26789190DA6DCB59744402 /* PBXTargetDependency */ = {
			isa = PBXTargetDependency;
			target = E14253AD3E9B92B8EF4C512E /* AmericanUniversityCompressor - Shared Code */;
			targetProxy = 19842E2B20294194003439B2 /* PBXContainerItemProxy */;
		};
		9F75CCA4464D2EBCEB8BFC7E /* PBXTargetDependency */ = {
			isa = PBXTargetDependency;
			target = 393319443D735D1274042857 /* AmericanUniversityCompressor - VST */;
			targetProxy = 19842E2A20294194003439B2 /* PBXContainerItemProxy */;
		};
		AE28C2E5D0B906205D9DB888 /* PBXTargetDependency */ = {
			isa = PBXTargetDependency;
			target = 1399FCE3D2090D72F58C0E57 /* AmericanUniversityCompressor - AAX */;
			targetProxy = 19842E2D20294194003439B2 /* PBXContainerItemProxy */;
		};
		C732CC58057C40B002F0AFAB /* PBXTargetDependency */ = {
			isa = PBXTargetDependency;
			target = 9E3C348FDFD2B23B3F9CF98E /* AmericanUniversityCompressor - Standalone Plugin */;
			targetProxy = 19842E2F20294194003439B2 /* PBXContainerItemProxy */;
		};
		C8AB1E3E403A35B3DC2BA331 /* PBXTargetDependency */ = {
			isa = PBXTargetDependency;
			target = 798ADFCB99ED31C3B59FD9C5 /* AmericanUniversityCompressor - AU */;
			targetProxy = 19842E2E20294194003439B2 /* PBXContainerItemProxy */;
		};
		F1B9C9E1A3DE3020D553E972 /* PBXTargetDependency */ = {
			isa = PBXTargetDependency;
			target = 21920AC1A4426DBCA8010826 /* AmericanUniversityCompressor - VST3 */;
			targetProxy = 19842E2C20294194003439B2 /* PBXContainerItemProxy */;
		};
/* End PBXTargetDependency section */

/* Begin XCBuildConfiguration section */
		08E40F6E3C2A7D5473C3AEEA /* Debug */ = {
			isa = XCBuildConfiguration;
			buildSettings = {
				CLANG_CXX_LANGUAGE_STANDARD = "c++11";
				CLANG_LINK_OBJC_RUNTIME = NO;
				COMBINE_HIDPI_IMAGES = YES;
				CONFIGURATION_BUILD_DIR = "$(PROJECT_DIR)/build/$(CONFIGURATION)";
				COPY_PHASE_STRIP = NO;
				DEPLOYMENT_LOCATION = YES;
				DSTROOT = /;
				GCC_DYNAMIC_NO_PIC = NO;
				GCC_OPTIMIZATION_LEVEL = 0;
				GCC_PREPROCESSOR_DEFINITIONS = (
					"_DEBUG=1",
					"DEBUG=1",
					"JUCER_XCODE_MAC_F6D2F4CF=1",
					"JUCE_APP_VERSION=1.0.0",
					"JUCE_APP_VERSION_HEX=0x10000",
					"JucePlugin_Build_VST=0",
					"JucePlugin_Build_VST3=1",
					"JucePlugin_Build_AU=0",
					"JucePlugin_Build_AUv3=0",
					"JucePlugin_Build_RTAS=0",
					"JucePlugin_Build_AAX=0",
					"JucePlugin_Build_Standalone=0",
				);
				GCC_VERSION = com.apple.compilers.llvm.clang.1_0;
				GENERATE_PKGINFO_FILE = YES;
				HEADER_SEARCH_PATHS = (
					"~/SDKs/VST_SDK/VST3_SDK",
					../../JuceLibraryCode,
					"~/SDKs/AAX",
					"~/SDKs/AAX/Interfaces",
					"~/SDKs/AAX/Interfaces/ACF",
					"~/JUCE/modules",
					"~/JUCE/modules/juce_audio_plugin_client",
					"$(inherited)",
				);
				INFOPLIST_FILE = "Info-VST3.plist";
				INFOPLIST_PREPROCESS = NO;
				INSTALL_PATH = "$(HOME)/Library/Audio/Plug-Ins/VST3/";
				LIBRARY_STYLE = Bundle;
				MACOSX_DEPLOYMENT_TARGET = 10.11;
				MACOSX_DEPLOYMENT_TARGET_ppc = 10.4;
				OTHER_LDFLAGS = (
					"-bundle",
					"-lAmericanUniversityCompressor",
				);
				PRODUCT_BUNDLE_IDENTIFIER = com.yourcompany.AmericanUniversityCompressor;
				SDKROOT_ppc = macosx10.5;
				USE_HEADERMAP = NO;
				WRAPPER_EXTENSION = vst3;
			};
			name = Debug;
		};
		09D88B1DBF100F7374154A65 /* Release */ = {
			isa = XCBuildConfiguration;
			buildSettings = {
				CLANG_CXX_LANGUAGE_STANDARD = "c++11";
				CLANG_LINK_OBJC_RUNTIME = NO;
				COMBINE_HIDPI_IMAGES = YES;
				CONFIGURATION_BUILD_DIR = "$(PROJECT_DIR)/build/$(CONFIGURATION)";
				DEAD_CODE_STRIPPING = YES;
				DEPLOYMENT_LOCATION = YES;
				DSTROOT = /;
				GCC_GENERATE_DEBUGGING_SYMBOLS = NO;
				GCC_OPTIMIZATION_LEVEL = 3;
				GCC_PREPROCESSOR_DEFINITIONS = (
					"_NDEBUG=1",
					"NDEBUG=1",
					"JUCER_XCODE_MAC_F6D2F4CF=1",
					"JUCE_APP_VERSION=1.0.0",
					"JUCE_APP_VERSION_HEX=0x10000",
					"JucePlugin_Build_VST=0",
					"JucePlugin_Build_VST3=1",
					"JucePlugin_Build_AU=0",
					"JucePlugin_Build_AUv3=0",
					"JucePlugin_Build_RTAS=0",
					"JucePlugin_Build_AAX=0",
					"JucePlugin_Build_Standalone=0",
				);
				GCC_SYMBOLS_PRIVATE_EXTERN = YES;
				GCC_VERSION = com.apple.compilers.llvm.clang.1_0;
				GENERATE_PKGINFO_FILE = YES;
				HEADER_SEARCH_PATHS = (
					"~/SDKs/VST_SDK/VST3_SDK",
					../../JuceLibraryCode,
					"~/SDKs/AAX",
					"~/SDKs/AAX/Interfaces",
					"~/SDKs/AAX/Interfaces/ACF",
					"~/JUCE/modules",
					"~/JUCE/modules/juce_audio_plugin_client",
					"$(inherited)",
				);
				INFOPLIST_FILE = "Info-VST3.plist";
				INFOPLIST_PREPROCESS = NO;
				INSTALL_PATH = "$(HOME)/Library/Audio/Plug-Ins/VST3/";
				LIBRARY_STYLE = Bundle;
				LLVM_LTO = YES;
				MACOSX_DEPLOYMENT_TARGET = 10.11;
				MACOSX_DEPLOYMENT_TARGET_ppc = 10.4;
				OTHER_LDFLAGS = (
					"-bundle",
					"-lAmericanUniversityCompressor",
				);
				PRODUCT_BUNDLE_IDENTIFIER = com.yourcompany.AmericanUniversityCompressor;
				SDKROOT_ppc = macosx10.5;
				USE_HEADERMAP = NO;
				WRAPPER_EXTENSION = vst3;
			};
			name = Release;
		};
		4843D10D308D025CDDFAFE6E /* Debug */ = {
			isa = XCBuildConfiguration;
			buildSettings = {
				CLANG_CXX_LANGUAGE_STANDARD = "c++11";
				CLANG_LINK_OBJC_RUNTIME = NO;
				COMBINE_HIDPI_IMAGES = YES;
				CONFIGURATION_BUILD_DIR = "$(PROJECT_DIR)/build/$(CONFIGURATION)";
				COPY_PHASE_STRIP = NO;
				GCC_DYNAMIC_NO_PIC = NO;
				GCC_OPTIMIZATION_LEVEL = 0;
				GCC_PREPROCESSOR_DEFINITIONS = (
					"_DEBUG=1",
					"DEBUG=1",
					"JUCER_XCODE_MAC_F6D2F4CF=1",
					"JUCE_APP_VERSION=1.0.0",
					"JUCE_APP_VERSION_HEX=0x10000",
					"JucePlugin_Build_VST=0",
					"JucePlugin_Build_VST3=0",
					"JucePlugin_Build_AU=0",
					"JucePlugin_Build_AUv3=0",
					"JucePlugin_Build_RTAS=0",
					"JucePlugin_Build_AAX=0",
					"JucePlugin_Build_Standalone=1",
				);
				GCC_VERSION = com.apple.compilers.llvm.clang.1_0;
				HEADER_SEARCH_PATHS = (
					"~/SDKs/VST_SDK/VST3_SDK",
					../../JuceLibraryCode,
					"~/SDKs/AAX",
					"~/SDKs/AAX/Interfaces",
					"~/SDKs/AAX/Interfaces/ACF",
					"~/JUCE/modules",
					"~/JUCE/modules/juce_audio_plugin_client",
					"$(inherited)",
				);
				INFOPLIST_FILE = "Info-Standalone_Plugin.plist";
				INFOPLIST_PREPROCESS = NO;
				MACOSX_DEPLOYMENT_TARGET = 10.11;
				MACOSX_DEPLOYMENT_TARGET_ppc = 10.4;
				OTHER_LDFLAGS = "-lAmericanUniversityCompressor";
				PRODUCT_BUNDLE_IDENTIFIER = com.yourcompany.AmericanUniversityCompressor;
				SDKROOT_ppc = macosx10.5;
				USE_HEADERMAP = NO;
			};
			name = Debug;
		};
		4ED06D098FD5C906C60E68C0 /* Release */ = {
			isa = XCBuildConfiguration;
			buildSettings = {
				CLANG_CXX_LANGUAGE_STANDARD = "c++11";
				CLANG_LINK_OBJC_RUNTIME = NO;
				COMBINE_HIDPI_IMAGES = YES;
				CONFIGURATION_BUILD_DIR = "$(PROJECT_DIR)/build/$(CONFIGURATION)";
				DEAD_CODE_STRIPPING = YES;
				DEPLOYMENT_LOCATION = YES;
				DSTROOT = /;
				GCC_GENERATE_DEBUGGING_SYMBOLS = NO;
				GCC_OPTIMIZATION_LEVEL = 3;
				GCC_PREPROCESSOR_DEFINITIONS = (
					"_NDEBUG=1",
					"NDEBUG=1",
					"JUCER_XCODE_MAC_F6D2F4CF=1",
					"JUCE_APP_VERSION=1.0.0",
					"JUCE_APP_VERSION_HEX=0x10000",
					"JucePlugin_Build_VST=0",
					"JucePlugin_Build_VST3=0",
					"JucePlugin_Build_AU=0",
					"JucePlugin_Build_AUv3=0",
					"JucePlugin_Build_RTAS=0",
					"JucePlugin_Build_AAX=1",
					"JucePlugin_Build_Standalone=0",
				);
				GCC_SYMBOLS_PRIVATE_EXTERN = YES;
				GCC_VERSION = com.apple.compilers.llvm.clang.1_0;
				GENERATE_PKGINFO_FILE = YES;
				HEADER_SEARCH_PATHS = (
					"~/SDKs/VST_SDK/VST3_SDK",
					../../JuceLibraryCode,
					"~/SDKs/AAX",
					"~/SDKs/AAX/Interfaces",
					"~/SDKs/AAX/Interfaces/ACF",
					"~/JUCE/modules",
					"~/JUCE/modules/juce_audio_plugin_client",
					"$(inherited)",
				);
				INFOPLIST_FILE = "Info-AAX.plist";
				INFOPLIST_PREPROCESS = NO;
				INSTALL_PATH = "/Library/Application Support/Avid/Audio/Plug-Ins/";
				LIBRARY_SEARCH_PATHS = (
					"$(inherited)",
					"\"$(HOME)/SDKs/AAX/Libs/Release\"",
				);
				LIBRARY_STYLE = Bundle;
				LLVM_LTO = YES;
				MACOSX_DEPLOYMENT_TARGET = 10.11;
				MACOSX_DEPLOYMENT_TARGET_ppc = 10.4;
				OTHER_LDFLAGS = (
					"-bundle",
					"-lAAXLibrary_libcpp",
					"-lAmericanUniversityCompressor",
				);
				PRODUCT_BUNDLE_IDENTIFIER = com.yourcompany.AmericanUniversityCompressor;
				SDKROOT_ppc = macosx10.5;
				USE_HEADERMAP = NO;
				WRAPPER_EXTENSION = aaxplugin;
			};
			name = Release;
		};
		61CE2A1DFBAC394BFE7ABCE4 /* Release */ = {
			isa = XCBuildConfiguration;
			buildSettings = {
				CLANG_CXX_LANGUAGE_STANDARD = "c++11";
				CLANG_LINK_OBJC_RUNTIME = NO;
				COMBINE_HIDPI_IMAGES = YES;
				CONFIGURATION_BUILD_DIR = "$(PROJECT_DIR)/build/$(CONFIGURATION)";
				DEAD_CODE_STRIPPING = YES;
				DEPLOYMENT_LOCATION = YES;
				DSTROOT = /;
				GCC_GENERATE_DEBUGGING_SYMBOLS = NO;
				GCC_OPTIMIZATION_LEVEL = 3;
				GCC_PREPROCESSOR_DEFINITIONS = (
					"_NDEBUG=1",
					"NDEBUG=1",
					"JUCER_XCODE_MAC_F6D2F4CF=1",
					"JUCE_APP_VERSION=1.0.0",
					"JUCE_APP_VERSION_HEX=0x10000",
					"JucePlugin_Build_VST=1",
					"JucePlugin_Build_VST3=0",
					"JucePlugin_Build_AU=0",
					"JucePlugin_Build_AUv3=0",
					"JucePlugin_Build_RTAS=0",
					"JucePlugin_Build_AAX=0",
					"JucePlugin_Build_Standalone=0",
				);
				GCC_SYMBOLS_PRIVATE_EXTERN = YES;
				GCC_VERSION = com.apple.compilers.llvm.clang.1_0;
				GENERATE_PKGINFO_FILE = YES;
				HEADER_SEARCH_PATHS = (
					"~/SDKs/VST_SDK/VST3_SDK",
					../../JuceLibraryCode,
					"~/SDKs/AAX",
					"~/SDKs/AAX/Interfaces",
					"~/SDKs/AAX/Interfaces/ACF",
					"~/JUCE/modules",
					"~/JUCE/modules/juce_audio_plugin_client",
					"$(inherited)",
				);
				INFOPLIST_FILE = "Info-VST.plist";
				INFOPLIST_PREPROCESS = NO;
				INSTALL_PATH = "$(HOME)/Library/Audio/Plug-Ins/VST/";
				LIBRARY_STYLE = Bundle;
				LLVM_LTO = YES;
				MACOSX_DEPLOYMENT_TARGET = 10.11;
				MACOSX_DEPLOYMENT_TARGET_ppc = 10.4;
				OTHER_LDFLAGS = (
					"-bundle",
					"-lAmericanUniversityCompressor",
				);
				PRODUCT_BUNDLE_IDENTIFIER = com.yourcompany.AmericanUniversityCompressor;
				SDKROOT_ppc = macosx10.5;
				USE_HEADERMAP = NO;
				WRAPPER_EXTENSION = vst;
			};
			name = Release;
		};
		641A56D3D32C6028A5367C26 /* Debug */ = {
			isa = XCBuildConfiguration;
			buildSettings = {
				MACOSX_DEPLOYMENT_TARGET = 10.11;
			};
			name = Debug;
		};
		6B81423BA83EFD68037AC262 /* Release */ = {
			isa = XCBuildConfiguration;
			buildSettings = {
				CLANG_CXX_LANGUAGE_STANDARD = "c++11";
				CLANG_LINK_OBJC_RUNTIME = NO;
				COMBINE_HIDPI_IMAGES = YES;
				CONFIGURATION_BUILD_DIR = "$(PROJECT_DIR)/build/$(CONFIGURATION)";
				DEAD_CODE_STRIPPING = YES;
				GCC_GENERATE_DEBUGGING_SYMBOLS = NO;
				GCC_OPTIMIZATION_LEVEL = 3;
				GCC_PREPROCESSOR_DEFINITIONS = (
					"_NDEBUG=1",
					"NDEBUG=1",
					"JUCER_XCODE_MAC_F6D2F4CF=1",
					"JUCE_APP_VERSION=1.0.0",
					"JUCE_APP_VERSION_HEX=0x10000",
					"JucePlugin_Build_VST=0",
					"JucePlugin_Build_VST3=0",
					"JucePlugin_Build_AU=0",
					"JucePlugin_Build_AUv3=0",
					"JucePlugin_Build_RTAS=0",
					"JucePlugin_Build_AAX=0",
					"JucePlugin_Build_Standalone=1",
				);
				GCC_SYMBOLS_PRIVATE_EXTERN = YES;
				GCC_VERSION = com.apple.compilers.llvm.clang.1_0;
				HEADER_SEARCH_PATHS = (
					"~/SDKs/VST_SDK/VST3_SDK",
					../../JuceLibraryCode,
					"~/SDKs/AAX",
					"~/SDKs/AAX/Interfaces",
					"~/SDKs/AAX/Interfaces/ACF",
					"~/JUCE/modules",
					"~/JUCE/modules/juce_audio_plugin_client",
					"$(inherited)",
				);
				INFOPLIST_FILE = "Info-Standalone_Plugin.plist";
				INFOPLIST_PREPROCESS = NO;
				LLVM_LTO = YES;
				MACOSX_DEPLOYMENT_TARGET = 10.11;
				MACOSX_DEPLOYMENT_TARGET_ppc = 10.4;
				OTHER_LDFLAGS = "-lAmericanUniversityCompressor";
				PRODUCT_BUNDLE_IDENTIFIER = com.yourcompany.AmericanUniversityCompressor;
				SDKROOT_ppc = macosx10.5;
				USE_HEADERMAP = NO;
			};
			name = Release;
		};
		8BFC00929046981BA7AD18FA /* Debug */ = {
			isa = XCBuildConfiguration;
			buildSettings = {
				CLANG_CXX_LANGUAGE_STANDARD = "c++11";
				CLANG_LINK_OBJC_RUNTIME = NO;
				COMBINE_HIDPI_IMAGES = YES;
				CONFIGURATION_BUILD_DIR = "$(PROJECT_DIR)/build/$(CONFIGURATION)";
				COPY_PHASE_STRIP = NO;
				DEPLOYMENT_LOCATION = YES;
				DSTROOT = /;
				GCC_DYNAMIC_NO_PIC = NO;
				GCC_OPTIMIZATION_LEVEL = 0;
				GCC_PREPROCESSOR_DEFINITIONS = (
					"_DEBUG=1",
					"DEBUG=1",
					"JUCER_XCODE_MAC_F6D2F4CF=1",
					"JUCE_APP_VERSION=1.0.0",
					"JUCE_APP_VERSION_HEX=0x10000",
					"JucePlugin_Build_VST=0",
					"JucePlugin_Build_VST3=0",
					"JucePlugin_Build_AU=0",
					"JucePlugin_Build_AUv3=0",
					"JucePlugin_Build_RTAS=0",
					"JucePlugin_Build_AAX=1",
					"JucePlugin_Build_Standalone=0",
				);
				GCC_VERSION = com.apple.compilers.llvm.clang.1_0;
				GENERATE_PKGINFO_FILE = YES;
				HEADER_SEARCH_PATHS = (
					"~/SDKs/VST_SDK/VST3_SDK",
					../../JuceLibraryCode,
					"~/SDKs/AAX",
					"~/SDKs/AAX/Interfaces",
					"~/SDKs/AAX/Interfaces/ACF",
					"~/JUCE/modules",
					"~/JUCE/modules/juce_audio_plugin_client",
					"$(inherited)",
				);
				INFOPLIST_FILE = "Info-AAX.plist";
				INFOPLIST_PREPROCESS = NO;
				INSTALL_PATH = "/Library/Application Support/Avid/Audio/Plug-Ins/";
				LIBRARY_SEARCH_PATHS = (
					"$(inherited)",
					"\"$(HOME)/SDKs/AAX/Libs/Debug\"",
				);
				LIBRARY_STYLE = Bundle;
				MACOSX_DEPLOYMENT_TARGET = 10.11;
				MACOSX_DEPLOYMENT_TARGET_ppc = 10.4;
				OTHER_LDFLAGS = (
					"-bundle",
					"-lAAXLibrary_libcpp",
					"-lAmericanUniversityCompressor",
				);
				PRODUCT_BUNDLE_IDENTIFIER = com.yourcompany.AmericanUniversityCompressor;
				SDKROOT_ppc = macosx10.5;
				USE_HEADERMAP = NO;
				WRAPPER_EXTENSION = aaxplugin;
			};
			name = Debug;
		};
		91BD7497046B400809A9272C /* Release */ = {
			isa = XCBuildConfiguration;
			buildSettings = {
				ALWAYS_SEARCH_USER_PATHS = NO;
				CLANG_WARN_BLOCK_CAPTURE_AUTORELEASING = YES;
				CLANG_WARN_BOOL_CONVERSION = YES;
				CLANG_WARN_COMMA = YES;
				CLANG_WARN_CONSTANT_CONVERSION = YES;
				CLANG_WARN_EMPTY_BODY = YES;
				CLANG_WARN_ENUM_CONVERSION = YES;
				CLANG_WARN_INFINITE_RECURSION = YES;
				CLANG_WARN_INT_CONVERSION = YES;
				CLANG_WARN_NON_LITERAL_NULL_CONVERSION = YES;
				CLANG_WARN_OBJC_LITERAL_CONVERSION = YES;
				CLANG_WARN_RANGE_LOOP_ANALYSIS = YES;
				CLANG_WARN_STRICT_PROTOTYPES = YES;
				CLANG_WARN_SUSPICIOUS_MOVE = YES;
				CLANG_WARN_UNREACHABLE_CODE = YES;
				CLANG_WARN__DUPLICATE_METHOD_MATCH = YES;
				DEBUG_INFORMATION_FORMAT = dwarf;
				ENABLE_STRICT_OBJC_MSGSEND = YES;
				GCC_C_LANGUAGE_STANDARD = c11;
				GCC_INLINES_ARE_PRIVATE_EXTERN = YES;
				GCC_MODEL_TUNING = G5;
				GCC_NO_COMMON_BLOCKS = YES;
				GCC_WARN_64_TO_32_BIT_CONVERSION = YES;
				GCC_WARN_ABOUT_RETURN_TYPE = YES;
				GCC_WARN_CHECK_SWITCH_STATEMENTS = YES;
				GCC_WARN_MISSING_PARENTHESES = YES;
				GCC_WARN_NON_VIRTUAL_DESTRUCTOR = YES;
				GCC_WARN_TYPECHECK_CALLS_TO_PRINTF = YES;
				GCC_WARN_UNDECLARED_SELECTOR = YES;
				GCC_WARN_UNINITIALIZED_AUTOS = YES;
				GCC_WARN_UNUSED_FUNCTION = YES;
				GCC_WARN_UNUSED_VARIABLE = YES;
				PRODUCT_NAME = AmericanUniversityCompressor;
				WARNING_CFLAGS = "-Wreorder";
				ZERO_LINK = NO;
			};
			name = Release;
		};
		A63550551D6F1F54FEB386E0 /* Debug */ = {
			isa = XCBuildConfiguration;
			buildSettings = {
				CLANG_CXX_LANGUAGE_STANDARD = "c++11";
				CLANG_LINK_OBJC_RUNTIME = NO;
				COMBINE_HIDPI_IMAGES = YES;
				CONFIGURATION_BUILD_DIR = "$(PROJECT_DIR)/build/$(CONFIGURATION)";
				COPY_PHASE_STRIP = NO;
				DEPLOYMENT_LOCATION = YES;
				DSTROOT = /;
				GCC_DYNAMIC_NO_PIC = NO;
				GCC_OPTIMIZATION_LEVEL = 0;
				GCC_PREPROCESSOR_DEFINITIONS = (
					"_DEBUG=1",
					"DEBUG=1",
					"JUCER_XCODE_MAC_F6D2F4CF=1",
					"JUCE_APP_VERSION=1.0.0",
					"JUCE_APP_VERSION_HEX=0x10000",
					"JucePlugin_Build_VST=0",
					"JucePlugin_Build_VST3=0",
					"JucePlugin_Build_AU=1",
					"JucePlugin_Build_AUv3=0",
					"JucePlugin_Build_RTAS=0",
					"JucePlugin_Build_AAX=0",
					"JucePlugin_Build_Standalone=0",
				);
				GCC_VERSION = com.apple.compilers.llvm.clang.1_0;
				GENERATE_PKGINFO_FILE = YES;
				HEADER_SEARCH_PATHS = (
					"~/SDKs/VST_SDK/VST3_SDK",
					../../JuceLibraryCode,
					"~/SDKs/AAX",
					"~/SDKs/AAX/Interfaces",
					"~/SDKs/AAX/Interfaces/ACF",
					"~/JUCE/modules",
					"~/JUCE/modules/juce_audio_plugin_client",
					"$(inherited)",
				);
				INFOPLIST_FILE = "Info-AU.plist";
				INFOPLIST_PREPROCESS = NO;
				INSTALL_PATH = "$(HOME)/Library/Audio/Plug-Ins/Components/";
				LIBRARY_STYLE = Bundle;
				MACOSX_DEPLOYMENT_TARGET = 10.11;
				MACOSX_DEPLOYMENT_TARGET_ppc = 10.4;
				OTHER_LDFLAGS = (
					"-bundle",
					"-lAmericanUniversityCompressor",
				);
				OTHER_REZFLAGS = "-d ppc_$ppc -d i386_$i386 -d ppc64_$ppc64 -d x86_64_$x86_64 -I /System/Library/Frameworks/CoreServices.framework/Frameworks/CarbonCore.framework/Versions/A/Headers -I \"$(DEVELOPER_DIR)/Extras/CoreAudio/AudioUnits/AUPublic/AUBase\"";
				PRODUCT_BUNDLE_IDENTIFIER = com.yourcompany.AmericanUniversityCompressor;
				SDKROOT_ppc = macosx10.5;
				USE_HEADERMAP = NO;
				WRAPPER_EXTENSION = component;
			};
			name = Debug;
		};
		BAD2F11097BDC033C0744690 /* Debug */ = {
			isa = XCBuildConfiguration;
			buildSettings = {
				ALWAYS_SEARCH_USER_PATHS = NO;
				CLANG_WARN_BLOCK_CAPTURE_AUTORELEASING = YES;
				CLANG_WARN_BOOL_CONVERSION = YES;
				CLANG_WARN_COMMA = YES;
				CLANG_WARN_CONSTANT_CONVERSION = YES;
				CLANG_WARN_EMPTY_BODY = YES;
				CLANG_WARN_ENUM_CONVERSION = YES;
				CLANG_WARN_INFINITE_RECURSION = YES;
				CLANG_WARN_INT_CONVERSION = YES;
				CLANG_WARN_NON_LITERAL_NULL_CONVERSION = YES;
				CLANG_WARN_OBJC_LITERAL_CONVERSION = YES;
				CLANG_WARN_RANGE_LOOP_ANALYSIS = YES;
				CLANG_WARN_STRICT_PROTOTYPES = YES;
				CLANG_WARN_SUSPICIOUS_MOVE = YES;
				CLANG_WARN_UNREACHABLE_CODE = YES;
				CLANG_WARN__DUPLICATE_METHOD_MATCH = YES;
				DEBUG_INFORMATION_FORMAT = dwarf;
				ENABLE_STRICT_OBJC_MSGSEND = YES;
				ENABLE_TESTABILITY = YES;
				GCC_C_LANGUAGE_STANDARD = c11;
				GCC_INLINES_ARE_PRIVATE_EXTERN = YES;
				GCC_MODEL_TUNING = G5;
				GCC_NO_COMMON_BLOCKS = YES;
				GCC_WARN_64_TO_32_BIT_CONVERSION = YES;
				GCC_WARN_ABOUT_RETURN_TYPE = YES;
				GCC_WARN_CHECK_SWITCH_STATEMENTS = YES;
				GCC_WARN_MISSING_PARENTHESES = YES;
				GCC_WARN_NON_VIRTUAL_DESTRUCTOR = YES;
				GCC_WARN_TYPECHECK_CALLS_TO_PRINTF = YES;
				GCC_WARN_UNDECLARED_SELECTOR = YES;
				GCC_WARN_UNINITIALIZED_AUTOS = YES;
				GCC_WARN_UNUSED_FUNCTION = YES;
				GCC_WARN_UNUSED_VARIABLE = YES;
				ONLY_ACTIVE_ARCH = YES;
				PRODUCT_NAME = AmericanUniversityCompressor;
				WARNING_CFLAGS = "-Wreorder";
				ZERO_LINK = NO;
			};
			name = Debug;
		};
		C22E7BC97B4C4D42D89244D5 /* Release */ = {
			isa = XCBuildConfiguration;
			buildSettings = {
				CLANG_CXX_LANGUAGE_STANDARD = "c++11";
				CLANG_LINK_OBJC_RUNTIME = NO;
				COMBINE_HIDPI_IMAGES = YES;
				CONFIGURATION_BUILD_DIR = "$(PROJECT_DIR)/build/$(CONFIGURATION)";
				DEAD_CODE_STRIPPING = YES;
				DEPLOYMENT_LOCATION = YES;
				DSTROOT = /;
				GCC_GENERATE_DEBUGGING_SYMBOLS = NO;
				GCC_OPTIMIZATION_LEVEL = 3;
				GCC_PREPROCESSOR_DEFINITIONS = (
					"_NDEBUG=1",
					"NDEBUG=1",
					"JUCER_XCODE_MAC_F6D2F4CF=1",
					"JUCE_APP_VERSION=1.0.0",
					"JUCE_APP_VERSION_HEX=0x10000",
					"JucePlugin_Build_VST=0",
					"JucePlugin_Build_VST3=0",
					"JucePlugin_Build_AU=1",
					"JucePlugin_Build_AUv3=0",
					"JucePlugin_Build_RTAS=0",
					"JucePlugin_Build_AAX=0",
					"JucePlugin_Build_Standalone=0",
				);
				GCC_SYMBOLS_PRIVATE_EXTERN = YES;
				GCC_VERSION = com.apple.compilers.llvm.clang.1_0;
				GENERATE_PKGINFO_FILE = YES;
				HEADER_SEARCH_PATHS = (
					"~/SDKs/VST_SDK/VST3_SDK",
					../../JuceLibraryCode,
					"~/SDKs/AAX",
					"~/SDKs/AAX/Interfaces",
					"~/SDKs/AAX/Interfaces/ACF",
					"~/JUCE/modules",
					"~/JUCE/modules/juce_audio_plugin_client",
					"$(inherited)",
				);
				INFOPLIST_FILE = "Info-AU.plist";
				INFOPLIST_PREPROCESS = NO;
				INSTALL_PATH = "$(HOME)/Library/Audio/Plug-Ins/Components/";
				LIBRARY_STYLE = Bundle;
				LLVM_LTO = YES;
				MACOSX_DEPLOYMENT_TARGET = 10.11;
				MACOSX_DEPLOYMENT_TARGET_ppc = 10.4;
				OTHER_LDFLAGS = (
					"-bundle",
					"-lAmericanUniversityCompressor",
				);
				OTHER_REZFLAGS = "-d ppc_$ppc -d i386_$i386 -d ppc64_$ppc64 -d x86_64_$x86_64 -I /System/Library/Frameworks/CoreServices.framework/Frameworks/CarbonCore.framework/Versions/A/Headers -I \"$(DEVELOPER_DIR)/Extras/CoreAudio/AudioUnits/AUPublic/AUBase\"";
				PRODUCT_BUNDLE_IDENTIFIER = com.yourcompany.AmericanUniversityCompressor;
				SDKROOT_ppc = macosx10.5;
				USE_HEADERMAP = NO;
				WRAPPER_EXTENSION = component;
			};
			name = Release;
		};
		D68FB66357A45E059686F0DD /* Release */ = {
			isa = XCBuildConfiguration;
			buildSettings = {
				MACOSX_DEPLOYMENT_TARGET = 10.11;
			};
			name = Release;
		};
		D9D66B7CA9E44BA2FD270D11 /* Release */ = {
			isa = XCBuildConfiguration;
			buildSettings = {
				CLANG_CXX_LANGUAGE_STANDARD = "c++11";
				CLANG_LINK_OBJC_RUNTIME = NO;
				COMBINE_HIDPI_IMAGES = YES;
				CONFIGURATION_BUILD_DIR = "$(PROJECT_DIR)/build/$(CONFIGURATION)";
				DEAD_CODE_STRIPPING = YES;
				GCC_GENERATE_DEBUGGING_SYMBOLS = NO;
				GCC_OPTIMIZATION_LEVEL = 3;
				GCC_PREPROCESSOR_DEFINITIONS = (
					"_NDEBUG=1",
					"NDEBUG=1",
					"JUCER_XCODE_MAC_F6D2F4CF=1",
					"JUCE_APP_VERSION=1.0.0",
					"JUCE_APP_VERSION_HEX=0x10000",
					"JucePlugin_Build_VST=1",
					"JucePlugin_Build_VST3=1",
					"JucePlugin_Build_AU=1",
					"JucePlugin_Build_AUv3=0",
					"JucePlugin_Build_RTAS=0",
					"JucePlugin_Build_AAX=1",
					"JucePlugin_Build_Standalone=1",
					"JUCE_SHARED_CODE=1",
				);
				GCC_SYMBOLS_PRIVATE_EXTERN = YES;
				GCC_VERSION = com.apple.compilers.llvm.clang.1_0;
				HEADER_SEARCH_PATHS = (
					"~/SDKs/VST_SDK/VST3_SDK",
					../../JuceLibraryCode,
					"~/SDKs/AAX",
					"~/SDKs/AAX/Interfaces",
					"~/SDKs/AAX/Interfaces/ACF",
					"~/JUCE/modules",
					"~/JUCE/modules/juce_audio_plugin_client",
					"$(inherited)",
				);
				INSTALL_PATH = "@executable_path/../Frameworks";
				LLVM_LTO = YES;
				MACOSX_DEPLOYMENT_TARGET = 10.11;
				MACOSX_DEPLOYMENT_TARGET_ppc = 10.4;
				PRODUCT_BUNDLE_IDENTIFIER = com.yourcompany.AmericanUniversityCompressor;
				SDKROOT_ppc = macosx10.5;
				USE_HEADERMAP = NO;
			};
			name = Release;
		};
		DFFB76D43134AA882B7A2220 /* Debug */ = {
			isa = XCBuildConfiguration;
			buildSettings = {
				CLANG_CXX_LANGUAGE_STANDARD = "c++11";
				CLANG_LINK_OBJC_RUNTIME = NO;
				COMBINE_HIDPI_IMAGES = YES;
				CONFIGURATION_BUILD_DIR = "$(PROJECT_DIR)/build/$(CONFIGURATION)";
				COPY_PHASE_STRIP = NO;
				GCC_DYNAMIC_NO_PIC = NO;
				GCC_OPTIMIZATION_LEVEL = 0;
				GCC_PREPROCESSOR_DEFINITIONS = (
					"_DEBUG=1",
					"DEBUG=1",
					"JUCER_XCODE_MAC_F6D2F4CF=1",
					"JUCE_APP_VERSION=1.0.0",
					"JUCE_APP_VERSION_HEX=0x10000",
					"JucePlugin_Build_VST=1",
					"JucePlugin_Build_VST3=1",
					"JucePlugin_Build_AU=1",
					"JucePlugin_Build_AUv3=0",
					"JucePlugin_Build_RTAS=0",
					"JucePlugin_Build_AAX=1",
					"JucePlugin_Build_Standalone=1",
					"JUCE_SHARED_CODE=1",
				);
				GCC_VERSION = com.apple.compilers.llvm.clang.1_0;
				HEADER_SEARCH_PATHS = (
					"~/SDKs/VST_SDK/VST3_SDK",
					../../JuceLibraryCode,
					"~/SDKs/AAX",
					"~/SDKs/AAX/Interfaces",
					"~/SDKs/AAX/Interfaces/ACF",
					"~/JUCE/modules",
					"~/JUCE/modules/juce_audio_plugin_client",
					"$(inherited)",
				);
				INSTALL_PATH = "@executable_path/../Frameworks";
				MACOSX_DEPLOYMENT_TARGET = 10.11;
				MACOSX_DEPLOYMENT_TARGET_ppc = 10.4;
				PRODUCT_BUNDLE_IDENTIFIER = com.yourcompany.AmericanUniversityCompressor;
				SDKROOT_ppc = macosx10.5;
				USE_HEADERMAP = NO;
			};
			name = Debug;
		};
		E3E6F9A422018FFE17793989 /* Debug */ = {
			isa = XCBuildConfiguration;
			buildSettings = {
				CLANG_CXX_LANGUAGE_STANDARD = "c++11";
				CLANG_LINK_OBJC_RUNTIME = NO;
				COMBINE_HIDPI_IMAGES = YES;
				CONFIGURATION_BUILD_DIR = "$(PROJECT_DIR)/build/$(CONFIGURATION)";
				COPY_PHASE_STRIP = NO;
				DEPLOYMENT_LOCATION = YES;
				DSTROOT = /;
				GCC_DYNAMIC_NO_PIC = NO;
				GCC_OPTIMIZATION_LEVEL = 0;
				GCC_PREPROCESSOR_DEFINITIONS = (
					"_DEBUG=1",
					"DEBUG=1",
					"JUCER_XCODE_MAC_F6D2F4CF=1",
					"JUCE_APP_VERSION=1.0.0",
					"JUCE_APP_VERSION_HEX=0x10000",
					"JucePlugin_Build_VST=1",
					"JucePlugin_Build_VST3=0",
					"JucePlugin_Build_AU=0",
					"JucePlugin_Build_AUv3=0",
					"JucePlugin_Build_RTAS=0",
					"JucePlugin_Build_AAX=0",
					"JucePlugin_Build_Standalone=0",
				);
				GCC_VERSION = com.apple.compilers.llvm.clang.1_0;
				GENERATE_PKGINFO_FILE = YES;
				HEADER_SEARCH_PATHS = (
					"~/SDKs/VST_SDK/VST3_SDK",
					../../JuceLibraryCode,
					"~/SDKs/AAX",
					"~/SDKs/AAX/Interfaces",
					"~/SDKs/AAX/Interfaces/ACF",
					"~/JUCE/modules",
					"~/JUCE/modules/juce_audio_plugin_client",
					"$(inherited)",
				);
				INFOPLIST_FILE = "Info-VST.plist";
				INFOPLIST_PREPROCESS = NO;
				INSTALL_PATH = "$(HOME)/Library/Audio/Plug-Ins/VST/";
				LIBRARY_STYLE = Bundle;
				MACOSX_DEPLOYMENT_TARGET = 10.11;
				MACOSX_DEPLOYMENT_TARGET_ppc = 10.4;
				OTHER_LDFLAGS = (
					"-bundle",
					"-lAmericanUniversityCompressor",
				);
				PRODUCT_BUNDLE_IDENTIFIER = com.yourcompany.AmericanUniversityCompressor;
				SDKROOT_ppc = macosx10.5;
				USE_HEADERMAP = NO;
				WRAPPER_EXTENSION = vst;
			};
			name = Debug;
		};
/* End XCBuildConfiguration section */

/* Begin XCConfigurationList section */
		19118BC5276CD1022741A739 /* Build configuration list for PBXNativeTarget "AmericanUniversityCompressor - VST3" */ = {
			isa = XCConfigurationList;
			buildConfigurations = (
				08E40F6E3C2A7D5473C3AEEA /* Debug */,
				09D88B1DBF100F7374154A65 /* Release */,
			);
			defaultConfigurationIsVisible = 0;
			defaultConfigurationName = Debug;
		};
		40E623A75B89EBCBAAFE1C60 /* Build configuration list for PBXAggregateTarget "AmericanUniversityCompressor - All" */ = {
			isa = XCConfigurationList;
			buildConfigurations = (
				641A56D3D32C6028A5367C26 /* Debug */,
				D68FB66357A45E059686F0DD /* Release */,
			);
			defaultConfigurationIsVisible = 0;
			defaultConfigurationName = Debug;
		};
		57C5DE4F2AC3F8F1E5D7C298 /* Build configuration list for PBXNativeTarget "AmericanUniversityCompressor - AU" */ = {
			isa = XCConfigurationList;
			buildConfigurations = (
				A63550551D6F1F54FEB386E0 /* Debug */,
				C22E7BC97B4C4D42D89244D5 /* Release */,
			);
			defaultConfigurationIsVisible = 0;
			defaultConfigurationName = Debug;
		};
		66D73A1827546AC20580E7E3 /* Build configuration list for PBXNativeTarget "AmericanUniversityCompressor - VST" */ = {
			isa = XCConfigurationList;
			buildConfigurations = (
				E3E6F9A422018FFE17793989 /* Debug */,
				61CE2A1DFBAC394BFE7ABCE4 /* Release */,
			);
			defaultConfigurationIsVisible = 0;
			defaultConfigurationName = Debug;
		};
		7770C88825771886617FBA87 /* Build configuration list for PBXNativeTarget "AmericanUniversityCompressor - Shared Code" */ = {
			isa = XCConfigurationList;
			buildConfigurations = (
				DFFB76D43134AA882B7A2220 /* Debug */,
				D9D66B7CA9E44BA2FD270D11 /* Release */,
			);
			defaultConfigurationIsVisible = 0;
			defaultConfigurationName = Debug;
		};
		805584C18F9C2D8BD3E99636 /* Build configuration list for PBXNativeTarget "AmericanUniversityCompressor - Standalone Plugin" */ = {
			isa = XCConfigurationList;
			buildConfigurations = (
				4843D10D308D025CDDFAFE6E /* Debug */,
				6B81423BA83EFD68037AC262 /* Release */,
			);
			defaultConfigurationIsVisible = 0;
			defaultConfigurationName = Debug;
		};
		874CD1872C50367E5BB9DA82 /* Build configuration list for PBXProject "AmericanUniversityCompressor" */ = {
			isa = XCConfigurationList;
			buildConfigurations = (
				BAD2F11097BDC033C0744690 /* Debug */,
				91BD7497046B400809A9272C /* Release */,
			);
			defaultConfigurationIsVisible = 0;
			defaultConfigurationName = Debug;
		};
		9034A4ACE5A376E5620474BB /* Build configuration list for PBXNativeTarget "AmericanUniversityCompressor - AAX" */ = {
			isa = XCConfigurationList;
			buildConfigurations = (
				8BFC00929046981BA7AD18FA /* Debug */,
				4ED06D098FD5C906C60E68C0 /* Release */,
			);
			defaultConfigurationIsVisible = 0;
			defaultConfigurationName = Debug;
		};
/* End XCConfigurationList section */
	};
	rootObject = CD20BA2BE34D9B5FF4E73E14 /* Project object */;
}
